// !$*UTF8*$!
{
	archiveVersion = 1;
	classes = {
	};
	objectVersion = 56;
	objects = {

/* Begin PBXBuildFile section */
		3828C928FF2B9619652D481F /* Pods_Plome.framework in Frameworks */ = {isa = PBXBuildFile; fileRef = 448906EE445F0E0C85196E7E /* Pods_Plome.framework */; };
		CF02ABCD295D141900B5FCC9 /* ShareSimulationModelService.swift in Sources */ = {isa = PBXBuildFile; fileRef = CF02ABCC295D141900B5FCC9 /* ShareSimulationModelService.swift */; };
		CF02ABCF295D154C00B5FCC9 /* Gateway.framework in Frameworks */ = {isa = PBXBuildFile; fileRef = CF02ABCE295D154C00B5FCC9 /* Gateway.framework */; };
		CF02ABD0295D190800B5FCC9 /* Gateway.framework in Embed Frameworks */ = {isa = PBXBuildFile; fileRef = CF02ABCE295D154C00B5FCC9 /* Gateway.framework */; settings = {ATTRIBUTES = (CodeSignOnCopy, RemoveHeadersOnCopy, ); }; };
		CF035FFA29F12DFA005196D6 /* ExamTypePageViewController.swift in Sources */ = {isa = PBXBuildFile; fileRef = CF035FF929F12DFA005196D6 /* ExamTypePageViewController.swift */; };
		CF0C7A6D292FDDBC00E49803 /* SimulationDetailsViewModel.swift in Sources */ = {isa = PBXBuildFile; fileRef = CF0C7A6C292FDDBC00E49803 /* SimulationDetailsViewModel.swift */; };
		CF0C7A6F292FDE0800E49803 /* SimulationDetailsViewController.swift in Sources */ = {isa = PBXBuildFile; fileRef = CF0C7A6E292FDE0800E49803 /* SimulationDetailsViewController.swift */; };
		CF0C7A71292FE4C300E49803 /* DetailsHeaderView.swift in Sources */ = {isa = PBXBuildFile; fileRef = CF0C7A70292FE4C300E49803 /* DetailsHeaderView.swift */; };
		CF18517729342E93003CB46F /* SimulationDetailsViewModelTests.swift in Sources */ = {isa = PBXBuildFile; fileRef = CF18517629342E93003CB46F /* SimulationDetailsViewModelTests.swift */; };
		CF1BDAA3293A246100E459FD /* GoogleService-Info.plist in Resources */ = {isa = PBXBuildFile; fileRef = CF1BDAA2293A246100E459FD /* GoogleService-Info.plist */; };
		CF1C16FE2954852300E9EF03 /* OnboardingPageViewController.swift in Sources */ = {isa = PBXBuildFile; fileRef = CF1C16FD2954852300E9EF03 /* OnboardingPageViewController.swift */; };
		CF1C170029548A1300E9EF03 /* OnboardingPage.swift in Sources */ = {isa = PBXBuildFile; fileRef = CF1C16FF29548A1300E9EF03 /* OnboardingPage.swift */; };
		CF1C170329548E2000E9EF03 /* OnboardingFlowControllerTests.swift in Sources */ = {isa = PBXBuildFile; fileRef = CF1C170229548E2000E9EF03 /* OnboardingFlowControllerTests.swift */; };
		CF208F5228F960E0001F83B1 /* UrbaneRounded-Bold.ttf in Resources */ = {isa = PBXBuildFile; fileRef = CF208F4D28F960D5001F83B1 /* UrbaneRounded-Bold.ttf */; };
		CF208F5328F960E0001F83B1 /* UrbaneRounded-Light.ttf in Resources */ = {isa = PBXBuildFile; fileRef = CF208F4E28F960D5001F83B1 /* UrbaneRounded-Light.ttf */; };
		CF208F5428F960E0001F83B1 /* UrbaneRounded-Medium.ttf in Resources */ = {isa = PBXBuildFile; fileRef = CF208F4F28F960D5001F83B1 /* UrbaneRounded-Medium.ttf */; };
		CF208F5528F960E0001F83B1 /* UrbaneRounded-DemiBold.ttf in Resources */ = {isa = PBXBuildFile; fileRef = CF208F5028F960D5001F83B1 /* UrbaneRounded-DemiBold.ttf */; };
		CF2CCBCC2902838300FA14C4 /* SimulationModelsRouter.swift in Sources */ = {isa = PBXBuildFile; fileRef = CF2CCBCB2902838300FA14C4 /* SimulationModelsRouter.swift */; };
		CF2CCBCE290286CB00FA14C4 /* SimulationModelsViewModel.swift in Sources */ = {isa = PBXBuildFile; fileRef = CF2CCBCD290286CB00FA14C4 /* SimulationModelsViewModel.swift */; };
		CF2CCBD029028F2C00FA14C4 /* SimulationModelCell.swift in Sources */ = {isa = PBXBuildFile; fileRef = CF2CCBCF29028F2C00FA14C4 /* SimulationModelCell.swift */; };
		CF32407A290BF8EB00FC6666 /* SimulationModelsViewModelTests.swift in Sources */ = {isa = PBXBuildFile; fileRef = CF324079290BF8EB00FC6666 /* SimulationModelsViewModelTests.swift */; };
		CF3B9A8C28F1DD1400457A44 /* Screens.swift in Sources */ = {isa = PBXBuildFile; fileRef = CF3B9A8A28F1DD1400457A44 /* Screens.swift */; };
		CF3B9A9E28F3287B00457A44 /* MainTabBarController.swift in Sources */ = {isa = PBXBuildFile; fileRef = CF3B9A9C28F3287B00457A44 /* MainTabBarController.swift */; };
		CF3B9A9F28F3287B00457A44 /* AppRouter.swift in Sources */ = {isa = PBXBuildFile; fileRef = CF3B9A9D28F3287B00457A44 /* AppRouter.swift */; };
		CF3B9AA428F32AE900457A44 /* SimulationListViewController.swift in Sources */ = {isa = PBXBuildFile; fileRef = CF3B9AA328F32AE900457A44 /* SimulationListViewController.swift */; };
		CF3B9AA628F32B8C00457A44 /* SimulationModelsViewController.swift in Sources */ = {isa = PBXBuildFile; fileRef = CF3B9AA528F32B8C00457A44 /* SimulationModelsViewController.swift */; };
		CF3B9AA828F32BA600457A44 /* SettingsViewController.swift in Sources */ = {isa = PBXBuildFile; fileRef = CF3B9AA728F32BA600457A44 /* SettingsViewController.swift */; };
		CF3B9AA928F32C3300457A44 /* PlomeCoreKit.framework in Frameworks */ = {isa = PBXBuildFile; fileRef = CF59EAF428ECD75E0041B33B /* PlomeCoreKit.framework */; };
		CF3B9AAA28F32C3300457A44 /* PlomeCoreKit.framework in Embed Frameworks */ = {isa = PBXBuildFile; fileRef = CF59EAF428ECD75E0041B33B /* PlomeCoreKit.framework */; settings = {ATTRIBUTES = (CodeSignOnCopy, RemoveHeadersOnCopy, ); }; };
		CF41B57B294CAE7F00491486 /* Assets+Generated.swift in Sources */ = {isa = PBXBuildFile; fileRef = CF41B57A294CAE7F00491486 /* Assets+Generated.swift */; };
		CF4893902915439100B97147 /* ExamCell.swift in Sources */ = {isa = PBXBuildFile; fileRef = CF48938F2915439100B97147 /* ExamCell.swift */; };
		CF49EBD22902A2E700693A85 /* AddSimulationModelViewController.swift in Sources */ = {isa = PBXBuildFile; fileRef = CF49EBD12902A2E700693A85 /* AddSimulationModelViewController.swift */; };
		CF49EBD42902A33500693A85 /* AddSimulationModelViewModel.swift in Sources */ = {isa = PBXBuildFile; fileRef = CF49EBD32902A33500693A85 /* AddSimulationModelViewModel.swift */; };
		CF4B5AE729279FAB005F8D18 /* CatchUpView.swift in Sources */ = {isa = PBXBuildFile; fileRef = CF4B5AE629279FAB005F8D18 /* CatchUpView.swift */; };
		CF4B5AE929293A80005F8D18 /* SimulationCell.swift in Sources */ = {isa = PBXBuildFile; fileRef = CF4B5AE829293A80005F8D18 /* SimulationCell.swift */; };
		CF5B5F2C2921B848002EF9BD /* GradeInformationCell.swift in Sources */ = {isa = PBXBuildFile; fileRef = CF5B5F2B2921B848002EF9BD /* GradeInformationCell.swift */; };
		CF7ED9572A118ADE006E94EA /* SimulationLiveInfos.swift in Sources */ = {isa = PBXBuildFile; fileRef = CF7ED9562A118ADE006E94EA /* SimulationLiveInfos.swift */; };
		CF80CC0F2905DBD000B94AD8 /* ModelExamCell.swift in Sources */ = {isa = PBXBuildFile; fileRef = CF80CC0E2905DBD000B94AD8 /* ModelExamCell.swift */; };
		CF832ECD2A238005006F7804 /* MultipartFormDataRequest.swift in Sources */ = {isa = PBXBuildFile; fileRef = CF832ECB2A238005006F7804 /* MultipartFormDataRequest.swift */; };
		CF832ECE2A238005006F7804 /* TaskLoaderManager.swift in Sources */ = {isa = PBXBuildFile; fileRef = CF832ECC2A238005006F7804 /* TaskLoaderManager.swift */; };
		CF832ED22A238027006F7804 /* EndPoint.swift in Sources */ = {isa = PBXBuildFile; fileRef = CF832ED02A238027006F7804 /* EndPoint.swift */; };
		CF832ED32A238027006F7804 /* FileIOEndPoint.swift in Sources */ = {isa = PBXBuildFile; fileRef = CF832ED12A238027006F7804 /* FileIOEndPoint.swift */; };
		CF832ED62A2380D7006F7804 /* TestEndPoint.swift in Sources */ = {isa = PBXBuildFile; fileRef = CF832ED52A2380D7006F7804 /* TestEndPoint.swift */; };
		CF832EDA2A2380FA006F7804 /* MultipartFormDataRequestTests.swift in Sources */ = {isa = PBXBuildFile; fileRef = CF832ED72A2380FA006F7804 /* MultipartFormDataRequestTests.swift */; };
		CF832EDB2A2380FA006F7804 /* EndPointTests.swift in Sources */ = {isa = PBXBuildFile; fileRef = CF832ED82A2380FA006F7804 /* EndPointTests.swift */; };
		CF832EDC2A2380FA006F7804 /* TaskLoaderManagerTests.swift in Sources */ = {isa = PBXBuildFile; fileRef = CF832ED92A2380FA006F7804 /* TaskLoaderManagerTests.swift */; };
		CF852674290FF4FD00D58B2A /* SimulationViewController.swift in Sources */ = {isa = PBXBuildFile; fileRef = CF852673290FF4FD00D58B2A /* SimulationViewController.swift */; };
		CF852676290FF51800D58B2A /* SimulationViewModel.swift in Sources */ = {isa = PBXBuildFile; fileRef = CF852675290FF51800D58B2A /* SimulationViewModel.swift */; };
		CF888F73290F234C00D2D3E5 /* SimulationsRouter.swift in Sources */ = {isa = PBXBuildFile; fileRef = CF888F72290F234C00D2D3E5 /* SimulationsRouter.swift */; };
		CF888F75290F249E00D2D3E5 /* SimulationListViewModel.swift in Sources */ = {isa = PBXBuildFile; fileRef = CF888F74290F249E00D2D3E5 /* SimulationListViewModel.swift */; };
		CF888F7B290F2F9600D2D3E5 /* SelectSimulationModelViewController.swift in Sources */ = {isa = PBXBuildFile; fileRef = CF888F7A290F2F9600D2D3E5 /* SelectSimulationModelViewController.swift */; };
		CF888F7D290F300300D2D3E5 /* SelectSimulationModelViewModel.swift in Sources */ = {isa = PBXBuildFile; fileRef = CF888F7C290F300300D2D3E5 /* SelectSimulationModelViewModel.swift */; };
		CF907B2B292F7B2100DEA169 /* SimulationListViewModelTests.swift in Sources */ = {isa = PBXBuildFile; fileRef = CF907B2A292F7B2100DEA169 /* SimulationListViewModelTests.swift */; };
		CF9D0C4D290FC5AF00DA9BC9 /* SmallSimulationModelCell.swift in Sources */ = {isa = PBXBuildFile; fileRef = CF9D0C4C290FC5AF00DA9BC9 /* SmallSimulationModelCell.swift */; };
		CFA04DAC2934DE9C00DFF2F5 /* SettingsRouter.swift in Sources */ = {isa = PBXBuildFile; fileRef = CFA04DAB2934DE9C00DFF2F5 /* SettingsRouter.swift */; };
		CFA04DAE2934DF7400DFF2F5 /* SettingsViewModel.swift in Sources */ = {isa = PBXBuildFile; fileRef = CFA04DAD2934DF7400DFF2F5 /* SettingsViewModel.swift */; };
		CFB001CC290C184C00EF5A4E /* AddSimulationModelViewModelTests.swift in Sources */ = {isa = PBXBuildFile; fileRef = CFB001CB290C184C00EF5A4E /* AddSimulationModelViewModelTests.swift */; };
		CFB51234294C7AB700979309 /* OnboardingFlowController.swift in Sources */ = {isa = PBXBuildFile; fileRef = CFB51233294C7AB700979309 /* OnboardingFlowController.swift */; };
		CFB51236294C7AD800979309 /* OnboardingRouter.swift in Sources */ = {isa = PBXBuildFile; fileRef = CFB51235294C7AD800979309 /* OnboardingRouter.swift */; };
		CFB51238294C7B2C00979309 /* OnboardingViewModel.swift in Sources */ = {isa = PBXBuildFile; fileRef = CFB51237294C7B2C00979309 /* OnboardingViewModel.swift */; };
		CFB5123A294C7B6900979309 /* OnboardingViewController.swift in Sources */ = {isa = PBXBuildFile; fileRef = CFB51239294C7B6900979309 /* OnboardingViewController.swift */; };
		CFBF56AE28ECC5F000E4EC7D /* AppDelegate.swift in Sources */ = {isa = PBXBuildFile; fileRef = CFBF56AD28ECC5F000E4EC7D /* AppDelegate.swift */; };
		CFBF56B028ECC5F000E4EC7D /* SceneDelegate.swift in Sources */ = {isa = PBXBuildFile; fileRef = CFBF56AF28ECC5F000E4EC7D /* SceneDelegate.swift */; };
		CFBF56B728ECC5F000E4EC7D /* Assets.xcassets in Resources */ = {isa = PBXBuildFile; fileRef = CFBF56B628ECC5F000E4EC7D /* Assets.xcassets */; };
		CFBF56BA28ECC5F000E4EC7D /* LaunchScreen.storyboard in Resources */ = {isa = PBXBuildFile; fileRef = CFBF56B828ECC5F000E4EC7D /* LaunchScreen.storyboard */; };
		CFBFA09F292E6B3000F36790 /* PlomeCoreKitTestsHelpers.framework in Frameworks */ = {isa = PBXBuildFile; fileRef = CFBFA09E292E6B3000F36790 /* PlomeCoreKitTestsHelpers.framework */; };
		CFBFA0A3292E959F00F36790 /* SelectSimulationModelViewModelTests.swift in Sources */ = {isa = PBXBuildFile; fileRef = CFBFA0A2292E959F00F36790 /* SelectSimulationModelViewModelTests.swift */; };
		CFC030B7296772A500C7F1B0 /* PineappleCell.swift in Sources */ = {isa = PBXBuildFile; fileRef = CFC030B6296772A500C7F1B0 /* PineappleCell.swift */; };
		CFD0BCA02943334A005C898B /* Plome.strings in Resources */ = {isa = PBXBuildFile; fileRef = CFD0BCA22943334A005C898B /* Plome.strings */; };
		CFD0BCA529433FA7005C898B /* L10n.swift in Sources */ = {isa = PBXBuildFile; fileRef = CFD0BCA429433FA7005C898B /* L10n.swift */; };
		CFD1961A2931057D00A06FE7 /* ExamInformationsView.swift in Sources */ = {isa = PBXBuildFile; fileRef = CFD196192931057D00A06FE7 /* ExamInformationsView.swift */; };
		CFD7EF6D296624FF0039E3A8 /* ShareSimulationModelServiceTests.swift in Sources */ = {isa = PBXBuildFile; fileRef = CFD7EF6C296624FF0039E3A8 /* ShareSimulationModelServiceTests.swift */; };
		CFD7EF70296625A60039E3A8 /* MockURLProtocol.swift in Sources */ = {isa = PBXBuildFile; fileRef = CFD7EF6F296625A60039E3A8 /* MockURLProtocol.swift */; };
		CFD7EF76296637310039E3A8 /* XCTest+extension.swift in Sources */ = {isa = PBXBuildFile; fileRef = CFD7EF75296637310039E3A8 /* XCTest+extension.swift */; };
		CFE4E9FF2962267E00BC6DB2 /* SimulationModelUploadResponse.swift in Sources */ = {isa = PBXBuildFile; fileRef = CFE4E9FE2962267E00BC6DB2 /* SimulationModelUploadResponse.swift */; };
		CFE77011299062EC0079ABC2 /* Dependencies.swift in Sources */ = {isa = PBXBuildFile; fileRef = CFE77010299062EC0079ABC2 /* Dependencies.swift */; };
		CFE77759293A111300D0A90D /* SettingsViewModelTests.swift in Sources */ = {isa = PBXBuildFile; fileRef = CFE77758293A111300D0A90D /* SettingsViewModelTests.swift */; };
		CFEDAD7D29300F8B00D56717 /* ExamsTypeGradeView.swift in Sources */ = {isa = PBXBuildFile; fileRef = CFEDAD7C29300F8B00D56717 /* ExamsTypeGradeView.swift */; };
		CFF4DB8029FE9BEE008D05A6 /* ExamTypePageViewModel.swift in Sources */ = {isa = PBXBuildFile; fileRef = CFF4DB7F29FE9BEE008D05A6 /* ExamTypePageViewModel.swift */; };
/* End PBXBuildFile section */

/* Begin PBXContainerItemProxy section */
		CF324073290BF82D00FC6666 /* PBXContainerItemProxy */ = {
			isa = PBXContainerItemProxy;
			containerPortal = CFBF56A228ECC5F000E4EC7D /* Project object */;
			proxyType = 1;
			remoteGlobalIDString = CFBF56A928ECC5F000E4EC7D;
			remoteInfo = Plome;
		};
/* End PBXContainerItemProxy section */

/* Begin PBXCopyFilesBuildPhase section */
		CF2747CA28ECCB8A00CCAF76 /* Embed Frameworks */ = {
			isa = PBXCopyFilesBuildPhase;
			buildActionMask = 2147483647;
			dstPath = "";
			dstSubfolderSpec = 10;
			files = (
				CF02ABD0295D190800B5FCC9 /* Gateway.framework in Embed Frameworks */,
				CF3B9AAA28F32C3300457A44 /* PlomeCoreKit.framework in Embed Frameworks */,
			);
			name = "Embed Frameworks";
			runOnlyForDeploymentPostprocessing = 0;
		};
/* End PBXCopyFilesBuildPhase section */

/* Begin PBXFileReference section */
		448906EE445F0E0C85196E7E /* Pods_Plome.framework */ = {isa = PBXFileReference; explicitFileType = wrapper.framework; includeInIndex = 0; path = Pods_Plome.framework; sourceTree = BUILT_PRODUCTS_DIR; };
		68B02028B66FFAB401AFC34E /* Pods-Plome.release.xcconfig */ = {isa = PBXFileReference; includeInIndex = 1; lastKnownFileType = text.xcconfig; name = "Pods-Plome.release.xcconfig"; path = "Target Support Files/Pods-Plome/Pods-Plome.release.xcconfig"; sourceTree = "<group>"; };
		CF02ABCC295D141900B5FCC9 /* ShareSimulationModelService.swift */ = {isa = PBXFileReference; lastKnownFileType = sourcecode.swift; path = ShareSimulationModelService.swift; sourceTree = "<group>"; };
		CF02ABCE295D154C00B5FCC9 /* Gateway.framework */ = {isa = PBXFileReference; explicitFileType = wrapper.framework; path = Gateway.framework; sourceTree = BUILT_PRODUCTS_DIR; };
		CF035FF929F12DFA005196D6 /* ExamTypePageViewController.swift */ = {isa = PBXFileReference; lastKnownFileType = sourcecode.swift; path = ExamTypePageViewController.swift; sourceTree = "<group>"; };
		CF0C7A6C292FDDBC00E49803 /* SimulationDetailsViewModel.swift */ = {isa = PBXFileReference; lastKnownFileType = sourcecode.swift; path = SimulationDetailsViewModel.swift; sourceTree = "<group>"; };
		CF0C7A6E292FDE0800E49803 /* SimulationDetailsViewController.swift */ = {isa = PBXFileReference; lastKnownFileType = sourcecode.swift; path = SimulationDetailsViewController.swift; sourceTree = "<group>"; };
		CF0C7A70292FE4C300E49803 /* DetailsHeaderView.swift */ = {isa = PBXFileReference; lastKnownFileType = sourcecode.swift; path = DetailsHeaderView.swift; sourceTree = "<group>"; };
		CF18517629342E93003CB46F /* SimulationDetailsViewModelTests.swift */ = {isa = PBXFileReference; lastKnownFileType = sourcecode.swift; path = SimulationDetailsViewModelTests.swift; sourceTree = "<group>"; };
		CF1BDAA2293A246100E459FD /* GoogleService-Info.plist */ = {isa = PBXFileReference; fileEncoding = 4; lastKnownFileType = text.plist.xml; path = "GoogleService-Info.plist"; sourceTree = "<group>"; };
		CF1C16FD2954852300E9EF03 /* OnboardingPageViewController.swift */ = {isa = PBXFileReference; lastKnownFileType = sourcecode.swift; path = OnboardingPageViewController.swift; sourceTree = "<group>"; };
		CF1C16FF29548A1300E9EF03 /* OnboardingPage.swift */ = {isa = PBXFileReference; lastKnownFileType = sourcecode.swift; path = OnboardingPage.swift; sourceTree = "<group>"; };
		CF1C170229548E2000E9EF03 /* OnboardingFlowControllerTests.swift */ = {isa = PBXFileReference; lastKnownFileType = sourcecode.swift; path = OnboardingFlowControllerTests.swift; sourceTree = "<group>"; };
		CF208F4D28F960D5001F83B1 /* UrbaneRounded-Bold.ttf */ = {isa = PBXFileReference; lastKnownFileType = file; path = "UrbaneRounded-Bold.ttf"; sourceTree = "<group>"; };
		CF208F4E28F960D5001F83B1 /* UrbaneRounded-Light.ttf */ = {isa = PBXFileReference; lastKnownFileType = file; path = "UrbaneRounded-Light.ttf"; sourceTree = "<group>"; };
		CF208F4F28F960D5001F83B1 /* UrbaneRounded-Medium.ttf */ = {isa = PBXFileReference; lastKnownFileType = file; path = "UrbaneRounded-Medium.ttf"; sourceTree = "<group>"; };
		CF208F5028F960D5001F83B1 /* UrbaneRounded-DemiBold.ttf */ = {isa = PBXFileReference; lastKnownFileType = file; path = "UrbaneRounded-DemiBold.ttf"; sourceTree = "<group>"; };
		CF2CCBCB2902838300FA14C4 /* SimulationModelsRouter.swift */ = {isa = PBXFileReference; lastKnownFileType = sourcecode.swift; path = SimulationModelsRouter.swift; sourceTree = "<group>"; };
		CF2CCBCD290286CB00FA14C4 /* SimulationModelsViewModel.swift */ = {isa = PBXFileReference; lastKnownFileType = sourcecode.swift; path = SimulationModelsViewModel.swift; sourceTree = "<group>"; };
		CF2CCBCF29028F2C00FA14C4 /* SimulationModelCell.swift */ = {isa = PBXFileReference; lastKnownFileType = sourcecode.swift; path = SimulationModelCell.swift; sourceTree = "<group>"; };
		CF32406F290BF82D00FC6666 /* PlomeTests.xctest */ = {isa = PBXFileReference; explicitFileType = wrapper.cfbundle; includeInIndex = 0; path = PlomeTests.xctest; sourceTree = BUILT_PRODUCTS_DIR; };
		CF324079290BF8EB00FC6666 /* SimulationModelsViewModelTests.swift */ = {isa = PBXFileReference; lastKnownFileType = sourcecode.swift; path = SimulationModelsViewModelTests.swift; sourceTree = "<group>"; };
		CF3B9A8A28F1DD1400457A44 /* Screens.swift */ = {isa = PBXFileReference; fileEncoding = 4; lastKnownFileType = sourcecode.swift; path = Screens.swift; sourceTree = "<group>"; };
		CF3B9A9C28F3287B00457A44 /* MainTabBarController.swift */ = {isa = PBXFileReference; fileEncoding = 4; lastKnownFileType = sourcecode.swift; path = MainTabBarController.swift; sourceTree = "<group>"; };
		CF3B9A9D28F3287B00457A44 /* AppRouter.swift */ = {isa = PBXFileReference; fileEncoding = 4; lastKnownFileType = sourcecode.swift; path = AppRouter.swift; sourceTree = "<group>"; };
		CF3B9AA328F32AE900457A44 /* SimulationListViewController.swift */ = {isa = PBXFileReference; lastKnownFileType = sourcecode.swift; path = SimulationListViewController.swift; sourceTree = "<group>"; };
		CF3B9AA528F32B8C00457A44 /* SimulationModelsViewController.swift */ = {isa = PBXFileReference; lastKnownFileType = sourcecode.swift; path = SimulationModelsViewController.swift; sourceTree = "<group>"; };
		CF3B9AA728F32BA600457A44 /* SettingsViewController.swift */ = {isa = PBXFileReference; lastKnownFileType = sourcecode.swift; path = SettingsViewController.swift; sourceTree = "<group>"; };
		CF3B9AAB28F5762000457A44 /* Plome.app */ = {isa = PBXFileReference; explicitFileType = wrapper.application; includeInIndex = 0; path = Plome.app; sourceTree = BUILT_PRODUCTS_DIR; };
		CF41B57A294CAE7F00491486 /* Assets+Generated.swift */ = {isa = PBXFileReference; fileEncoding = 4; lastKnownFileType = sourcecode.swift; path = "Assets+Generated.swift"; sourceTree = "<group>"; };
		CF48938F2915439100B97147 /* ExamCell.swift */ = {isa = PBXFileReference; lastKnownFileType = sourcecode.swift; path = ExamCell.swift; sourceTree = "<group>"; };
		CF49EBD12902A2E700693A85 /* AddSimulationModelViewController.swift */ = {isa = PBXFileReference; lastKnownFileType = sourcecode.swift; path = AddSimulationModelViewController.swift; sourceTree = "<group>"; };
		CF49EBD32902A33500693A85 /* AddSimulationModelViewModel.swift */ = {isa = PBXFileReference; lastKnownFileType = sourcecode.swift; path = AddSimulationModelViewModel.swift; sourceTree = "<group>"; };
		CF4B5AE629279FAB005F8D18 /* CatchUpView.swift */ = {isa = PBXFileReference; lastKnownFileType = sourcecode.swift; path = CatchUpView.swift; sourceTree = "<group>"; };
		CF4B5AE829293A80005F8D18 /* SimulationCell.swift */ = {isa = PBXFileReference; lastKnownFileType = sourcecode.swift; path = SimulationCell.swift; sourceTree = "<group>"; };
		CF59EA4028ECCE260041B33B /* PlomeCoreKit.framework */ = {isa = PBXFileReference; explicitFileType = wrapper.framework; path = PlomeCoreKit.framework; sourceTree = BUILT_PRODUCTS_DIR; };
		CF59EABD28ECD3580041B33B /* PlomeCoreKit.framework */ = {isa = PBXFileReference; explicitFileType = wrapper.framework; path = PlomeCoreKit.framework; sourceTree = BUILT_PRODUCTS_DIR; };
		CF59EAF428ECD75E0041B33B /* PlomeCoreKit.framework */ = {isa = PBXFileReference; explicitFileType = wrapper.framework; path = PlomeCoreKit.framework; sourceTree = BUILT_PRODUCTS_DIR; };
		CF5B5F2B2921B848002EF9BD /* GradeInformationCell.swift */ = {isa = PBXFileReference; lastKnownFileType = sourcecode.swift; path = GradeInformationCell.swift; sourceTree = "<group>"; };
		CF7ED9562A118ADE006E94EA /* SimulationLiveInfos.swift */ = {isa = PBXFileReference; lastKnownFileType = sourcecode.swift; path = SimulationLiveInfos.swift; sourceTree = "<group>"; };
		CF80CC0E2905DBD000B94AD8 /* ModelExamCell.swift */ = {isa = PBXFileReference; lastKnownFileType = sourcecode.swift; path = ModelExamCell.swift; sourceTree = "<group>"; };
		CF832ECB2A238005006F7804 /* MultipartFormDataRequest.swift */ = {isa = PBXFileReference; fileEncoding = 4; lastKnownFileType = sourcecode.swift; path = MultipartFormDataRequest.swift; sourceTree = "<group>"; };
		CF832ECC2A238005006F7804 /* TaskLoaderManager.swift */ = {isa = PBXFileReference; fileEncoding = 4; lastKnownFileType = sourcecode.swift; path = TaskLoaderManager.swift; sourceTree = "<group>"; };
		CF832ED02A238027006F7804 /* EndPoint.swift */ = {isa = PBXFileReference; fileEncoding = 4; lastKnownFileType = sourcecode.swift; path = EndPoint.swift; sourceTree = "<group>"; };
		CF832ED12A238027006F7804 /* FileIOEndPoint.swift */ = {isa = PBXFileReference; fileEncoding = 4; lastKnownFileType = sourcecode.swift; path = FileIOEndPoint.swift; sourceTree = "<group>"; };
		CF832ED52A2380D7006F7804 /* TestEndPoint.swift */ = {isa = PBXFileReference; lastKnownFileType = sourcecode.swift; path = TestEndPoint.swift; sourceTree = "<group>"; };
		CF832ED72A2380FA006F7804 /* MultipartFormDataRequestTests.swift */ = {isa = PBXFileReference; fileEncoding = 4; lastKnownFileType = sourcecode.swift; path = MultipartFormDataRequestTests.swift; sourceTree = "<group>"; };
		CF832ED82A2380FA006F7804 /* EndPointTests.swift */ = {isa = PBXFileReference; fileEncoding = 4; lastKnownFileType = sourcecode.swift; path = EndPointTests.swift; sourceTree = "<group>"; };
		CF832ED92A2380FA006F7804 /* TaskLoaderManagerTests.swift */ = {isa = PBXFileReference; fileEncoding = 4; lastKnownFileType = sourcecode.swift; path = TaskLoaderManagerTests.swift; sourceTree = "<group>"; };
		CF852673290FF4FD00D58B2A /* SimulationViewController.swift */ = {isa = PBXFileReference; lastKnownFileType = sourcecode.swift; path = SimulationViewController.swift; sourceTree = "<group>"; };
		CF852675290FF51800D58B2A /* SimulationViewModel.swift */ = {isa = PBXFileReference; lastKnownFileType = sourcecode.swift; path = SimulationViewModel.swift; sourceTree = "<group>"; };
		CF888F72290F234C00D2D3E5 /* SimulationsRouter.swift */ = {isa = PBXFileReference; lastKnownFileType = sourcecode.swift; path = SimulationsRouter.swift; sourceTree = "<group>"; };
		CF888F74290F249E00D2D3E5 /* SimulationListViewModel.swift */ = {isa = PBXFileReference; lastKnownFileType = sourcecode.swift; path = SimulationListViewModel.swift; sourceTree = "<group>"; };
		CF888F7A290F2F9600D2D3E5 /* SelectSimulationModelViewController.swift */ = {isa = PBXFileReference; lastKnownFileType = sourcecode.swift; path = SelectSimulationModelViewController.swift; sourceTree = "<group>"; };
		CF888F7C290F300300D2D3E5 /* SelectSimulationModelViewModel.swift */ = {isa = PBXFileReference; lastKnownFileType = sourcecode.swift; path = SelectSimulationModelViewModel.swift; sourceTree = "<group>"; };
		CF907B2A292F7B2100DEA169 /* SimulationListViewModelTests.swift */ = {isa = PBXFileReference; lastKnownFileType = sourcecode.swift; path = SimulationListViewModelTests.swift; sourceTree = "<group>"; };
		CF968169295AFD410000DA6F /* Pods_PlomeCoreKit.framework */ = {isa = PBXFileReference; explicitFileType = wrapper.framework; path = Pods_PlomeCoreKit.framework; sourceTree = BUILT_PRODUCTS_DIR; };
		CF9D0C4C290FC5AF00DA9BC9 /* SmallSimulationModelCell.swift */ = {isa = PBXFileReference; lastKnownFileType = sourcecode.swift; path = SmallSimulationModelCell.swift; sourceTree = "<group>"; };
		CFA04DAB2934DE9C00DFF2F5 /* SettingsRouter.swift */ = {isa = PBXFileReference; lastKnownFileType = sourcecode.swift; path = SettingsRouter.swift; sourceTree = "<group>"; };
		CFA04DAD2934DF7400DFF2F5 /* SettingsViewModel.swift */ = {isa = PBXFileReference; lastKnownFileType = sourcecode.swift; path = SettingsViewModel.swift; sourceTree = "<group>"; };
		CFB001CB290C184C00EF5A4E /* AddSimulationModelViewModelTests.swift */ = {isa = PBXFileReference; lastKnownFileType = sourcecode.swift; path = AddSimulationModelViewModelTests.swift; sourceTree = "<group>"; };
		CFB51233294C7AB700979309 /* OnboardingFlowController.swift */ = {isa = PBXFileReference; fileEncoding = 4; lastKnownFileType = sourcecode.swift; path = OnboardingFlowController.swift; sourceTree = "<group>"; };
		CFB51235294C7AD800979309 /* OnboardingRouter.swift */ = {isa = PBXFileReference; fileEncoding = 4; lastKnownFileType = sourcecode.swift; path = OnboardingRouter.swift; sourceTree = "<group>"; };
		CFB51237294C7B2C00979309 /* OnboardingViewModel.swift */ = {isa = PBXFileReference; lastKnownFileType = sourcecode.swift; path = OnboardingViewModel.swift; sourceTree = "<group>"; };
		CFB51239294C7B6900979309 /* OnboardingViewController.swift */ = {isa = PBXFileReference; lastKnownFileType = sourcecode.swift; path = OnboardingViewController.swift; sourceTree = "<group>"; };
		CFBF56AD28ECC5F000E4EC7D /* AppDelegate.swift */ = {isa = PBXFileReference; lastKnownFileType = sourcecode.swift; path = AppDelegate.swift; sourceTree = "<group>"; };
		CFBF56AF28ECC5F000E4EC7D /* SceneDelegate.swift */ = {isa = PBXFileReference; lastKnownFileType = sourcecode.swift; path = SceneDelegate.swift; sourceTree = "<group>"; };
		CFBF56B628ECC5F000E4EC7D /* Assets.xcassets */ = {isa = PBXFileReference; lastKnownFileType = folder.assetcatalog; path = Assets.xcassets; sourceTree = "<group>"; };
		CFBF56B928ECC5F000E4EC7D /* Base */ = {isa = PBXFileReference; lastKnownFileType = file.storyboard; name = Base; path = Base.lproj/LaunchScreen.storyboard; sourceTree = "<group>"; };
		CFBF56BB28ECC5F000E4EC7D /* Info.plist */ = {isa = PBXFileReference; lastKnownFileType = text.plist.xml; path = Info.plist; sourceTree = "<group>"; };
		CFBFA09C292E6A7200F36790 /* PlomeCoreKitTestsHelpers.framework */ = {isa = PBXFileReference; explicitFileType = wrapper.framework; path = PlomeCoreKitTestsHelpers.framework; sourceTree = BUILT_PRODUCTS_DIR; };
		CFBFA09E292E6B3000F36790 /* PlomeCoreKitTestsHelpers.framework */ = {isa = PBXFileReference; explicitFileType = wrapper.framework; path = PlomeCoreKitTestsHelpers.framework; sourceTree = BUILT_PRODUCTS_DIR; };
		CFBFA0A2292E959F00F36790 /* SelectSimulationModelViewModelTests.swift */ = {isa = PBXFileReference; lastKnownFileType = sourcecode.swift; path = SelectSimulationModelViewModelTests.swift; sourceTree = "<group>"; };
		CFC030B6296772A500C7F1B0 /* PineappleCell.swift */ = {isa = PBXFileReference; lastKnownFileType = sourcecode.swift; path = PineappleCell.swift; sourceTree = "<group>"; };
		CFD067AB292FBBE30034EE02 /* Info.plist */ = {isa = PBXFileReference; lastKnownFileType = text.plist; path = Info.plist; sourceTree = "<group>"; };
		CFD0BC9B294332FE005C898B /* fr */ = {isa = PBXFileReference; lastKnownFileType = text.plist.strings; name = fr; path = fr.lproj/LaunchScreen.strings; sourceTree = "<group>"; };
		CFD0BCA12943334A005C898B /* en */ = {isa = PBXFileReference; lastKnownFileType = text.plist.strings; name = en; path = en.lproj/Plome.strings; sourceTree = "<group>"; };
		CFD0BCA32943334C005C898B /* fr */ = {isa = PBXFileReference; lastKnownFileType = text.plist.strings; name = fr; path = fr.lproj/Plome.strings; sourceTree = "<group>"; };
		CFD0BCA429433FA7005C898B /* L10n.swift */ = {isa = PBXFileReference; fileEncoding = 4; lastKnownFileType = sourcecode.swift; path = L10n.swift; sourceTree = "<group>"; };
		CFD196192931057D00A06FE7 /* ExamInformationsView.swift */ = {isa = PBXFileReference; lastKnownFileType = sourcecode.swift; path = ExamInformationsView.swift; sourceTree = "<group>"; };
		CFD7EF6C296624FF0039E3A8 /* ShareSimulationModelServiceTests.swift */ = {isa = PBXFileReference; lastKnownFileType = sourcecode.swift; path = ShareSimulationModelServiceTests.swift; sourceTree = "<group>"; };
		CFD7EF6F296625A60039E3A8 /* MockURLProtocol.swift */ = {isa = PBXFileReference; fileEncoding = 4; lastKnownFileType = sourcecode.swift; path = MockURLProtocol.swift; sourceTree = "<group>"; };
		CFD7EF75296637310039E3A8 /* XCTest+extension.swift */ = {isa = PBXFileReference; lastKnownFileType = sourcecode.swift; path = "XCTest+extension.swift"; sourceTree = "<group>"; };
		CFE4E9FE2962267E00BC6DB2 /* SimulationModelUploadResponse.swift */ = {isa = PBXFileReference; lastKnownFileType = sourcecode.swift; path = SimulationModelUploadResponse.swift; sourceTree = "<group>"; };
		CFE77010299062EC0079ABC2 /* Dependencies.swift */ = {isa = PBXFileReference; lastKnownFileType = sourcecode.swift; path = Dependencies.swift; sourceTree = "<group>"; };
		CFE77758293A111300D0A90D /* SettingsViewModelTests.swift */ = {isa = PBXFileReference; lastKnownFileType = sourcecode.swift; path = SettingsViewModelTests.swift; sourceTree = "<group>"; };
		CFEDAD7C29300F8B00D56717 /* ExamsTypeGradeView.swift */ = {isa = PBXFileReference; lastKnownFileType = sourcecode.swift; path = ExamsTypeGradeView.swift; sourceTree = "<group>"; };
		CFF4DB7F29FE9BEE008D05A6 /* ExamTypePageViewModel.swift */ = {isa = PBXFileReference; lastKnownFileType = sourcecode.swift; path = ExamTypePageViewModel.swift; sourceTree = "<group>"; };
		FB5EDD562FF7E2617CECC92B /* Pods-Plome.debug.xcconfig */ = {isa = PBXFileReference; includeInIndex = 1; lastKnownFileType = text.xcconfig; name = "Pods-Plome.debug.xcconfig"; path = "Target Support Files/Pods-Plome/Pods-Plome.debug.xcconfig"; sourceTree = "<group>"; };
/* End PBXFileReference section */

/* Begin PBXFrameworksBuildPhase section */
		CF32406C290BF82D00FC6666 /* Frameworks */ = {
			isa = PBXFrameworksBuildPhase;
			buildActionMask = 2147483647;
			files = (
				CFBFA09F292E6B3000F36790 /* PlomeCoreKitTestsHelpers.framework in Frameworks */,
			);
			runOnlyForDeploymentPostprocessing = 0;
		};
		CFBF56A728ECC5F000E4EC7D /* Frameworks */ = {
			isa = PBXFrameworksBuildPhase;
			buildActionMask = 2147483647;
			files = (
				CF02ABCF295D154C00B5FCC9 /* Gateway.framework in Frameworks */,
				CF3B9AA928F32C3300457A44 /* PlomeCoreKit.framework in Frameworks */,
				3828C928FF2B9619652D481F /* Pods_Plome.framework in Frameworks */,
			);
			runOnlyForDeploymentPostprocessing = 0;
		};
/* End PBXFrameworksBuildPhase section */

/* Begin PBXGroup section */
		1140E44961E5C136A6E1FC2C /* Pods */ = {
			isa = PBXGroup;
			children = (
				FB5EDD562FF7E2617CECC92B /* Pods-Plome.debug.xcconfig */,
				68B02028B66FFAB401AFC34E /* Pods-Plome.release.xcconfig */,
			);
			path = Pods;
			sourceTree = "<group>";
		};
		CF02ABCB295D138500B5FCC9 /* Services */ = {
			isa = PBXGroup;
			children = (
				CF02ABCC295D141900B5FCC9 /* ShareSimulationModelService.swift */,
				CFE4E9FE2962267E00BC6DB2 /* SimulationModelUploadResponse.swift */,
			);
			path = Services;
			sourceTree = "<group>";
		};
		CF0C7A6B292FDDA500E49803 /* SimulationDetails */ = {
			isa = PBXGroup;
			children = (
				CF0C7A6E292FDE0800E49803 /* SimulationDetailsViewController.swift */,
				CF0C7A6C292FDDBC00E49803 /* SimulationDetailsViewModel.swift */,
				CF0C7A70292FE4C300E49803 /* DetailsHeaderView.swift */,
				CFEDAD7C29300F8B00D56717 /* ExamsTypeGradeView.swift */,
				CFD196192931057D00A06FE7 /* ExamInformationsView.swift */,
			);
			path = SimulationDetails;
			sourceTree = "<group>";
		};
		CF1C170129548DFF00E9EF03 /* Onboarding */ = {
			isa = PBXGroup;
			children = (
				CF1C170229548E2000E9EF03 /* OnboardingFlowControllerTests.swift */,
			);
			path = Onboarding;
			sourceTree = "<group>";
		};
		CF208F5128F960D5001F83B1 /* Fonts */ = {
			isa = PBXGroup;
			children = (
				CF208F4D28F960D5001F83B1 /* UrbaneRounded-Bold.ttf */,
				CF208F4E28F960D5001F83B1 /* UrbaneRounded-Light.ttf */,
				CF208F4F28F960D5001F83B1 /* UrbaneRounded-Medium.ttf */,
				CF208F5028F960D5001F83B1 /* UrbaneRounded-DemiBold.ttf */,
			);
			path = Fonts;
			sourceTree = "<group>";
		};
		CF324070290BF82D00FC6666 /* PlomeTests */ = {
			isa = PBXGroup;
			children = (
				CFD067AB292FBBE30034EE02 /* Info.plist */,
				CF832ED42A2380B8006F7804 /* Network */,
				CFD7EF6B296624E50039E3A8 /* Services */,
				CF1C170129548DFF00E9EF03 /* Onboarding */,
				CFE77757293A10F800D0A90D /* Settings */,
				CFBFA087292E4CFC00F36790 /* Simulation */,
				CF324078290BF8D300FC6666 /* SimulationModel */,
				CFD7EF6E296625850039E3A8 /* Mocks */,
				CFD7EF74296637180039E3A8 /* Helpers */,
			);
			path = PlomeTests;
			sourceTree = "<group>";
		};
		CF324078290BF8D300FC6666 /* SimulationModel */ = {
			isa = PBXGroup;
			children = (
				CF324079290BF8EB00FC6666 /* SimulationModelsViewModelTests.swift */,
				CFB001CB290C184C00EF5A4E /* AddSimulationModelViewModelTests.swift */,
			);
			path = SimulationModel;
			sourceTree = "<group>";
		};
		CF3B9AA028F3292C00457A44 /* Simulation */ = {
			isa = PBXGroup;
			children = (
				CF888F72290F234C00D2D3E5 /* SimulationsRouter.swift */,
				CFD1961B2931127000A06FE7 /* CommonView */,
				CF852672290FF4E700D58B2A /* Simulation */,
				CF888F79290F2F6400D2D3E5 /* SelectSimulationModel */,
				CF888F76290F24F900D2D3E5 /* SimulationList */,
				CF0C7A6B292FDDA500E49803 /* SimulationDetails */,
			);
			path = Simulation;
			sourceTree = "<group>";
		};
		CF3B9AA128F3293000457A44 /* SimulationModel */ = {
			isa = PBXGroup;
			children = (
				CF2CCBCB2902838300FA14C4 /* SimulationModelsRouter.swift */,
				CF49EBCF2902A29500693A85 /* SimulationModels */,
				CF49EBD02902A2A200693A85 /* AddSimulation */,
			);
			path = SimulationModel;
			sourceTree = "<group>";
		};
		CF3B9AA228F3293F00457A44 /* Settings */ = {
			isa = PBXGroup;
			children = (
				CFA04DAB2934DE9C00DFF2F5 /* SettingsRouter.swift */,
				CF3B9AA728F32BA600457A44 /* SettingsViewController.swift */,
				CFA04DAD2934DF7400DFF2F5 /* SettingsViewModel.swift */,
				CFC030B6296772A500C7F1B0 /* PineappleCell.swift */,
			);
			path = Settings;
			sourceTree = "<group>";
		};
		CF49EBCF2902A29500693A85 /* SimulationModels */ = {
			isa = PBXGroup;
			children = (
				CF3B9AA528F32B8C00457A44 /* SimulationModelsViewController.swift */,
				CF2CCBCD290286CB00FA14C4 /* SimulationModelsViewModel.swift */,
				CF2CCBCF29028F2C00FA14C4 /* SimulationModelCell.swift */,
			);
			path = SimulationModels;
			sourceTree = "<group>";
		};
		CF49EBD02902A2A200693A85 /* AddSimulation */ = {
			isa = PBXGroup;
			children = (
				CF49EBD12902A2E700693A85 /* AddSimulationModelViewController.swift */,
				CF49EBD32902A33500693A85 /* AddSimulationModelViewModel.swift */,
				CF80CC0E2905DBD000B94AD8 /* ModelExamCell.swift */,
			);
			path = AddSimulation;
			sourceTree = "<group>";
		};
		CF59EA3F28ECCE260041B33B /* Frameworks */ = {
			isa = PBXGroup;
			children = (
				CF02ABCE295D154C00B5FCC9 /* Gateway.framework */,
				CF968169295AFD410000DA6F /* Pods_PlomeCoreKit.framework */,
				CFBFA09E292E6B3000F36790 /* PlomeCoreKitTestsHelpers.framework */,
				CFBFA09C292E6A7200F36790 /* PlomeCoreKitTestsHelpers.framework */,
				CF59EAF428ECD75E0041B33B /* PlomeCoreKit.framework */,
				CF59EABD28ECD3580041B33B /* PlomeCoreKit.framework */,
				CF59EA4028ECCE260041B33B /* PlomeCoreKit.framework */,
				448906EE445F0E0C85196E7E /* Pods_Plome.framework */,
			);
			name = Frameworks;
			sourceTree = "<group>";
		};
		CF832EBD2A237FA9006F7804 /* Network */ = {
			isa = PBXGroup;
			children = (
				CF832ECB2A238005006F7804 /* MultipartFormDataRequest.swift */,
				CF832ECC2A238005006F7804 /* TaskLoaderManager.swift */,
				CF832ECF2A23801B006F7804 /* EndPoints */,
			);
			path = Network;
			sourceTree = "<group>";
		};
		CF832ECF2A23801B006F7804 /* EndPoints */ = {
			isa = PBXGroup;
			children = (
				CF832ED02A238027006F7804 /* EndPoint.swift */,
				CF832ED12A238027006F7804 /* FileIOEndPoint.swift */,
			);
			path = EndPoints;
			sourceTree = "<group>";
		};
		CF832ED42A2380B8006F7804 /* Network */ = {
			isa = PBXGroup;
			children = (
				CF832ED92A2380FA006F7804 /* TaskLoaderManagerTests.swift */,
				CF832ED72A2380FA006F7804 /* MultipartFormDataRequestTests.swift */,
				CF832ED82A2380FA006F7804 /* EndPointTests.swift */,
			);
			path = Network;
			sourceTree = "<group>";
		};
		CF852672290FF4E700D58B2A /* Simulation */ = {
			isa = PBXGroup;
			children = (
				CF852673290FF4FD00D58B2A /* SimulationViewController.swift */,
				CF852675290FF51800D58B2A /* SimulationViewModel.swift */,
				CF48938F2915439100B97147 /* ExamCell.swift */,
				CF035FF929F12DFA005196D6 /* ExamTypePageViewController.swift */,
				CFF4DB7F29FE9BEE008D05A6 /* ExamTypePageViewModel.swift */,
				CF7ED9562A118ADE006E94EA /* SimulationLiveInfos.swift */,
			);
			path = Simulation;
			sourceTree = "<group>";
		};
		CF888F76290F24F900D2D3E5 /* SimulationList */ = {
			isa = PBXGroup;
			children = (
				CF3B9AA328F32AE900457A44 /* SimulationListViewController.swift */,
				CF888F74290F249E00D2D3E5 /* SimulationListViewModel.swift */,
				CF4B5AE829293A80005F8D18 /* SimulationCell.swift */,
			);
			path = SimulationList;
			sourceTree = "<group>";
		};
		CF888F79290F2F6400D2D3E5 /* SelectSimulationModel */ = {
			isa = PBXGroup;
			children = (
				CF888F7A290F2F9600D2D3E5 /* SelectSimulationModelViewController.swift */,
				CF888F7C290F300300D2D3E5 /* SelectSimulationModelViewModel.swift */,
				CF9D0C4C290FC5AF00DA9BC9 /* SmallSimulationModelCell.swift */,
			);
			path = SelectSimulationModel;
			sourceTree = "<group>";
		};
		CFB51232294C78FB00979309 /* Onboarding */ = {
			isa = PBXGroup;
			children = (
				CFB51233294C7AB700979309 /* OnboardingFlowController.swift */,
				CFB51235294C7AD800979309 /* OnboardingRouter.swift */,
				CFB51237294C7B2C00979309 /* OnboardingViewModel.swift */,
				CFB51239294C7B6900979309 /* OnboardingViewController.swift */,
				CF1C16FD2954852300E9EF03 /* OnboardingPageViewController.swift */,
				CF1C16FF29548A1300E9EF03 /* OnboardingPage.swift */,
			);
			path = Onboarding;
			sourceTree = "<group>";
		};
		CFBF56A128ECC5F000E4EC7D = {
			isa = PBXGroup;
			children = (
				CFBF56AC28ECC5F000E4EC7D /* Plome */,
				CF324070290BF82D00FC6666 /* PlomeTests */,
				CF59EA3F28ECCE260041B33B /* Frameworks */,
				CF3B9AAB28F5762000457A44 /* Plome.app */,
				CF32406F290BF82D00FC6666 /* PlomeTests.xctest */,
				1140E44961E5C136A6E1FC2C /* Pods */,
			);
			sourceTree = "<group>";
		};
		CFBF56AC28ECC5F000E4EC7D /* Plome */ = {
			isa = PBXGroup;
			children = (
				CFE77010299062EC0079ABC2 /* Dependencies.swift */,
				CF3B9A8A28F1DD1400457A44 /* Screens.swift */,
				CF3B9A9D28F3287B00457A44 /* AppRouter.swift */,
				CF3B9A9C28F3287B00457A44 /* MainTabBarController.swift */,
				CFBF56AD28ECC5F000E4EC7D /* AppDelegate.swift */,
				CFBF56AF28ECC5F000E4EC7D /* SceneDelegate.swift */,
				CF832EBD2A237FA9006F7804 /* Network */,
				CF02ABCB295D138500B5FCC9 /* Services */,
				CFD0BC9C2943330A005C898B /* Ressources */,
				CFB51232294C78FB00979309 /* Onboarding */,
				CF3B9AA028F3292C00457A44 /* Simulation */,
				CF3B9AA128F3293000457A44 /* SimulationModel */,
				CF3B9AA228F3293F00457A44 /* Settings */,
				CFBF56B828ECC5F000E4EC7D /* LaunchScreen.storyboard */,
				CF1BDAA2293A246100E459FD /* GoogleService-Info.plist */,
				CFBF56BB28ECC5F000E4EC7D /* Info.plist */,
			);
			path = Plome;
			sourceTree = "<group>";
		};
		CFBFA087292E4CFC00F36790 /* Simulation */ = {
			isa = PBXGroup;
			children = (
				CFBFA0A2292E959F00F36790 /* SelectSimulationModelViewModelTests.swift */,
				CF907B2A292F7B2100DEA169 /* SimulationListViewModelTests.swift */,
				CF18517629342E93003CB46F /* SimulationDetailsViewModelTests.swift */,
			);
			path = Simulation;
			sourceTree = "<group>";
		};
		CFD0BC9C2943330A005C898B /* Ressources */ = {
			isa = PBXGroup;
			children = (
				CFBF56B628ECC5F000E4EC7D /* Assets.xcassets */,
				CF41B57A294CAE7F00491486 /* Assets+Generated.swift */,
				CFD0BCA429433FA7005C898B /* L10n.swift */,
				CF208F5128F960D5001F83B1 /* Fonts */,
				CFD0BC9D2943332A005C898B /* Localization */,
			);
			path = Ressources;
			sourceTree = "<group>";
		};
		CFD0BC9D2943332A005C898B /* Localization */ = {
			isa = PBXGroup;
			children = (
				CFD0BCA22943334A005C898B /* Plome.strings */,
			);
			path = Localization;
			sourceTree = "<group>";
		};
		CFD1961B2931127000A06FE7 /* CommonView */ = {
			isa = PBXGroup;
			children = (
				CF5B5F2B2921B848002EF9BD /* GradeInformationCell.swift */,
				CF4B5AE629279FAB005F8D18 /* CatchUpView.swift */,
			);
			path = CommonView;
			sourceTree = "<group>";
		};
		CFD7EF6B296624E50039E3A8 /* Services */ = {
			isa = PBXGroup;
			children = (
				CFD7EF6C296624FF0039E3A8 /* ShareSimulationModelServiceTests.swift */,
			);
			path = Services;
			sourceTree = "<group>";
		};
		CFD7EF6E296625850039E3A8 /* Mocks */ = {
			isa = PBXGroup;
			children = (
				CFD7EF6F296625A60039E3A8 /* MockURLProtocol.swift */,
			);
			path = Mocks;
			sourceTree = "<group>";
		};
		CFD7EF74296637180039E3A8 /* Helpers */ = {
			isa = PBXGroup;
			children = (
				CF832ED52A2380D7006F7804 /* TestEndPoint.swift */,
				CFD7EF75296637310039E3A8 /* XCTest+extension.swift */,
			);
			path = Helpers;
			sourceTree = "<group>";
		};
		CFE77757293A10F800D0A90D /* Settings */ = {
			isa = PBXGroup;
			children = (
				CFE77758293A111300D0A90D /* SettingsViewModelTests.swift */,
			);
			path = Settings;
			sourceTree = "<group>";
		};
/* End PBXGroup section */

/* Begin PBXNativeTarget section */
		CF32406E290BF82D00FC6666 /* PlomeTests */ = {
			isa = PBXNativeTarget;
			buildConfigurationList = CF324075290BF82D00FC6666 /* Build configuration list for PBXNativeTarget "PlomeTests" */;
			buildPhases = (
				CF32406B290BF82D00FC6666 /* Sources */,
				CF32406C290BF82D00FC6666 /* Frameworks */,
				CF32406D290BF82D00FC6666 /* Resources */,
			);
			buildRules = (
			);
			dependencies = (
				CF324074290BF82D00FC6666 /* PBXTargetDependency */,
			);
			name = PlomeTests;
			productName = PlomeTests;
			productReference = CF32406F290BF82D00FC6666 /* PlomeTests.xctest */;
			productType = "com.apple.product-type.bundle.unit-test";
		};
		CFBF56A928ECC5F000E4EC7D /* Plome */ = {
			isa = PBXNativeTarget;
			buildConfigurationList = CFBF56BE28ECC5F000E4EC7D /* Build configuration list for PBXNativeTarget "Plome" */;
			buildPhases = (
				559B654E843B5DB57082811A /* [CP] Check Pods Manifest.lock */,
				CFBF56A628ECC5F000E4EC7D /* Sources */,
				CFBF56A728ECC5F000E4EC7D /* Frameworks */,
				CFBF56A828ECC5F000E4EC7D /* Resources */,
				CF2747CA28ECCB8A00CCAF76 /* Embed Frameworks */,
				844C2438D92DA65CCE00E2FB /* [CP] Embed Pods Frameworks */,
			);
			buildRules = (
			);
			dependencies = (
			);
			name = Plome;
			productName = Plome;
			productReference = CF3B9AAB28F5762000457A44 /* Plome.app */;
			productType = "com.apple.product-type.application";
		};
/* End PBXNativeTarget section */

/* Begin PBXProject section */
		CFBF56A228ECC5F000E4EC7D /* Project object */ = {
			isa = PBXProject;
			attributes = {
				BuildIndependentTargetsInParallel = 1;
				LastSwiftUpdateCheck = 1400;
				LastUpgradeCheck = 1400;
				TargetAttributes = {
					CF32406E290BF82D00FC6666 = {
						CreatedOnToolsVersion = 14.0.1;
						TestTargetID = CFBF56A928ECC5F000E4EC7D;
					};
					CFBF56A928ECC5F000E4EC7D = {
						CreatedOnToolsVersion = 14.0.1;
					};
				};
			};
			buildConfigurationList = CFBF56A528ECC5F000E4EC7D /* Build configuration list for PBXProject "Plome" */;
			compatibilityVersion = "Xcode 14.0";
			developmentRegion = en;
			hasScannedForEncodings = 0;
			knownRegions = (
				en,
				Base,
				fr,
			);
			mainGroup = CFBF56A128ECC5F000E4EC7D;
			productRefGroup = CFBF56A128ECC5F000E4EC7D;
			projectDirPath = "";
			projectRoot = "";
			targets = (
				CFBF56A928ECC5F000E4EC7D /* Plome */,
				CF32406E290BF82D00FC6666 /* PlomeTests */,
			);
		};
/* End PBXProject section */

/* Begin PBXResourcesBuildPhase section */
		CF32406D290BF82D00FC6666 /* Resources */ = {
			isa = PBXResourcesBuildPhase;
			buildActionMask = 2147483647;
			files = (
			);
			runOnlyForDeploymentPostprocessing = 0;
		};
		CFBF56A828ECC5F000E4EC7D /* Resources */ = {
			isa = PBXResourcesBuildPhase;
			buildActionMask = 2147483647;
			files = (
				CF208F5428F960E0001F83B1 /* UrbaneRounded-Medium.ttf in Resources */,
				CF208F5528F960E0001F83B1 /* UrbaneRounded-DemiBold.ttf in Resources */,
				CFD0BCA02943334A005C898B /* Plome.strings in Resources */,
				CF208F5228F960E0001F83B1 /* UrbaneRounded-Bold.ttf in Resources */,
				CFBF56BA28ECC5F000E4EC7D /* LaunchScreen.storyboard in Resources */,
				CF208F5328F960E0001F83B1 /* UrbaneRounded-Light.ttf in Resources */,
				CFBF56B728ECC5F000E4EC7D /* Assets.xcassets in Resources */,
				CF1BDAA3293A246100E459FD /* GoogleService-Info.plist in Resources */,
			);
			runOnlyForDeploymentPostprocessing = 0;
		};
/* End PBXResourcesBuildPhase section */

/* Begin PBXShellScriptBuildPhase section */
		559B654E843B5DB57082811A /* [CP] Check Pods Manifest.lock */ = {
			isa = PBXShellScriptBuildPhase;
			buildActionMask = 2147483647;
			files = (
			);
			inputFileListPaths = (
			);
			inputPaths = (
				"${PODS_PODFILE_DIR_PATH}/Podfile.lock",
				"${PODS_ROOT}/Manifest.lock",
			);
			name = "[CP] Check Pods Manifest.lock";
			outputFileListPaths = (
			);
			outputPaths = (
				"$(DERIVED_FILE_DIR)/Pods-Plome-checkManifestLockResult.txt",
			);
			runOnlyForDeploymentPostprocessing = 0;
			shellPath = /bin/sh;
			shellScript = "diff \"${PODS_PODFILE_DIR_PATH}/Podfile.lock\" \"${PODS_ROOT}/Manifest.lock\" > /dev/null\nif [ $? != 0 ] ; then\n    # print error to STDERR\n    echo \"error: The sandbox is not in sync with the Podfile.lock. Run 'pod install' or update your CocoaPods installation.\" >&2\n    exit 1\nfi\n# This output is used by Xcode 'outputs' to avoid re-running this script phase.\necho \"SUCCESS\" > \"${SCRIPT_OUTPUT_FILE_0}\"\n";
			showEnvVarsInLog = 0;
		};
		844C2438D92DA65CCE00E2FB /* [CP] Embed Pods Frameworks */ = {
			isa = PBXShellScriptBuildPhase;
			buildActionMask = 2147483647;
			files = (
			);
			inputFileListPaths = (
				"${PODS_ROOT}/Target Support Files/Pods-Plome/Pods-Plome-frameworks-${CONFIGURATION}-input-files.xcfilelist",
			);
			name = "[CP] Embed Pods Frameworks";
			outputFileListPaths = (
				"${PODS_ROOT}/Target Support Files/Pods-Plome/Pods-Plome-frameworks-${CONFIGURATION}-output-files.xcfilelist",
			);
			runOnlyForDeploymentPostprocessing = 0;
			shellPath = /bin/sh;
			shellScript = "\"${PODS_ROOT}/Target Support Files/Pods-Plome/Pods-Plome-frameworks.sh\"\n";
			showEnvVarsInLog = 0;
		};
/* End PBXShellScriptBuildPhase section */

/* Begin PBXSourcesBuildPhase section */
		CF32406B290BF82D00FC6666 /* Sources */ = {
			isa = PBXSourcesBuildPhase;
			buildActionMask = 2147483647;
			files = (
				CFD7EF76296637310039E3A8 /* XCTest+extension.swift in Sources */,
				CF1C170329548E2000E9EF03 /* OnboardingFlowControllerTests.swift in Sources */,
				CFD7EF70296625A60039E3A8 /* MockURLProtocol.swift in Sources */,
				CF18517729342E93003CB46F /* SimulationDetailsViewModelTests.swift in Sources */,
				CFB001CC290C184C00EF5A4E /* AddSimulationModelViewModelTests.swift in Sources */,
				CF832EDC2A2380FA006F7804 /* TaskLoaderManagerTests.swift in Sources */,
				CF832ED62A2380D7006F7804 /* TestEndPoint.swift in Sources */,
				CF832EDA2A2380FA006F7804 /* MultipartFormDataRequestTests.swift in Sources */,
				CFD7EF6D296624FF0039E3A8 /* ShareSimulationModelServiceTests.swift in Sources */,
				CFBFA0A3292E959F00F36790 /* SelectSimulationModelViewModelTests.swift in Sources */,
				CF907B2B292F7B2100DEA169 /* SimulationListViewModelTests.swift in Sources */,
				CF832EDB2A2380FA006F7804 /* EndPointTests.swift in Sources */,
				CF32407A290BF8EB00FC6666 /* SimulationModelsViewModelTests.swift in Sources */,
				CFE77759293A111300D0A90D /* SettingsViewModelTests.swift in Sources */,
			);
			runOnlyForDeploymentPostprocessing = 0;
		};
		CFBF56A628ECC5F000E4EC7D /* Sources */ = {
			isa = PBXSourcesBuildPhase;
			buildActionMask = 2147483647;
			files = (
				CF5B5F2C2921B848002EF9BD /* GradeInformationCell.swift in Sources */,
				CF9D0C4D290FC5AF00DA9BC9 /* SmallSimulationModelCell.swift in Sources */,
				CF888F7D290F300300D2D3E5 /* SelectSimulationModelViewModel.swift in Sources */,
				CF852674290FF4FD00D58B2A /* SimulationViewController.swift in Sources */,
				CF0C7A6D292FDDBC00E49803 /* SimulationDetailsViewModel.swift in Sources */,
				CFBF56AE28ECC5F000E4EC7D /* AppDelegate.swift in Sources */,
				CFB51234294C7AB700979309 /* OnboardingFlowController.swift in Sources */,
				CF852676290FF51800D58B2A /* SimulationViewModel.swift in Sources */,
				CFEDAD7D29300F8B00D56717 /* ExamsTypeGradeView.swift in Sources */,
				CF7ED9572A118ADE006E94EA /* SimulationLiveInfos.swift in Sources */,
				CF49EBD42902A33500693A85 /* AddSimulationModelViewModel.swift in Sources */,
				CF02ABCD295D141900B5FCC9 /* ShareSimulationModelService.swift in Sources */,
				CF832ED22A238027006F7804 /* EndPoint.swift in Sources */,
				CF2CCBCE290286CB00FA14C4 /* SimulationModelsViewModel.swift in Sources */,
				CFB51236294C7AD800979309 /* OnboardingRouter.swift in Sources */,
				CF832ECE2A238005006F7804 /* TaskLoaderManager.swift in Sources */,
				CF035FFA29F12DFA005196D6 /* ExamTypePageViewController.swift in Sources */,
				CF832ECD2A238005006F7804 /* MultipartFormDataRequest.swift in Sources */,
				CF3B9A9E28F3287B00457A44 /* MainTabBarController.swift in Sources */,
				CFBF56B028ECC5F000E4EC7D /* SceneDelegate.swift in Sources */,
				CF1C170029548A1300E9EF03 /* OnboardingPage.swift in Sources */,
				CFA04DAE2934DF7400DFF2F5 /* SettingsViewModel.swift in Sources */,
				CF3B9A9F28F3287B00457A44 /* AppRouter.swift in Sources */,
				CF0C7A6F292FDE0800E49803 /* SimulationDetailsViewController.swift in Sources */,
				CFE77011299062EC0079ABC2 /* Dependencies.swift in Sources */,
				CF832ED32A238027006F7804 /* FileIOEndPoint.swift in Sources */,
				CF3B9AA628F32B8C00457A44 /* SimulationModelsViewController.swift in Sources */,
				CFE4E9FF2962267E00BC6DB2 /* SimulationModelUploadResponse.swift in Sources */,
				CFB51238294C7B2C00979309 /* OnboardingViewModel.swift in Sources */,
				CF2CCBCC2902838300FA14C4 /* SimulationModelsRouter.swift in Sources */,
				CF888F73290F234C00D2D3E5 /* SimulationsRouter.swift in Sources */,
				CFD0BCA529433FA7005C898B /* L10n.swift in Sources */,
				CF888F7B290F2F9600D2D3E5 /* SelectSimulationModelViewController.swift in Sources */,
				CF49EBD22902A2E700693A85 /* AddSimulationModelViewController.swift in Sources */,
				CF41B57B294CAE7F00491486 /* Assets+Generated.swift in Sources */,
				CFA04DAC2934DE9C00DFF2F5 /* SettingsRouter.swift in Sources */,
				CFB5123A294C7B6900979309 /* OnboardingViewController.swift in Sources */,
				CF0C7A71292FE4C300E49803 /* DetailsHeaderView.swift in Sources */,
				CF888F75290F249E00D2D3E5 /* SimulationListViewModel.swift in Sources */,
				CF4B5AE929293A80005F8D18 /* SimulationCell.swift in Sources */,
				CF4B5AE729279FAB005F8D18 /* CatchUpView.swift in Sources */,
				CF4893902915439100B97147 /* ExamCell.swift in Sources */,
				CF2CCBD029028F2C00FA14C4 /* SimulationModelCell.swift in Sources */,
				CFC030B7296772A500C7F1B0 /* PineappleCell.swift in Sources */,
				CF3B9AA428F32AE900457A44 /* SimulationListViewController.swift in Sources */,
				CF80CC0F2905DBD000B94AD8 /* ModelExamCell.swift in Sources */,
				CFD1961A2931057D00A06FE7 /* ExamInformationsView.swift in Sources */,
				CF3B9A8C28F1DD1400457A44 /* Screens.swift in Sources */,
				CFF4DB8029FE9BEE008D05A6 /* ExamTypePageViewModel.swift in Sources */,
				CF1C16FE2954852300E9EF03 /* OnboardingPageViewController.swift in Sources */,
				CF3B9AA828F32BA600457A44 /* SettingsViewController.swift in Sources */,
			);
			runOnlyForDeploymentPostprocessing = 0;
		};
/* End PBXSourcesBuildPhase section */

/* Begin PBXTargetDependency section */
		CF324074290BF82D00FC6666 /* PBXTargetDependency */ = {
			isa = PBXTargetDependency;
			target = CFBF56A928ECC5F000E4EC7D /* Plome */;
			targetProxy = CF324073290BF82D00FC6666 /* PBXContainerItemProxy */;
		};
/* End PBXTargetDependency section */

/* Begin PBXVariantGroup section */
		CFBF56B828ECC5F000E4EC7D /* LaunchScreen.storyboard */ = {
			isa = PBXVariantGroup;
			children = (
				CFBF56B928ECC5F000E4EC7D /* Base */,
				CFD0BC9B294332FE005C898B /* fr */,
			);
			name = LaunchScreen.storyboard;
			sourceTree = "<group>";
		};
		CFD0BCA22943334A005C898B /* Plome.strings */ = {
			isa = PBXVariantGroup;
			children = (
				CFD0BCA12943334A005C898B /* en */,
				CFD0BCA32943334C005C898B /* fr */,
			);
			name = Plome.strings;
			sourceTree = "<group>";
		};
/* End PBXVariantGroup section */

/* Begin XCBuildConfiguration section */
		CF324076290BF82D00FC6666 /* Debug */ = {
			isa = XCBuildConfiguration;
			buildSettings = {
				BUNDLE_LOADER = "$(TEST_HOST)";
				CODE_SIGN_STYLE = Automatic;
				CURRENT_PROJECT_VERSION = 1;
				DEVELOPMENT_TEAM = 6L49G5QS6U;
				GENERATE_INFOPLIST_FILE = YES;
				INFOPLIST_FILE = PlomeTests/Info.plist;
				INFOPLIST_KEY_LSApplicationCategoryType = "";
				IPHONEOS_DEPLOYMENT_TARGET = 15.0;
				MARKETING_VERSION = 1.0;
				PRODUCT_BUNDLE_IDENTIFIER = com.Boublo.PlomeTests;
				PRODUCT_NAME = "$(TARGET_NAME)";
				SWIFT_EMIT_LOC_STRINGS = NO;
				SWIFT_VERSION = 5.0;
				TARGETED_DEVICE_FAMILY = "1,2";
				TEST_HOST = "$(BUILT_PRODUCTS_DIR)/Plome.app/$(BUNDLE_EXECUTABLE_FOLDER_PATH)/Plome";
			};
			name = Debug;
		};
		CF324077290BF82D00FC6666 /* Release */ = {
			isa = XCBuildConfiguration;
			buildSettings = {
				BUNDLE_LOADER = "$(TEST_HOST)";
				CODE_SIGN_STYLE = Automatic;
				CURRENT_PROJECT_VERSION = 1;
				DEVELOPMENT_TEAM = 6L49G5QS6U;
				GENERATE_INFOPLIST_FILE = YES;
				INFOPLIST_FILE = PlomeTests/Info.plist;
				INFOPLIST_KEY_LSApplicationCategoryType = "";
				IPHONEOS_DEPLOYMENT_TARGET = 15.0;
				MARKETING_VERSION = 1.0;
				PRODUCT_BUNDLE_IDENTIFIER = com.Boublo.PlomeTests;
				PRODUCT_NAME = "$(TARGET_NAME)";
				SWIFT_EMIT_LOC_STRINGS = NO;
				SWIFT_VERSION = 5.0;
				TARGETED_DEVICE_FAMILY = "1,2";
				TEST_HOST = "$(BUILT_PRODUCTS_DIR)/Plome.app/$(BUNDLE_EXECUTABLE_FOLDER_PATH)/Plome";
			};
			name = Release;
		};
		CFBF56BC28ECC5F000E4EC7D /* Debug */ = {
			isa = XCBuildConfiguration;
			buildSettings = {
				ALWAYS_SEARCH_USER_PATHS = NO;
				CLANG_ANALYZER_LOCALIZABILITY_NONLOCALIZED = YES;
				CLANG_ANALYZER_NONNULL = YES;
				CLANG_ANALYZER_NUMBER_OBJECT_CONVERSION = YES_AGGRESSIVE;
				CLANG_CXX_LANGUAGE_STANDARD = "gnu++20";
				CLANG_ENABLE_MODULES = YES;
				CLANG_ENABLE_OBJC_ARC = YES;
				CLANG_ENABLE_OBJC_WEAK = YES;
				CLANG_WARN_BLOCK_CAPTURE_AUTORELEASING = YES;
				CLANG_WARN_BOOL_CONVERSION = YES;
				CLANG_WARN_COMMA = YES;
				CLANG_WARN_CONSTANT_CONVERSION = YES;
				CLANG_WARN_DEPRECATED_OBJC_IMPLEMENTATIONS = YES;
				CLANG_WARN_DIRECT_OBJC_ISA_USAGE = YES_ERROR;
				CLANG_WARN_DOCUMENTATION_COMMENTS = YES;
				CLANG_WARN_EMPTY_BODY = YES;
				CLANG_WARN_ENUM_CONVERSION = YES;
				CLANG_WARN_INFINITE_RECURSION = YES;
				CLANG_WARN_INT_CONVERSION = YES;
				CLANG_WARN_NON_LITERAL_NULL_CONVERSION = YES;
				CLANG_WARN_OBJC_IMPLICIT_RETAIN_SELF = YES;
				CLANG_WARN_OBJC_LITERAL_CONVERSION = YES;
				CLANG_WARN_OBJC_ROOT_CLASS = YES_ERROR;
				CLANG_WARN_QUOTED_INCLUDE_IN_FRAMEWORK_HEADER = YES;
				CLANG_WARN_RANGE_LOOP_ANALYSIS = YES;
				CLANG_WARN_STRICT_PROTOTYPES = YES;
				CLANG_WARN_SUSPICIOUS_MOVE = YES;
				CLANG_WARN_UNGUARDED_AVAILABILITY = YES_AGGRESSIVE;
				CLANG_WARN_UNREACHABLE_CODE = YES;
				CLANG_WARN__DUPLICATE_METHOD_MATCH = YES;
				COPY_PHASE_STRIP = NO;
				DEBUG_INFORMATION_FORMAT = dwarf;
				ENABLE_STRICT_OBJC_MSGSEND = YES;
				ENABLE_TESTABILITY = YES;
				GCC_C_LANGUAGE_STANDARD = gnu11;
				GCC_DYNAMIC_NO_PIC = NO;
				GCC_NO_COMMON_BLOCKS = YES;
				GCC_OPTIMIZATION_LEVEL = 0;
				GCC_PREPROCESSOR_DEFINITIONS = (
					"DEBUG=1",
					"$(inherited)",
				);
				GCC_WARN_64_TO_32_BIT_CONVERSION = YES;
				GCC_WARN_ABOUT_RETURN_TYPE = YES_ERROR;
				GCC_WARN_UNDECLARED_SELECTOR = YES;
				GCC_WARN_UNINITIALIZED_AUTOS = YES_AGGRESSIVE;
				GCC_WARN_UNUSED_FUNCTION = YES;
				GCC_WARN_UNUSED_VARIABLE = YES;
				IPHONEOS_DEPLOYMENT_TARGET = 15.0;
				MTL_ENABLE_DEBUG_INFO = INCLUDE_SOURCE;
				MTL_FAST_MATH = YES;
				ONLY_ACTIVE_ARCH = YES;
				SDKROOT = iphoneos;
				SWIFT_ACTIVE_COMPILATION_CONDITIONS = DEBUG;
				SWIFT_OPTIMIZATION_LEVEL = "-Onone";
			};
			name = Debug;
		};
		CFBF56BD28ECC5F000E4EC7D /* Release */ = {
			isa = XCBuildConfiguration;
			buildSettings = {
				ALWAYS_SEARCH_USER_PATHS = NO;
				CLANG_ANALYZER_LOCALIZABILITY_NONLOCALIZED = YES;
				CLANG_ANALYZER_NONNULL = YES;
				CLANG_ANALYZER_NUMBER_OBJECT_CONVERSION = YES_AGGRESSIVE;
				CLANG_CXX_LANGUAGE_STANDARD = "gnu++20";
				CLANG_ENABLE_MODULES = YES;
				CLANG_ENABLE_OBJC_ARC = YES;
				CLANG_ENABLE_OBJC_WEAK = YES;
				CLANG_WARN_BLOCK_CAPTURE_AUTORELEASING = YES;
				CLANG_WARN_BOOL_CONVERSION = YES;
				CLANG_WARN_COMMA = YES;
				CLANG_WARN_CONSTANT_CONVERSION = YES;
				CLANG_WARN_DEPRECATED_OBJC_IMPLEMENTATIONS = YES;
				CLANG_WARN_DIRECT_OBJC_ISA_USAGE = YES_ERROR;
				CLANG_WARN_DOCUMENTATION_COMMENTS = YES;
				CLANG_WARN_EMPTY_BODY = YES;
				CLANG_WARN_ENUM_CONVERSION = YES;
				CLANG_WARN_INFINITE_RECURSION = YES;
				CLANG_WARN_INT_CONVERSION = YES;
				CLANG_WARN_NON_LITERAL_NULL_CONVERSION = YES;
				CLANG_WARN_OBJC_IMPLICIT_RETAIN_SELF = YES;
				CLANG_WARN_OBJC_LITERAL_CONVERSION = YES;
				CLANG_WARN_OBJC_ROOT_CLASS = YES_ERROR;
				CLANG_WARN_QUOTED_INCLUDE_IN_FRAMEWORK_HEADER = YES;
				CLANG_WARN_RANGE_LOOP_ANALYSIS = YES;
				CLANG_WARN_STRICT_PROTOTYPES = YES;
				CLANG_WARN_SUSPICIOUS_MOVE = YES;
				CLANG_WARN_UNGUARDED_AVAILABILITY = YES_AGGRESSIVE;
				CLANG_WARN_UNREACHABLE_CODE = YES;
				CLANG_WARN__DUPLICATE_METHOD_MATCH = YES;
				COPY_PHASE_STRIP = NO;
				DEBUG_INFORMATION_FORMAT = "dwarf-with-dsym";
				ENABLE_NS_ASSERTIONS = NO;
				ENABLE_STRICT_OBJC_MSGSEND = YES;
				GCC_C_LANGUAGE_STANDARD = gnu11;
				GCC_NO_COMMON_BLOCKS = YES;
				GCC_WARN_64_TO_32_BIT_CONVERSION = YES;
				GCC_WARN_ABOUT_RETURN_TYPE = YES_ERROR;
				GCC_WARN_UNDECLARED_SELECTOR = YES;
				GCC_WARN_UNINITIALIZED_AUTOS = YES_AGGRESSIVE;
				GCC_WARN_UNUSED_FUNCTION = YES;
				GCC_WARN_UNUSED_VARIABLE = YES;
				IPHONEOS_DEPLOYMENT_TARGET = 15.0;
				MTL_ENABLE_DEBUG_INFO = NO;
				MTL_FAST_MATH = YES;
				SDKROOT = iphoneos;
				SWIFT_COMPILATION_MODE = wholemodule;
				SWIFT_OPTIMIZATION_LEVEL = "-O";
				VALIDATE_PRODUCT = YES;
			};
			name = Release;
		};
		CFBF56BF28ECC5F000E4EC7D /* Debug */ = {
			isa = XCBuildConfiguration;
			baseConfigurationReference = FB5EDD562FF7E2617CECC92B /* Pods-Plome.debug.xcconfig */;
			buildSettings = {
				ASSETCATALOG_COMPILER_APPICON_NAME = AppIcon;
				ASSETCATALOG_COMPILER_GLOBAL_ACCENT_COLOR_NAME = AccentColor;
				CODE_SIGN_STYLE = Automatic;
				CURRENT_PROJECT_VERSION = 1;
				DEVELOPMENT_TEAM = 6L49G5QS6U;
				GENERATE_INFOPLIST_FILE = YES;
				INFOPLIST_FILE = Plome/Info.plist;
				INFOPLIST_KEY_CFBundleDisplayName = "Plôme";
				INFOPLIST_KEY_LSApplicationCategoryType = "public.app-category.education";
				INFOPLIST_KEY_UIApplicationSupportsIndirectInputEvents = YES;
				INFOPLIST_KEY_UILaunchStoryboardName = LaunchScreen;
				INFOPLIST_KEY_UISupportedInterfaceOrientations = UIInterfaceOrientationPortrait;
				IPHONEOS_DEPLOYMENT_TARGET = 15.0;
				LD_RUNPATH_SEARCH_PATHS = (
					"$(inherited)",
					"@executable_path/Frameworks",
				);
				MARKETING_VERSION = 1.1;
				PRODUCT_BUNDLE_IDENTIFIER = com.Boublo.Plome;
				PRODUCT_NAME = "$(TARGET_NAME)";
				SUPPORTED_PLATFORMS = "iphoneos iphonesimulator";
				SUPPORTS_MACCATALYST = NO;
				SUPPORTS_MAC_DESIGNED_FOR_IPHONE_IPAD = NO;
				SWIFT_EMIT_LOC_STRINGS = YES;
				SWIFT_VERSION = 5.0;
				TARGETED_DEVICE_FAMILY = 1;
			};
			name = Debug;
		};
		CFBF56C028ECC5F000E4EC7D /* Release */ = {
			isa = XCBuildConfiguration;
			baseConfigurationReference = 68B02028B66FFAB401AFC34E /* Pods-Plome.release.xcconfig */;
			buildSettings = {
				ASSETCATALOG_COMPILER_APPICON_NAME = AppIcon;
				ASSETCATALOG_COMPILER_GLOBAL_ACCENT_COLOR_NAME = AccentColor;
				CODE_SIGN_STYLE = Automatic;
				CURRENT_PROJECT_VERSION = 1;
				DEVELOPMENT_TEAM = 6L49G5QS6U;
				GENERATE_INFOPLIST_FILE = YES;
				INFOPLIST_FILE = Plome/Info.plist;
				INFOPLIST_KEY_CFBundleDisplayName = "Plôme";
				INFOPLIST_KEY_LSApplicationCategoryType = "public.app-category.education";
				INFOPLIST_KEY_UIApplicationSupportsIndirectInputEvents = YES;
				INFOPLIST_KEY_UILaunchStoryboardName = LaunchScreen;
				INFOPLIST_KEY_UISupportedInterfaceOrientations = UIInterfaceOrientationPortrait;
				IPHONEOS_DEPLOYMENT_TARGET = 15.0;
				LD_RUNPATH_SEARCH_PATHS = (
					"$(inherited)",
					"@executable_path/Frameworks",
				);
				MARKETING_VERSION = 1.1;
				PRODUCT_BUNDLE_IDENTIFIER = com.Boublo.Plome;
				PRODUCT_NAME = "$(TARGET_NAME)";
				SUPPORTED_PLATFORMS = "iphoneos iphonesimulator";
				SUPPORTS_MACCATALYST = NO;
				SUPPORTS_MAC_DESIGNED_FOR_IPHONE_IPAD = NO;
				SWIFT_EMIT_LOC_STRINGS = YES;
				SWIFT_VERSION = 5.0;
				TARGETED_DEVICE_FAMILY = 1;
			};
			name = Release;
		};
/* End XCBuildConfiguration section */

/* Begin XCConfigurationList section */
		CF324075290BF82D00FC6666 /* Build configuration list for PBXNativeTarget "PlomeTests" */ = {
			isa = XCConfigurationList;
			buildConfigurations = (
				CF324076290BF82D00FC6666 /* Debug */,
				CF324077290BF82D00FC6666 /* Release */,
			);
			defaultConfigurationIsVisible = 0;
			defaultConfigurationName = Release;
		};
		CFBF56A528ECC5F000E4EC7D /* Build configuration list for PBXProject "Plome" */ = {
			isa = XCConfigurationList;
			buildConfigurations = (
				CFBF56BC28ECC5F000E4EC7D /* Debug */,
				CFBF56BD28ECC5F000E4EC7D /* Release */,
			);
			defaultConfigurationIsVisible = 0;
			defaultConfigurationName = Release;
		};
		CFBF56BE28ECC5F000E4EC7D /* Build configuration list for PBXNativeTarget "Plome" */ = {
			isa = XCConfigurationList;
			buildConfigurations = (
				CFBF56BF28ECC5F000E4EC7D /* Debug */,
				CFBF56C028ECC5F000E4EC7D /* Release */,
			);
			defaultConfigurationIsVisible = 0;
			defaultConfigurationName = Release;
		};
/* End XCConfigurationList section */
	};
	rootObject = CFBF56A228ECC5F000E4EC7D /* Project object */;
}
