// !$*UTF8*$!
{
	archiveVersion = 1;
	classes = {
	};
	objectVersion = 56;
	objects = {

/* Begin PBXBuildFile section */
		8B2DBE2FA670E91B0E7C8F66 /* Pods_PlomeCoreKit.framework in Frameworks */ = {isa = PBXBuildFile; fileRef = B3DD698738BEE02B69DC77D6 /* Pods_PlomeCoreKit.framework */; };
		CF0A26BB2905E7760099186E /* CoreDataRepository.swift in Sources */ = {isa = PBXBuildFile; fileRef = CF0A26BA2905E7760099186E /* CoreDataRepository.swift */; };
		CF0A26BD2905E9780099186E /* CoreDataManagerError.swift in Sources */ = {isa = PBXBuildFile; fileRef = CF0A26BC2905E9780099186E /* CoreDataManagerError.swift */; };
		CF0A26BF2905EC1A0099186E /* NSManagedObjectContext+extension.swift in Sources */ = {isa = PBXBuildFile; fileRef = CF0A26BE2905EC1A0099186E /* NSManagedObjectContext+extension.swift */; };
		CF135E21293D56E100ACFC6A /* FirebaseAnalytics in Frameworks */ = {isa = PBXBuildFile; productRef = CF135E20293D56E100ACFC6A /* FirebaseAnalytics */; };
		CF135E23293D56E100ACFC6A /* FirebaseCrashlytics in Frameworks */ = {isa = PBXBuildFile; productRef = CF135E22293D56E100ACFC6A /* FirebaseCrashlytics */; };
		CF135E25293D581900ACFC6A /* FirebaseCrashlytics in Frameworks */ = {isa = PBXBuildFile; productRef = CF135E24293D581900ACFC6A /* FirebaseCrashlytics */; };
		CF18517529342C1C003CB46F /* UIViewController.swift in Sources */ = {isa = PBXBuildFile; fileRef = CF18517429342C1C003CB46F /* UIViewController.swift */; };
		CF1C16FC295483A500E9EF03 /* UIPageViewController+extension.swift in Sources */ = {isa = PBXBuildFile; fileRef = CF1C16FB295483A500E9EF03 /* UIPageViewController+extension.swift */; };
		CF208F2228F94810001F83B1 /* CDSimulation.swift in Sources */ = {isa = PBXBuildFile; fileRef = CF208F1E28F94810001F83B1 /* CDSimulation.swift */; };
		CF208F2528F94C3C001F83B1 /* StorageProvider.swift in Sources */ = {isa = PBXBuildFile; fileRef = CF208F2428F94C3C001F83B1 /* StorageProvider.swift */; };
		CF208F5728F963A7001F83B1 /* DefaultSimulationModelsProvider.swift in Sources */ = {isa = PBXBuildFile; fileRef = CF208F5628F963A7001F83B1 /* DefaultSimulationModelsProvider.swift */; };
		CF208F5A28F96E9F001F83B1 /* BrevetExamsProvider.swift in Sources */ = {isa = PBXBuildFile; fileRef = CF208F5928F96E9F001F83B1 /* BrevetExamsProvider.swift */; };
		CF208F5C28F96EB9001F83B1 /* Exam.swift in Sources */ = {isa = PBXBuildFile; fileRef = CF208F5B28F96EB9001F83B1 /* Exam.swift */; };
		CF208F5E28F96F8B001F83B1 /* GeneralBACExamsProvider.swift in Sources */ = {isa = PBXBuildFile; fileRef = CF208F5D28F96F8B001F83B1 /* GeneralBACExamsProvider.swift */; };
		CF236879290AB13000D04AAD /* Collection+extension.swift in Sources */ = {isa = PBXBuildFile; fileRef = CF236878290AB13000D04AAD /* Collection+extension.swift */; };
		CF2CCBC829027C9E00FA14C4 /* TechnologicalBACExamsProvider.swift in Sources */ = {isa = PBXBuildFile; fileRef = CF2CCBC729027C9E00FA14C4 /* TechnologicalBACExamsProvider.swift */; };
		CF2CCBCA29027F3600FA14C4 /* Simulation.swift in Sources */ = {isa = PBXBuildFile; fileRef = CF2CCBC929027F3600FA14C4 /* Simulation.swift */; };
		CF2CCBD22902945500FA14C4 /* UIStackView+extension.swift in Sources */ = {isa = PBXBuildFile; fileRef = CF2CCBD12902945500FA14C4 /* UIStackView+extension.swift */; };
		CF33531F293A35DE00C40C99 /* CDExam.swift in Sources */ = {isa = PBXBuildFile; fileRef = CF33531D293A346D00C40C99 /* CDExam.swift */; };
		CF38704F2942AB4900593400 /* PlomeCoreKit.strings in Resources */ = {isa = PBXBuildFile; fileRef = CF3870512942AB4900593400 /* PlomeCoreKit.strings */; };
		CF3870542942B61C00593400 /* L10n.swift in Sources */ = {isa = PBXBuildFile; fileRef = CF3870532942B61C00593400 /* L10n.swift */; };
		CF3B9A8428F1DCBA00457A44 /* ModalTransition.swift in Sources */ = {isa = PBXBuildFile; fileRef = CF3B9A7E28F1DCBA00457A44 /* ModalTransition.swift */; };
		CF3B9A8528F1DCBA00457A44 /* Transition.swift in Sources */ = {isa = PBXBuildFile; fileRef = CF3B9A7F28F1DCBA00457A44 /* Transition.swift */; };
		CF3B9A8628F1DCBA00457A44 /* EmptyTransition.swift in Sources */ = {isa = PBXBuildFile; fileRef = CF3B9A8028F1DCBA00457A44 /* EmptyTransition.swift */; };
		CF3B9A8728F1DCBA00457A44 /* PushTransition.swift in Sources */ = {isa = PBXBuildFile; fileRef = CF3B9A8128F1DCBA00457A44 /* PushTransition.swift */; };
		CF3B9A8828F1DCBA00457A44 /* Router.swift in Sources */ = {isa = PBXBuildFile; fileRef = CF3B9A8228F1DCBA00457A44 /* Router.swift */; };
		CF3B9A8928F1DCBA00457A44 /* DefaultRouter.swift in Sources */ = {isa = PBXBuildFile; fileRef = CF3B9A8328F1DCBA00457A44 /* DefaultRouter.swift */; };
		CF3B9A9228F1E01A00457A44 /* UIFont+extension.swift in Sources */ = {isa = PBXBuildFile; fileRef = CF3B9A9128F1E01A00457A44 /* UIFont+extension.swift */; };
		CF3B9A9428F1E04400457A44 /* UIColor+extension.swift in Sources */ = {isa = PBXBuildFile; fileRef = CF3B9A9328F1E04400457A44 /* UIColor+extension.swift */; };
		CF3B9A9628F1E5E700457A44 /* UIView+extension.swift in Sources */ = {isa = PBXBuildFile; fileRef = CF3B9A9528F1E5E700457A44 /* UIView+extension.swift */; };
		CF3B9A9828F1E84100457A44 /* Configurable.swift in Sources */ = {isa = PBXBuildFile; fileRef = CF3B9A9728F1E84100457A44 /* Configurable.swift */; };
		CF45FA4C292423E900047B7D /* Numeric+extension.swift in Sources */ = {isa = PBXBuildFile; fileRef = CF45FA4B292423E900047B7D /* Numeric+extension.swift */; };
		CF45FA542924335C00047B7D /* PlomeCoreKitAppApp.swift in Sources */ = {isa = PBXBuildFile; fileRef = CF45FA532924335C00047B7D /* PlomeCoreKitAppApp.swift */; };
		CF45FA562924335C00047B7D /* ContentView.swift in Sources */ = {isa = PBXBuildFile; fileRef = CF45FA552924335C00047B7D /* ContentView.swift */; };
		CF45FA582924335D00047B7D /* Assets.xcassets in Resources */ = {isa = PBXBuildFile; fileRef = CF45FA572924335D00047B7D /* Assets.xcassets */; };
		CF45FA5B2924335D00047B7D /* Preview Assets.xcassets in Resources */ = {isa = PBXBuildFile; fileRef = CF45FA5A2924335D00047B7D /* Preview Assets.xcassets */; };
		CF4B5AEF292946B2005F8D18 /* Date+extension.swift in Sources */ = {isa = PBXBuildFile; fileRef = CF4B5AEE292946B1005F8D18 /* Date+extension.swift */; };
		CF4F1843291CFC0D003F005B /* IQKeyboardManagerSwift in Frameworks */ = {isa = PBXBuildFile; productRef = CF4F1842291CFC0D003F005B /* IQKeyboardManagerSwift */; };
		CF52B49E2939F6EE00AB6C9E /* DefaultSimulationModelStorageService.swift in Sources */ = {isa = PBXBuildFile; fileRef = CF52B49D2939F6EE00AB6C9E /* DefaultSimulationModelStorageService.swift */; };
		CF52B4A02939F72E00AB6C9E /* UserDefault.swift in Sources */ = {isa = PBXBuildFile; fileRef = CF52B49F2939F72E00AB6C9E /* UserDefault.swift */; };
		CF52B4A52939FB4400AB6C9E /* PlomeCoreKitModule.swift in Sources */ = {isa = PBXBuildFile; fileRef = CF52B4A42939FB4400AB6C9E /* PlomeCoreKitModule.swift */; };
		CF59EACE28ECD6B30041B33B /* PlomeCoreKit.docc in Sources */ = {isa = PBXBuildFile; fileRef = CF59EACD28ECD6B30041B33B /* PlomeCoreKit.docc */; };
		CF59EADA28ECD6B30041B33B /* PlomeCoreKit.h in Headers */ = {isa = PBXBuildFile; fileRef = CF59EACC28ECD6B30041B33B /* PlomeCoreKit.h */; settings = {ATTRIBUTES = (Public, ); }; };
		CF5B5F332921BD8C002EF9BD /* confetti.png in Resources */ = {isa = PBXBuildFile; fileRef = CF5B5F322921BD8C002EF9BD /* confetti.png */; };
		CF744C122978912500275447 /* ExamTests_testThatExamCreateFromJSON().json in Resources */ = {isa = PBXBuildFile; fileRef = CF744C112978912400275447 /* ExamTests_testThatExamCreateFromJSON().json */; };
		CF744C152978936700275447 /* Decodable+extension.swift in Sources */ = {isa = PBXBuildFile; fileRef = CF744C0F2978910D00275447 /* Decodable+extension.swift */; };
		CF744C192978948100275447 /* SimulationTests_testThatSimulationCreateFromJSON().json in Resources */ = {isa = PBXBuildFile; fileRef = CF744C182978948100275447 /* SimulationTests_testThatSimulationCreateFromJSON().json */; };
		CF77E106296B36090028E4C9 /* NSMutableData+extensions.swift in Sources */ = {isa = PBXBuildFile; fileRef = CF77E105296B36090028E4C9 /* NSMutableData+extensions.swift */; };
		CF7DED0329420CA7009DC817 /* ExamTests.swift in Sources */ = {isa = PBXBuildFile; fileRef = CF7DECFD29420CA7009DC817 /* ExamTests.swift */; };
		CF7DED0429420CA7009DC817 /* DefaultSimulationModelStorageServiceTests.swift in Sources */ = {isa = PBXBuildFile; fileRef = CF7DECFE29420CA7009DC817 /* DefaultSimulationModelStorageServiceTests.swift */; };
		CF7DED0529420CA7009DC817 /* CalculatorTests.swift in Sources */ = {isa = PBXBuildFile; fileRef = CF7DECFF29420CA7009DC817 /* CalculatorTests.swift */; };
		CF7DED0629420CA7009DC817 /* CalculatorShaperTests.swift in Sources */ = {isa = PBXBuildFile; fileRef = CF7DED0029420CA7009DC817 /* CalculatorShaperTests.swift */; };
		CF7DED0729420CA7009DC817 /* SimulationTests.swift in Sources */ = {isa = PBXBuildFile; fileRef = CF7DED0129420CA7009DC817 /* SimulationTests.swift */; };
		CF7DED0829420CA7009DC817 /* UserDefaultsTests.swift in Sources */ = {isa = PBXBuildFile; fileRef = CF7DED0229420CA7009DC817 /* UserDefaultsTests.swift */; };
		CF7DED0929420CC3009DC817 /* PlomeCoreKitTestsHelpers.framework in Frameworks */ = {isa = PBXBuildFile; fileRef = CFBFA08F292E69B700F36790 /* PlomeCoreKitTestsHelpers.framework */; };
		CF8A3D87290C0C9700694C3D /* ModuleProtocol.swift in Sources */ = {isa = PBXBuildFile; fileRef = CF8A3D86290C0C9700694C3D /* ModuleProtocol.swift */; };
		CF8F96E4291EAB88000815F8 /* Calculator.swift in Sources */ = {isa = PBXBuildFile; fileRef = CF8F96E3291EAB88000815F8 /* Calculator.swift */; };
		CFA7CAAE29185EE400F941F4 /* String+extension.swift in Sources */ = {isa = PBXBuildFile; fileRef = CFA7CAAD29185EE400F941F4 /* String+extension.swift */; };
		CFBFA092292E69B700F36790 /* PlomeCoreKitTestsHelpers.h in Headers */ = {isa = PBXBuildFile; fileRef = CFBFA091292E69B700F36790 /* PlomeCoreKitTestsHelpers.h */; settings = {ATTRIBUTES = (Public, ); }; };
		CFBFA09B292E69D400F36790 /* TestSimulationsProvider.swift in Sources */ = {isa = PBXBuildFile; fileRef = CF1B6473292526CA0051A7C3 /* TestSimulationsProvider.swift */; };
		CFC030E4296782A000C7F1B0 /* AppViewController.swift in Sources */ = {isa = PBXBuildFile; fileRef = CFC030E3296782A000C7F1B0 /* AppViewController.swift */; };
		CFC030E8296782BD00C7F1B0 /* ALProgressRing.swift in Sources */ = {isa = PBXBuildFile; fileRef = CFC030E5296782BC00C7F1B0 /* ALProgressRing.swift */; };
		CFC030E9296782BD00C7F1B0 /* ALProgressBar.swift in Sources */ = {isa = PBXBuildFile; fileRef = CFC030E6296782BD00C7F1B0 /* ALProgressBar.swift */; };
		CFC030EA296782BD00C7F1B0 /* ALTimingFunction.swift in Sources */ = {isa = PBXBuildFile; fileRef = CFC030E7296782BD00C7F1B0 /* ALTimingFunction.swift */; };
		CFC030EE296782C700C7F1B0 /* PrimaryCTA.swift in Sources */ = {isa = PBXBuildFile; fileRef = CFC030EB296782C700C7F1B0 /* PrimaryCTA.swift */; };
		CFC030EF296782C700C7F1B0 /* SecondaryCTA.swift in Sources */ = {isa = PBXBuildFile; fileRef = CFC030EC296782C700C7F1B0 /* SecondaryCTA.swift */; };
		CFC030F0296782C700C7F1B0 /* TertiaryCTA.swift in Sources */ = {isa = PBXBuildFile; fileRef = CFC030ED296782C700C7F1B0 /* TertiaryCTA.swift */; };
		CFC030F6296782D300C7F1B0 /* AppLabel.swift in Sources */ = {isa = PBXBuildFile; fileRef = CFC030F1296782D300C7F1B0 /* AppLabel.swift */; };
		CFC030F7296782D300C7F1B0 /* ConfettiView.swift in Sources */ = {isa = PBXBuildFile; fileRef = CFC030F2296782D300C7F1B0 /* ConfettiView.swift */; };
		CFC030F8296782D300C7F1B0 /* AppContextualAction.swift in Sources */ = {isa = PBXBuildFile; fileRef = CFC030F3296782D300C7F1B0 /* AppContextualAction.swift */; };
		CFC030F9296782D300C7F1B0 /* PlaceholderView.swift in Sources */ = {isa = PBXBuildFile; fileRef = CFC030F4296782D300C7F1B0 /* PlaceholderView.swift */; };
		CFC030FA296782D300C7F1B0 /* ExamTypeHeaderView.swift in Sources */ = {isa = PBXBuildFile; fileRef = CFC030F5296782D300C7F1B0 /* ExamTypeHeaderView.swift */; };
		CFC03100296782E100C7F1B0 /* PlomeFont.swift in Sources */ = {isa = PBXBuildFile; fileRef = CFC030FB296782E100C7F1B0 /* PlomeFont.swift */; };
		CFC03101296782E100C7F1B0 /* AppAppearance.swift in Sources */ = {isa = PBXBuildFile; fileRef = CFC030FC296782E100C7F1B0 /* AppAppearance.swift */; };
		CFC03102296782E100C7F1B0 /* Icons.swift in Sources */ = {isa = PBXBuildFile; fileRef = CFC030FD296782E100C7F1B0 /* Icons.swift */; };
		CFC03103296782E100C7F1B0 /* PlomeColor.swift in Sources */ = {isa = PBXBuildFile; fileRef = CFC030FE296782E100C7F1B0 /* PlomeColor.swift */; };
		CFC03104296782E100C7F1B0 /* AppStyles.swift in Sources */ = {isa = PBXBuildFile; fileRef = CFC030FF296782E100C7F1B0 /* AppStyles.swift */; };
		CFC133B72954FC31001A84B1 /* Lottie in Frameworks */ = {isa = PBXBuildFile; productRef = CFC133B62954FC31001A84B1 /* Lottie */; };
		CFD055A62941FC7B000D43BB /* PlomeCoreKit.framework in Frameworks */ = {isa = PBXBuildFile; fileRef = CF59EAC928ECD6B30041B33B /* PlomeCoreKit.framework */; };
		CFD067AD292FBD980034EE02 /* UIImage+extension.swift in Sources */ = {isa = PBXBuildFile; fileRef = CFD067AC292FBD980034EE02 /* UIImage+extension.swift */; };
		CFDA810629413741006C0D16 /* PlomeCoreKit.framework in Frameworks */ = {isa = PBXBuildFile; fileRef = CF59EAC928ECD6B30041B33B /* PlomeCoreKit.framework */; };
		CFE77756293A0DB500D0A90D /* MockCoreData.swift in Sources */ = {isa = PBXBuildFile; fileRef = CFE77755293A0DB500D0A90D /* MockCoreData.swift */; };
		CFEDAD7F2930104E00D56717 /* CalculatorShaper.swift in Sources */ = {isa = PBXBuildFile; fileRef = CFEDAD7E2930104E00D56717 /* CalculatorShaper.swift */; };
		CFF846FA290AE25800D31F5F /* Plome.xcdatamodeld in Sources */ = {isa = PBXBuildFile; fileRef = CFF846F8290AE25800D31F5F /* Plome.xcdatamodeld */; };
/* End PBXBuildFile section */

/* Begin PBXContainerItemProxy section */
		CFD055A72941FC7B000D43BB /* PBXContainerItemProxy */ = {
			isa = PBXContainerItemProxy;
			containerPortal = CF59EAC028ECD6B30041B33B /* Project object */;
			proxyType = 1;
			remoteGlobalIDString = CF59EAC828ECD6B30041B33B;
			remoteInfo = PlomeCoreKit;
		};
/* End PBXContainerItemProxy section */

/* Begin PBXFileReference section */
		B3DD698738BEE02B69DC77D6 /* Pods_PlomeCoreKit.framework */ = {isa = PBXFileReference; explicitFileType = wrapper.framework; includeInIndex = 0; path = Pods_PlomeCoreKit.framework; sourceTree = BUILT_PRODUCTS_DIR; };
		CF0A26BA2905E7760099186E /* CoreDataRepository.swift */ = {isa = PBXFileReference; fileEncoding = 4; lastKnownFileType = sourcecode.swift; path = CoreDataRepository.swift; sourceTree = "<group>"; };
		CF0A26BC2905E9780099186E /* CoreDataManagerError.swift */ = {isa = PBXFileReference; fileEncoding = 4; lastKnownFileType = sourcecode.swift; path = CoreDataManagerError.swift; sourceTree = "<group>"; };
		CF0A26BE2905EC1A0099186E /* NSManagedObjectContext+extension.swift */ = {isa = PBXFileReference; fileEncoding = 4; lastKnownFileType = sourcecode.swift; path = "NSManagedObjectContext+extension.swift"; sourceTree = "<group>"; };
		CF18517429342C1C003CB46F /* UIViewController.swift */ = {isa = PBXFileReference; lastKnownFileType = sourcecode.swift; path = UIViewController.swift; sourceTree = "<group>"; };
		CF1B6473292526CA0051A7C3 /* TestSimulationsProvider.swift */ = {isa = PBXFileReference; lastKnownFileType = sourcecode.swift; path = TestSimulationsProvider.swift; sourceTree = "<group>"; };
		CF1C16FB295483A500E9EF03 /* UIPageViewController+extension.swift */ = {isa = PBXFileReference; lastKnownFileType = sourcecode.swift; path = "UIPageViewController+extension.swift"; sourceTree = "<group>"; };
		CF208F1E28F94810001F83B1 /* CDSimulation.swift */ = {isa = PBXFileReference; fileEncoding = 4; lastKnownFileType = sourcecode.swift; path = CDSimulation.swift; sourceTree = "<group>"; };
		CF208F2428F94C3C001F83B1 /* StorageProvider.swift */ = {isa = PBXFileReference; fileEncoding = 4; lastKnownFileType = sourcecode.swift; path = StorageProvider.swift; sourceTree = "<group>"; };
		CF208F3E28F95BA2001F83B1 /* Info.plist */ = {isa = PBXFileReference; lastKnownFileType = text.plist; path = Info.plist; sourceTree = "<group>"; };
		CF208F5628F963A7001F83B1 /* DefaultSimulationModelsProvider.swift */ = {isa = PBXFileReference; lastKnownFileType = sourcecode.swift; path = DefaultSimulationModelsProvider.swift; sourceTree = "<group>"; };
		CF208F5928F96E9F001F83B1 /* BrevetExamsProvider.swift */ = {isa = PBXFileReference; lastKnownFileType = sourcecode.swift; path = BrevetExamsProvider.swift; sourceTree = "<group>"; };
		CF208F5B28F96EB9001F83B1 /* Exam.swift */ = {isa = PBXFileReference; lastKnownFileType = sourcecode.swift; path = Exam.swift; sourceTree = "<group>"; };
		CF208F5D28F96F8B001F83B1 /* GeneralBACExamsProvider.swift */ = {isa = PBXFileReference; lastKnownFileType = sourcecode.swift; path = GeneralBACExamsProvider.swift; sourceTree = "<group>"; };
		CF236878290AB13000D04AAD /* Collection+extension.swift */ = {isa = PBXFileReference; lastKnownFileType = sourcecode.swift; path = "Collection+extension.swift"; sourceTree = "<group>"; };
		CF2CCBC729027C9E00FA14C4 /* TechnologicalBACExamsProvider.swift */ = {isa = PBXFileReference; lastKnownFileType = sourcecode.swift; path = TechnologicalBACExamsProvider.swift; sourceTree = "<group>"; };
		CF2CCBC929027F3600FA14C4 /* Simulation.swift */ = {isa = PBXFileReference; lastKnownFileType = sourcecode.swift; path = Simulation.swift; sourceTree = "<group>"; };
		CF2CCBD12902945500FA14C4 /* UIStackView+extension.swift */ = {isa = PBXFileReference; lastKnownFileType = sourcecode.swift; path = "UIStackView+extension.swift"; sourceTree = "<group>"; };
		CF33531D293A346D00C40C99 /* CDExam.swift */ = {isa = PBXFileReference; fileEncoding = 4; lastKnownFileType = sourcecode.swift; path = CDExam.swift; sourceTree = "<group>"; };
		CF3870502942AB4900593400 /* en */ = {isa = PBXFileReference; lastKnownFileType = text.plist.strings; name = en; path = en.lproj/PlomeCoreKit.strings; sourceTree = "<group>"; };
		CF3870522942AB4E00593400 /* fr */ = {isa = PBXFileReference; lastKnownFileType = text.plist.strings; name = fr; path = fr.lproj/PlomeCoreKit.strings; sourceTree = "<group>"; };
		CF3870532942B61C00593400 /* L10n.swift */ = {isa = PBXFileReference; fileEncoding = 4; lastKnownFileType = sourcecode.swift; path = L10n.swift; sourceTree = "<group>"; };
		CF3B9A7E28F1DCBA00457A44 /* ModalTransition.swift */ = {isa = PBXFileReference; fileEncoding = 4; lastKnownFileType = sourcecode.swift; path = ModalTransition.swift; sourceTree = "<group>"; };
		CF3B9A7F28F1DCBA00457A44 /* Transition.swift */ = {isa = PBXFileReference; fileEncoding = 4; lastKnownFileType = sourcecode.swift; path = Transition.swift; sourceTree = "<group>"; };
		CF3B9A8028F1DCBA00457A44 /* EmptyTransition.swift */ = {isa = PBXFileReference; fileEncoding = 4; lastKnownFileType = sourcecode.swift; path = EmptyTransition.swift; sourceTree = "<group>"; };
		CF3B9A8128F1DCBA00457A44 /* PushTransition.swift */ = {isa = PBXFileReference; fileEncoding = 4; lastKnownFileType = sourcecode.swift; path = PushTransition.swift; sourceTree = "<group>"; };
		CF3B9A8228F1DCBA00457A44 /* Router.swift */ = {isa = PBXFileReference; fileEncoding = 4; lastKnownFileType = sourcecode.swift; path = Router.swift; sourceTree = "<group>"; };
		CF3B9A8328F1DCBA00457A44 /* DefaultRouter.swift */ = {isa = PBXFileReference; fileEncoding = 4; lastKnownFileType = sourcecode.swift; path = DefaultRouter.swift; sourceTree = "<group>"; };
		CF3B9A9128F1E01A00457A44 /* UIFont+extension.swift */ = {isa = PBXFileReference; lastKnownFileType = sourcecode.swift; path = "UIFont+extension.swift"; sourceTree = "<group>"; };
		CF3B9A9328F1E04400457A44 /* UIColor+extension.swift */ = {isa = PBXFileReference; lastKnownFileType = sourcecode.swift; path = "UIColor+extension.swift"; sourceTree = "<group>"; };
		CF3B9A9528F1E5E700457A44 /* UIView+extension.swift */ = {isa = PBXFileReference; fileEncoding = 4; lastKnownFileType = sourcecode.swift; path = "UIView+extension.swift"; sourceTree = "<group>"; };
		CF3B9A9728F1E84100457A44 /* Configurable.swift */ = {isa = PBXFileReference; fileEncoding = 4; lastKnownFileType = sourcecode.swift; path = Configurable.swift; sourceTree = "<group>"; };
		CF45FA4B292423E900047B7D /* Numeric+extension.swift */ = {isa = PBXFileReference; lastKnownFileType = sourcecode.swift; path = "Numeric+extension.swift"; sourceTree = "<group>"; };
		CF45FA512924335C00047B7D /* PlomeCoreKitApp.app */ = {isa = PBXFileReference; explicitFileType = wrapper.application; includeInIndex = 0; path = PlomeCoreKitApp.app; sourceTree = BUILT_PRODUCTS_DIR; };
		CF45FA532924335C00047B7D /* PlomeCoreKitAppApp.swift */ = {isa = PBXFileReference; lastKnownFileType = sourcecode.swift; path = PlomeCoreKitAppApp.swift; sourceTree = "<group>"; };
		CF45FA552924335C00047B7D /* ContentView.swift */ = {isa = PBXFileReference; lastKnownFileType = sourcecode.swift; path = ContentView.swift; sourceTree = "<group>"; };
		CF45FA572924335D00047B7D /* Assets.xcassets */ = {isa = PBXFileReference; lastKnownFileType = folder.assetcatalog; path = Assets.xcassets; sourceTree = "<group>"; };
		CF45FA5A2924335D00047B7D /* Preview Assets.xcassets */ = {isa = PBXFileReference; lastKnownFileType = folder.assetcatalog; path = "Preview Assets.xcassets"; sourceTree = "<group>"; };
		CF4893912915548500B97147 /* Plome_2.xcdatamodel */ = {isa = PBXFileReference; lastKnownFileType = wrapper.xcdatamodel; path = Plome_2.xcdatamodel; sourceTree = "<group>"; };
		CF4B5AEE292946B1005F8D18 /* Date+extension.swift */ = {isa = PBXFileReference; fileEncoding = 4; lastKnownFileType = sourcecode.swift; path = "Date+extension.swift"; sourceTree = "<group>"; };
		CF52B49D2939F6EE00AB6C9E /* DefaultSimulationModelStorageService.swift */ = {isa = PBXFileReference; lastKnownFileType = sourcecode.swift; path = DefaultSimulationModelStorageService.swift; sourceTree = "<group>"; };
		CF52B49F2939F72E00AB6C9E /* UserDefault.swift */ = {isa = PBXFileReference; fileEncoding = 4; lastKnownFileType = sourcecode.swift; path = UserDefault.swift; sourceTree = "<group>"; };
		CF52B4A42939FB4400AB6C9E /* PlomeCoreKitModule.swift */ = {isa = PBXFileReference; lastKnownFileType = sourcecode.swift; path = PlomeCoreKitModule.swift; sourceTree = "<group>"; };
		CF59EAC928ECD6B30041B33B /* PlomeCoreKit.framework */ = {isa = PBXFileReference; explicitFileType = wrapper.framework; includeInIndex = 0; path = PlomeCoreKit.framework; sourceTree = BUILT_PRODUCTS_DIR; };
		CF59EACC28ECD6B30041B33B /* PlomeCoreKit.h */ = {isa = PBXFileReference; lastKnownFileType = sourcecode.c.h; path = PlomeCoreKit.h; sourceTree = "<group>"; };
		CF59EACD28ECD6B30041B33B /* PlomeCoreKit.docc */ = {isa = PBXFileReference; lastKnownFileType = folder.documentationcatalog; path = PlomeCoreKit.docc; sourceTree = "<group>"; };
		CF5B5F322921BD8C002EF9BD /* confetti.png */ = {isa = PBXFileReference; lastKnownFileType = image.png; path = confetti.png; sourceTree = "<group>"; };
		CF744C0D29787C0600275447 /* Plome_ 3.xcdatamodel */ = {isa = PBXFileReference; lastKnownFileType = wrapper.xcdatamodel; path = "Plome_ 3.xcdatamodel"; sourceTree = "<group>"; };
		CF744C0F2978910D00275447 /* Decodable+extension.swift */ = {isa = PBXFileReference; fileEncoding = 4; lastKnownFileType = sourcecode.swift; path = "Decodable+extension.swift"; sourceTree = "<group>"; };
		CF744C112978912400275447 /* ExamTests_testThatExamCreateFromJSON().json */ = {isa = PBXFileReference; fileEncoding = 4; lastKnownFileType = text.json; path = "ExamTests_testThatExamCreateFromJSON().json"; sourceTree = "<group>"; };
		CF744C182978948100275447 /* SimulationTests_testThatSimulationCreateFromJSON().json */ = {isa = PBXFileReference; lastKnownFileType = text.json; path = "SimulationTests_testThatSimulationCreateFromJSON().json"; sourceTree = "<group>"; };
		CF77E105296B36090028E4C9 /* NSMutableData+extensions.swift */ = {isa = PBXFileReference; lastKnownFileType = sourcecode.swift; path = "NSMutableData+extensions.swift"; sourceTree = "<group>"; };
		CF7DECFC29420CA6009DC817 /* PlomeCoreKitTests-Bridging-Header.h */ = {isa = PBXFileReference; lastKnownFileType = sourcecode.c.h; path = "PlomeCoreKitTests-Bridging-Header.h"; sourceTree = "<group>"; };
		CF7DECFD29420CA7009DC817 /* ExamTests.swift */ = {isa = PBXFileReference; fileEncoding = 4; lastKnownFileType = sourcecode.swift; path = ExamTests.swift; sourceTree = "<group>"; };
		CF7DECFE29420CA7009DC817 /* DefaultSimulationModelStorageServiceTests.swift */ = {isa = PBXFileReference; fileEncoding = 4; lastKnownFileType = sourcecode.swift; path = DefaultSimulationModelStorageServiceTests.swift; sourceTree = "<group>"; };
		CF7DECFF29420CA7009DC817 /* CalculatorTests.swift */ = {isa = PBXFileReference; fileEncoding = 4; lastKnownFileType = sourcecode.swift; path = CalculatorTests.swift; sourceTree = "<group>"; };
		CF7DED0029420CA7009DC817 /* CalculatorShaperTests.swift */ = {isa = PBXFileReference; fileEncoding = 4; lastKnownFileType = sourcecode.swift; path = CalculatorShaperTests.swift; sourceTree = "<group>"; };
		CF7DED0129420CA7009DC817 /* SimulationTests.swift */ = {isa = PBXFileReference; fileEncoding = 4; lastKnownFileType = sourcecode.swift; path = SimulationTests.swift; sourceTree = "<group>"; };
		CF7DED0229420CA7009DC817 /* UserDefaultsTests.swift */ = {isa = PBXFileReference; fileEncoding = 4; lastKnownFileType = sourcecode.swift; path = UserDefaultsTests.swift; sourceTree = "<group>"; };
		CF8A3D86290C0C9700694C3D /* ModuleProtocol.swift */ = {isa = PBXFileReference; fileEncoding = 4; lastKnownFileType = sourcecode.swift; path = ModuleProtocol.swift; sourceTree = "<group>"; };
		CF8F96E3291EAB88000815F8 /* Calculator.swift */ = {isa = PBXFileReference; lastKnownFileType = sourcecode.swift; path = Calculator.swift; sourceTree = "<group>"; };
		CFA7CAAD29185EE400F941F4 /* String+extension.swift */ = {isa = PBXFileReference; lastKnownFileType = sourcecode.swift; path = "String+extension.swift"; sourceTree = "<group>"; };
		CFBFA08F292E69B700F36790 /* PlomeCoreKitTestsHelpers.framework */ = {isa = PBXFileReference; explicitFileType = wrapper.framework; includeInIndex = 0; path = PlomeCoreKitTestsHelpers.framework; sourceTree = BUILT_PRODUCTS_DIR; };
		CFBFA091292E69B700F36790 /* PlomeCoreKitTestsHelpers.h */ = {isa = PBXFileReference; lastKnownFileType = sourcecode.c.h; path = PlomeCoreKitTestsHelpers.h; sourceTree = "<group>"; };
		CFC030E3296782A000C7F1B0 /* AppViewController.swift */ = {isa = PBXFileReference; fileEncoding = 4; lastKnownFileType = sourcecode.swift; path = AppViewController.swift; sourceTree = "<group>"; };
		CFC030E5296782BC00C7F1B0 /* ALProgressRing.swift */ = {isa = PBXFileReference; fileEncoding = 4; lastKnownFileType = sourcecode.swift; path = ALProgressRing.swift; sourceTree = "<group>"; };
		CFC030E6296782BD00C7F1B0 /* ALProgressBar.swift */ = {isa = PBXFileReference; fileEncoding = 4; lastKnownFileType = sourcecode.swift; path = ALProgressBar.swift; sourceTree = "<group>"; };
		CFC030E7296782BD00C7F1B0 /* ALTimingFunction.swift */ = {isa = PBXFileReference; fileEncoding = 4; lastKnownFileType = sourcecode.swift; path = ALTimingFunction.swift; sourceTree = "<group>"; };
		CFC030EB296782C700C7F1B0 /* PrimaryCTA.swift */ = {isa = PBXFileReference; fileEncoding = 4; lastKnownFileType = sourcecode.swift; path = PrimaryCTA.swift; sourceTree = "<group>"; };
		CFC030EC296782C700C7F1B0 /* SecondaryCTA.swift */ = {isa = PBXFileReference; fileEncoding = 4; lastKnownFileType = sourcecode.swift; path = SecondaryCTA.swift; sourceTree = "<group>"; };
		CFC030ED296782C700C7F1B0 /* TertiaryCTA.swift */ = {isa = PBXFileReference; fileEncoding = 4; lastKnownFileType = sourcecode.swift; path = TertiaryCTA.swift; sourceTree = "<group>"; };
		CFC030F1296782D300C7F1B0 /* AppLabel.swift */ = {isa = PBXFileReference; fileEncoding = 4; lastKnownFileType = sourcecode.swift; path = AppLabel.swift; sourceTree = "<group>"; };
		CFC030F2296782D300C7F1B0 /* ConfettiView.swift */ = {isa = PBXFileReference; fileEncoding = 4; lastKnownFileType = sourcecode.swift; path = ConfettiView.swift; sourceTree = "<group>"; };
		CFC030F3296782D300C7F1B0 /* AppContextualAction.swift */ = {isa = PBXFileReference; fileEncoding = 4; lastKnownFileType = sourcecode.swift; path = AppContextualAction.swift; sourceTree = "<group>"; };
		CFC030F4296782D300C7F1B0 /* PlaceholderView.swift */ = {isa = PBXFileReference; fileEncoding = 4; lastKnownFileType = sourcecode.swift; path = PlaceholderView.swift; sourceTree = "<group>"; };
		CFC030F5296782D300C7F1B0 /* ExamTypeHeaderView.swift */ = {isa = PBXFileReference; fileEncoding = 4; lastKnownFileType = sourcecode.swift; path = ExamTypeHeaderView.swift; sourceTree = "<group>"; };
		CFC030FB296782E100C7F1B0 /* PlomeFont.swift */ = {isa = PBXFileReference; fileEncoding = 4; lastKnownFileType = sourcecode.swift; path = PlomeFont.swift; sourceTree = "<group>"; };
		CFC030FC296782E100C7F1B0 /* AppAppearance.swift */ = {isa = PBXFileReference; fileEncoding = 4; lastKnownFileType = sourcecode.swift; path = AppAppearance.swift; sourceTree = "<group>"; };
		CFC030FD296782E100C7F1B0 /* Icons.swift */ = {isa = PBXFileReference; fileEncoding = 4; lastKnownFileType = sourcecode.swift; path = Icons.swift; sourceTree = "<group>"; };
		CFC030FE296782E100C7F1B0 /* PlomeColor.swift */ = {isa = PBXFileReference; fileEncoding = 4; lastKnownFileType = sourcecode.swift; path = PlomeColor.swift; sourceTree = "<group>"; };
		CFC030FF296782E100C7F1B0 /* AppStyles.swift */ = {isa = PBXFileReference; fileEncoding = 4; lastKnownFileType = sourcecode.swift; path = AppStyles.swift; sourceTree = "<group>"; };
		CFD055A22941FC7B000D43BB /* PlomeCoreKitTests.xctest */ = {isa = PBXFileReference; explicitFileType = wrapper.cfbundle; includeInIndex = 0; path = PlomeCoreKitTests.xctest; sourceTree = BUILT_PRODUCTS_DIR; };
		CFD067AC292FBD980034EE02 /* UIImage+extension.swift */ = {isa = PBXFileReference; lastKnownFileType = sourcecode.swift; path = "UIImage+extension.swift"; sourceTree = "<group>"; };
		CFE77755293A0DB500D0A90D /* MockCoreData.swift */ = {isa = PBXFileReference; fileEncoding = 4; lastKnownFileType = sourcecode.swift; path = MockCoreData.swift; sourceTree = "<group>"; };
		CFEDAD7E2930104E00D56717 /* CalculatorShaper.swift */ = {isa = PBXFileReference; lastKnownFileType = sourcecode.swift; path = CalculatorShaper.swift; sourceTree = "<group>"; };
		CFF846F9290AE25800D31F5F /* Plome.xcdatamodel */ = {isa = PBXFileReference; lastKnownFileType = wrapper.xcdatamodel; path = Plome.xcdatamodel; sourceTree = "<group>"; };
		D35ACA5817005CB0401A334A /* Pods-PlomeCoreKit.release.xcconfig */ = {isa = PBXFileReference; includeInIndex = 1; lastKnownFileType = text.xcconfig; name = "Pods-PlomeCoreKit.release.xcconfig"; path = "Target Support Files/Pods-PlomeCoreKit/Pods-PlomeCoreKit.release.xcconfig"; sourceTree = "<group>"; };
		FE3D2C5F7369A41DDD3105C1 /* Pods-PlomeCoreKit.debug.xcconfig */ = {isa = PBXFileReference; includeInIndex = 1; lastKnownFileType = text.xcconfig; name = "Pods-PlomeCoreKit.debug.xcconfig"; path = "Target Support Files/Pods-PlomeCoreKit/Pods-PlomeCoreKit.debug.xcconfig"; sourceTree = "<group>"; };
/* End PBXFileReference section */

/* Begin PBXFrameworksBuildPhase section */
		CF45FA4E2924335C00047B7D /* Frameworks */ = {
			isa = PBXFrameworksBuildPhase;
			buildActionMask = 2147483647;
			files = (
			);
			runOnlyForDeploymentPostprocessing = 0;
		};
		CF59EAC628ECD6B30041B33B /* Frameworks */ = {
			isa = PBXFrameworksBuildPhase;
			buildActionMask = 2147483647;
			files = (
				CF135E23293D56E100ACFC6A /* FirebaseCrashlytics in Frameworks */,
				CF135E21293D56E100ACFC6A /* FirebaseAnalytics in Frameworks */,
				CF4F1843291CFC0D003F005B /* IQKeyboardManagerSwift in Frameworks */,
				CFC133B72954FC31001A84B1 /* Lottie in Frameworks */,
				8B2DBE2FA670E91B0E7C8F66 /* Pods_PlomeCoreKit.framework in Frameworks */,
			);
			runOnlyForDeploymentPostprocessing = 0;
		};
		CFBFA08C292E69B700F36790 /* Frameworks */ = {
			isa = PBXFrameworksBuildPhase;
			buildActionMask = 2147483647;
			files = (
				CFDA810629413741006C0D16 /* PlomeCoreKit.framework in Frameworks */,
				CF135E25293D581900ACFC6A /* FirebaseCrashlytics in Frameworks */,
			);
			runOnlyForDeploymentPostprocessing = 0;
		};
		CFD0559F2941FC7B000D43BB /* Frameworks */ = {
			isa = PBXFrameworksBuildPhase;
			buildActionMask = 2147483647;
			files = (
				CF7DED0929420CC3009DC817 /* PlomeCoreKitTestsHelpers.framework in Frameworks */,
				CFD055A62941FC7B000D43BB /* PlomeCoreKit.framework in Frameworks */,
			);
			runOnlyForDeploymentPostprocessing = 0;
		};
/* End PBXFrameworksBuildPhase section */

/* Begin PBXGroup section */
		95D15205379464F973C31C34 /* Pods */ = {
			isa = PBXGroup;
			children = (
				FE3D2C5F7369A41DDD3105C1 /* Pods-PlomeCoreKit.debug.xcconfig */,
				D35ACA5817005CB0401A334A /* Pods-PlomeCoreKit.release.xcconfig */,
			);
			name = Pods;
			path = ../../Pods;
			sourceTree = "<group>";
		};
		CF0C7A6A292FDC2E00E49803 /* CTA */ = {
			isa = PBXGroup;
			children = (
				CFC030EB296782C700C7F1B0 /* PrimaryCTA.swift */,
				CFC030EC296782C700C7F1B0 /* SecondaryCTA.swift */,
				CFC030ED296782C700C7F1B0 /* TertiaryCTA.swift */,
			);
			path = CTA;
			sourceTree = "<group>";
		};
		CF208F1728F9459A001F83B1 /* CoreData */ = {
			isa = PBXGroup;
			children = (
				CFF846F8290AE25800D31F5F /* Plome.xcdatamodeld */,
				CF208F2428F94C3C001F83B1 /* StorageProvider.swift */,
				CF0A26BA2905E7760099186E /* CoreDataRepository.swift */,
				CF0A26BC2905E9780099186E /* CoreDataManagerError.swift */,
				CF208F1B28F946CD001F83B1 /* Model */,
			);
			path = CoreData;
			sourceTree = "<group>";
		};
		CF208F1B28F946CD001F83B1 /* Model */ = {
			isa = PBXGroup;
			children = (
				CF33531D293A346D00C40C99 /* CDExam.swift */,
				CF208F1E28F94810001F83B1 /* CDSimulation.swift */,
			);
			path = Model;
			sourceTree = "<group>";
		};
		CF208F5828F96E6D001F83B1 /* DefaultsSimulationModel */ = {
			isa = PBXGroup;
			children = (
				CF52B49D2939F6EE00AB6C9E /* DefaultSimulationModelStorageService.swift */,
				CF208F5628F963A7001F83B1 /* DefaultSimulationModelsProvider.swift */,
				CF208F5928F96E9F001F83B1 /* BrevetExamsProvider.swift */,
				CF208F5D28F96F8B001F83B1 /* GeneralBACExamsProvider.swift */,
				CF2CCBC729027C9E00FA14C4 /* TechnologicalBACExamsProvider.swift */,
				CF208F5B28F96EB9001F83B1 /* Exam.swift */,
				CF2CCBC929027F3600FA14C4 /* Simulation.swift */,
			);
			path = DefaultsSimulationModel;
			sourceTree = "<group>";
		};
		CF38704C2942AAD200593400 /* Localization */ = {
			isa = PBXGroup;
			children = (
				CF3870512942AB4900593400 /* PlomeCoreKit.strings */,
			);
			path = Localization;
			sourceTree = "<group>";
		};
		CF3B9A7C28F1DCBA00457A44 /* Router */ = {
			isa = PBXGroup;
			children = (
				CF3B9A7D28F1DCBA00457A44 /* Transition */,
				CF3B9A8228F1DCBA00457A44 /* Router.swift */,
				CF3B9A8328F1DCBA00457A44 /* DefaultRouter.swift */,
			);
			path = Router;
			sourceTree = "<group>";
		};
		CF3B9A7D28F1DCBA00457A44 /* Transition */ = {
			isa = PBXGroup;
			children = (
				CF3B9A7E28F1DCBA00457A44 /* ModalTransition.swift */,
				CF3B9A7F28F1DCBA00457A44 /* Transition.swift */,
				CF3B9A8028F1DCBA00457A44 /* EmptyTransition.swift */,
				CF3B9A8128F1DCBA00457A44 /* PushTransition.swift */,
			);
			path = Transition;
			sourceTree = "<group>";
		};
		CF3B9A9028F1E00B00457A44 /* Extensions */ = {
			isa = PBXGroup;
			children = (
				CF52B4A12939FB0E00AB6C9E /* UI */,
				CF4B5AEE292946B1005F8D18 /* Date+extension.swift */,
				CF0A26BE2905EC1A0099186E /* NSManagedObjectContext+extension.swift */,
				CF236878290AB13000D04AAD /* Collection+extension.swift */,
				CFA7CAAD29185EE400F941F4 /* String+extension.swift */,
				CF45FA4B292423E900047B7D /* Numeric+extension.swift */,
				CF77E105296B36090028E4C9 /* NSMutableData+extensions.swift */,
			);
			path = Extensions;
			sourceTree = "<group>";
		};
		CF3B9A9928F1EB0B00457A44 /* Style */ = {
			isa = PBXGroup;
			children = (
				CFC030FC296782E100C7F1B0 /* AppAppearance.swift */,
				CFC030FF296782E100C7F1B0 /* AppStyles.swift */,
				CFC030FD296782E100C7F1B0 /* Icons.swift */,
				CFC030FE296782E100C7F1B0 /* PlomeColor.swift */,
				CFC030FB296782E100C7F1B0 /* PlomeFont.swift */,
			);
			path = Style;
			sourceTree = "<group>";
		};
		CF45FA522924335C00047B7D /* PlomeCoreKitApp */ = {
			isa = PBXGroup;
			children = (
				CF45FA532924335C00047B7D /* PlomeCoreKitAppApp.swift */,
				CF45FA552924335C00047B7D /* ContentView.swift */,
				CF45FA572924335D00047B7D /* Assets.xcassets */,
				CF45FA592924335D00047B7D /* Preview Content */,
			);
			path = PlomeCoreKitApp;
			sourceTree = "<group>";
		};
		CF45FA592924335D00047B7D /* Preview Content */ = {
			isa = PBXGroup;
			children = (
				CF45FA5A2924335D00047B7D /* Preview Assets.xcassets */,
			);
			path = "Preview Content";
			sourceTree = "<group>";
		};
		CF48938C2915273900B97147 /* Components */ = {
			isa = PBXGroup;
			children = (
				CF0C7A6A292FDC2E00E49803 /* CTA */,
				CF8E3D212923BF83001B1AC8 /* ALProgress */,
				CFC030E3296782A000C7F1B0 /* AppViewController.swift */,
				CFC030F3296782D300C7F1B0 /* AppContextualAction.swift */,
				CFC030F1296782D300C7F1B0 /* AppLabel.swift */,
				CFC030F2296782D300C7F1B0 /* ConfettiView.swift */,
				CFC030F5296782D300C7F1B0 /* ExamTypeHeaderView.swift */,
				CFC030F4296782D300C7F1B0 /* PlaceholderView.swift */,
			);
			path = Components;
			sourceTree = "<group>";
		};
		CF52B4A12939FB0E00AB6C9E /* UI */ = {
			isa = PBXGroup;
			children = (
				CF3B9A9128F1E01A00457A44 /* UIFont+extension.swift */,
				CF3B9A9528F1E5E700457A44 /* UIView+extension.swift */,
				CF3B9A9328F1E04400457A44 /* UIColor+extension.swift */,
				CF2CCBD12902945500FA14C4 /* UIStackView+extension.swift */,
				CFD067AC292FBD980034EE02 /* UIImage+extension.swift */,
				CF18517429342C1C003CB46F /* UIViewController.swift */,
				CF1C16FB295483A500E9EF03 /* UIPageViewController+extension.swift */,
			);
			path = UI;
			sourceTree = "<group>";
		};
		CF59EABF28ECD6B30041B33B = {
			isa = PBXGroup;
			children = (
				CF59EACB28ECD6B30041B33B /* PlomeCoreKit */,
				CF45FA522924335C00047B7D /* PlomeCoreKitApp */,
				CFBFA090292E69B700F36790 /* PlomeCoreKitTestsHelpers */,
				CFD055A32941FC7B000D43BB /* PlomeCoreKitTests */,
				CF59EACA28ECD6B30041B33B /* Products */,
				CFABB38B293D50D000C36355 /* Frameworks */,
				95D15205379464F973C31C34 /* Pods */,
			);
			sourceTree = "<group>";
		};
		CF59EACA28ECD6B30041B33B /* Products */ = {
			isa = PBXGroup;
			children = (
				CF59EAC928ECD6B30041B33B /* PlomeCoreKit.framework */,
				CF45FA512924335C00047B7D /* PlomeCoreKitApp.app */,
				CFBFA08F292E69B700F36790 /* PlomeCoreKitTestsHelpers.framework */,
				CFD055A22941FC7B000D43BB /* PlomeCoreKitTests.xctest */,
			);
			name = Products;
			sourceTree = "<group>";
		};
		CF59EACB28ECD6B30041B33B /* PlomeCoreKit */ = {
			isa = PBXGroup;
			children = (
				CF208F3E28F95BA2001F83B1 /* Info.plist */,
				CF59EACC28ECD6B30041B33B /* PlomeCoreKit.h */,
				CF59EACD28ECD6B30041B33B /* PlomeCoreKit.docc */,
				CF3B9A9728F1E84100457A44 /* Configurable.swift */,
				CF52B4A42939FB4400AB6C9E /* PlomeCoreKitModule.swift */,
				CF8A3D86290C0C9700694C3D /* ModuleProtocol.swift */,
				CF52B49F2939F72E00AB6C9E /* UserDefault.swift */,
				CF5B5F312921BD79002EF9BD /* Ressources */,
				CF8F96E2291EAB4E000815F8 /* Calculator */,
				CF48938C2915273900B97147 /* Components */,
				CF208F5828F96E6D001F83B1 /* DefaultsSimulationModel */,
				CF208F1728F9459A001F83B1 /* CoreData */,
				CF3B9A9928F1EB0B00457A44 /* Style */,
				CF3B9A9028F1E00B00457A44 /* Extensions */,
				CF3B9A7C28F1DCBA00457A44 /* Router */,
			);
			path = PlomeCoreKit;
			sourceTree = "<group>";
		};
		CF5B5F312921BD79002EF9BD /* Ressources */ = {
			isa = PBXGroup;
			children = (
				CF3870532942B61C00593400 /* L10n.swift */,
				CF38704C2942AAD200593400 /* Localization */,
				CF5B5F322921BD8C002EF9BD /* confetti.png */,
			);
			path = Ressources;
			sourceTree = "<group>";
		};
		CF744C0E297890D400275447 /* JSONModel */ = {
			isa = PBXGroup;
			children = (
				CF744C112978912400275447 /* ExamTests_testThatExamCreateFromJSON().json */,
				CF744C182978948100275447 /* SimulationTests_testThatSimulationCreateFromJSON().json */,
			);
			path = JSONModel;
			sourceTree = "<group>";
		};
		CF8E3D212923BF83001B1AC8 /* ALProgress */ = {
			isa = PBXGroup;
			children = (
				CFC030E6296782BD00C7F1B0 /* ALProgressBar.swift */,
				CFC030E5296782BC00C7F1B0 /* ALProgressRing.swift */,
				CFC030E7296782BD00C7F1B0 /* ALTimingFunction.swift */,
			);
			path = ALProgress;
			sourceTree = "<group>";
		};
		CF8F96E2291EAB4E000815F8 /* Calculator */ = {
			isa = PBXGroup;
			children = (
				CF8F96E3291EAB88000815F8 /* Calculator.swift */,
				CFEDAD7E2930104E00D56717 /* CalculatorShaper.swift */,
			);
			path = Calculator;
			sourceTree = "<group>";
		};
		CFABB38B293D50D000C36355 /* Frameworks */ = {
			isa = PBXGroup;
			children = (
				B3DD698738BEE02B69DC77D6 /* Pods_PlomeCoreKit.framework */,
			);
			name = Frameworks;
			sourceTree = "<group>";
		};
		CFBFA090292E69B700F36790 /* PlomeCoreKitTestsHelpers */ = {
			isa = PBXGroup;
			children = (
				CFE77754293A0DA300D0A90D /* Mocks */,
				CF1B6473292526CA0051A7C3 /* TestSimulationsProvider.swift */,
				CF744C0F2978910D00275447 /* Decodable+extension.swift */,
				CFBFA091292E69B700F36790 /* PlomeCoreKitTestsHelpers.h */,
			);
			path = PlomeCoreKitTestsHelpers;
			sourceTree = "<group>";
		};
		CFD055A32941FC7B000D43BB /* PlomeCoreKitTests */ = {
			isa = PBXGroup;
			children = (
				CF744C0E297890D400275447 /* JSONModel */,
				CF7DED0029420CA7009DC817 /* CalculatorShaperTests.swift */,
				CF7DECFF29420CA7009DC817 /* CalculatorTests.swift */,
				CF7DECFE29420CA7009DC817 /* DefaultSimulationModelStorageServiceTests.swift */,
				CF7DECFD29420CA7009DC817 /* ExamTests.swift */,
				CF7DED0129420CA7009DC817 /* SimulationTests.swift */,
				CF7DED0229420CA7009DC817 /* UserDefaultsTests.swift */,
				CF7DECFC29420CA6009DC817 /* PlomeCoreKitTests-Bridging-Header.h */,
			);
			path = PlomeCoreKitTests;
			sourceTree = "<group>";
		};
		CFE77754293A0DA300D0A90D /* Mocks */ = {
			isa = PBXGroup;
			children = (
				CFE77755293A0DB500D0A90D /* MockCoreData.swift */,
			);
			path = Mocks;
			sourceTree = "<group>";
		};
/* End PBXGroup section */

/* Begin PBXHeadersBuildPhase section */
		CF59EAC428ECD6B30041B33B /* Headers */ = {
			isa = PBXHeadersBuildPhase;
			buildActionMask = 2147483647;
			files = (
				CF59EADA28ECD6B30041B33B /* PlomeCoreKit.h in Headers */,
			);
			runOnlyForDeploymentPostprocessing = 0;
		};
		CFBFA08A292E69B700F36790 /* Headers */ = {
			isa = PBXHeadersBuildPhase;
			buildActionMask = 2147483647;
			files = (
				CFBFA092292E69B700F36790 /* PlomeCoreKitTestsHelpers.h in Headers */,
			);
			runOnlyForDeploymentPostprocessing = 0;
		};
/* End PBXHeadersBuildPhase section */

/* Begin PBXNativeTarget section */
		CF45FA502924335C00047B7D /* PlomeCoreKitApp */ = {
			isa = PBXNativeTarget;
			buildConfigurationList = CF45FA5C2924335D00047B7D /* Build configuration list for PBXNativeTarget "PlomeCoreKitApp" */;
			buildPhases = (
				CF45FA4D2924335C00047B7D /* Sources */,
				CF45FA4E2924335C00047B7D /* Frameworks */,
				CF45FA4F2924335C00047B7D /* Resources */,
			);
			buildRules = (
			);
			dependencies = (
			);
			name = PlomeCoreKitApp;
			productName = PlomeCoreKitApp;
			productReference = CF45FA512924335C00047B7D /* PlomeCoreKitApp.app */;
			productType = "com.apple.product-type.application";
		};
		CF59EAC828ECD6B30041B33B /* PlomeCoreKit */ = {
			isa = PBXNativeTarget;
			buildConfigurationList = CF59EADD28ECD6B30041B33B /* Build configuration list for PBXNativeTarget "PlomeCoreKit" */;
			buildPhases = (
				4BEA06601C9A23BF99C77D88 /* [CP] Check Pods Manifest.lock */,
				CF59EAC428ECD6B30041B33B /* Headers */,
				CF59EAC528ECD6B30041B33B /* Sources */,
				CF59EAC628ECD6B30041B33B /* Frameworks */,
				CF59EAC728ECD6B30041B33B /* Resources */,
			);
			buildRules = (
			);
			dependencies = (
			);
			name = PlomeCoreKit;
			packageProductDependencies = (
				CF4F1842291CFC0D003F005B /* IQKeyboardManagerSwift */,
				CF135E20293D56E100ACFC6A /* FirebaseAnalytics */,
				CF135E22293D56E100ACFC6A /* FirebaseCrashlytics */,
				CFC133B62954FC31001A84B1 /* Lottie */,
			);
			productName = PlomeCoreKit;
			productReference = CF59EAC928ECD6B30041B33B /* PlomeCoreKit.framework */;
			productType = "com.apple.product-type.framework";
		};
		CFBFA08E292E69B700F36790 /* PlomeCoreKitTestsHelpers */ = {
			isa = PBXNativeTarget;
			buildConfigurationList = CFBFA09A292E69B700F36790 /* Build configuration list for PBXNativeTarget "PlomeCoreKitTestsHelpers" */;
			buildPhases = (
				CFBFA08A292E69B700F36790 /* Headers */,
				CFBFA08B292E69B700F36790 /* Sources */,
				CFBFA08C292E69B700F36790 /* Frameworks */,
				CFBFA08D292E69B700F36790 /* Resources */,
			);
			buildRules = (
			);
			dependencies = (
			);
			name = PlomeCoreKitTestsHelpers;
			packageProductDependencies = (
				CF135E24293D581900ACFC6A /* FirebaseCrashlytics */,
			);
			productName = PlomeCoreKitTestsHelpers;
			productReference = CFBFA08F292E69B700F36790 /* PlomeCoreKitTestsHelpers.framework */;
			productType = "com.apple.product-type.framework";
		};
		CFD055A12941FC7B000D43BB /* PlomeCoreKitTests */ = {
			isa = PBXNativeTarget;
			buildConfigurationList = CFD055A92941FC7B000D43BB /* Build configuration list for PBXNativeTarget "PlomeCoreKitTests" */;
			buildPhases = (
				CFD0559E2941FC7B000D43BB /* Sources */,
				CFD0559F2941FC7B000D43BB /* Frameworks */,
				CFD055A02941FC7B000D43BB /* Resources */,
			);
			buildRules = (
			);
			dependencies = (
				CFD055A82941FC7B000D43BB /* PBXTargetDependency */,
			);
			name = PlomeCoreKitTests;
			productName = PlomeCoreKitTests;
			productReference = CFD055A22941FC7B000D43BB /* PlomeCoreKitTests.xctest */;
			productType = "com.apple.product-type.bundle.unit-test";
		};
/* End PBXNativeTarget section */

/* Begin PBXProject section */
		CF59EAC028ECD6B30041B33B /* Project object */ = {
			isa = PBXProject;
			attributes = {
				BuildIndependentTargetsInParallel = 1;
				LastSwiftUpdateCheck = 1410;
				LastUpgradeCheck = 1400;
				TargetAttributes = {
					CF45FA502924335C00047B7D = {
						CreatedOnToolsVersion = 14.1;
					};
					CF59EAC828ECD6B30041B33B = {
						CreatedOnToolsVersion = 14.0.1;
					};
					CFBFA08E292E69B700F36790 = {
						CreatedOnToolsVersion = 14.1;
					};
					CFD055A12941FC7B000D43BB = {
						CreatedOnToolsVersion = 14.1;
						LastSwiftMigration = 1410;
					};
				};
			};
			buildConfigurationList = CF59EAC328ECD6B30041B33B /* Build configuration list for PBXProject "PlomeCoreKit" */;
			compatibilityVersion = "Xcode 14.0";
			developmentRegion = en;
			hasScannedForEncodings = 0;
			knownRegions = (
				en,
				Base,
				fr,
			);
			mainGroup = CF59EABF28ECD6B30041B33B;
			packageReferences = (
				CF4F1841291CFC0D003F005B /* XCRemoteSwiftPackageReference "IQKeyboardManager" */,
				CF135E1F293D56E100ACFC6A /* XCRemoteSwiftPackageReference "firebase-ios-sdk" */,
				CFC133B52954FC31001A84B1 /* XCRemoteSwiftPackageReference "lottie-ios" */,
			);
			productRefGroup = CF59EACA28ECD6B30041B33B /* Products */;
			projectDirPath = "";
			projectRoot = "";
			targets = (
				CF59EAC828ECD6B30041B33B /* PlomeCoreKit */,
				CF45FA502924335C00047B7D /* PlomeCoreKitApp */,
				CFBFA08E292E69B700F36790 /* PlomeCoreKitTestsHelpers */,
				CFD055A12941FC7B000D43BB /* PlomeCoreKitTests */,
			);
		};
/* End PBXProject section */

/* Begin PBXResourcesBuildPhase section */
		CF45FA4F2924335C00047B7D /* Resources */ = {
			isa = PBXResourcesBuildPhase;
			buildActionMask = 2147483647;
			files = (
				CF45FA5B2924335D00047B7D /* Preview Assets.xcassets in Resources */,
				CF45FA582924335D00047B7D /* Assets.xcassets in Resources */,
			);
			runOnlyForDeploymentPostprocessing = 0;
		};
		CF59EAC728ECD6B30041B33B /* Resources */ = {
			isa = PBXResourcesBuildPhase;
			buildActionMask = 2147483647;
			files = (
				CF5B5F332921BD8C002EF9BD /* confetti.png in Resources */,
				CF38704F2942AB4900593400 /* PlomeCoreKit.strings in Resources */,
			);
			runOnlyForDeploymentPostprocessing = 0;
		};
		CFBFA08D292E69B700F36790 /* Resources */ = {
			isa = PBXResourcesBuildPhase;
			buildActionMask = 2147483647;
			files = (
			);
			runOnlyForDeploymentPostprocessing = 0;
		};
		CFD055A02941FC7B000D43BB /* Resources */ = {
			isa = PBXResourcesBuildPhase;
			buildActionMask = 2147483647;
			files = (
				CF744C122978912500275447 /* ExamTests_testThatExamCreateFromJSON().json in Resources */,
				CF744C192978948100275447 /* SimulationTests_testThatSimulationCreateFromJSON().json in Resources */,
			);
			runOnlyForDeploymentPostprocessing = 0;
		};
/* End PBXResourcesBuildPhase section */

/* Begin PBXShellScriptBuildPhase section */
		4BEA06601C9A23BF99C77D88 /* [CP] Check Pods Manifest.lock */ = {
			isa = PBXShellScriptBuildPhase;
			buildActionMask = 2147483647;
			files = (
			);
			inputFileListPaths = (
			);
			inputPaths = (
				"${PODS_PODFILE_DIR_PATH}/Podfile.lock",
				"${PODS_ROOT}/Manifest.lock",
			);
			name = "[CP] Check Pods Manifest.lock";
			outputFileListPaths = (
			);
			outputPaths = (
				"$(DERIVED_FILE_DIR)/Pods-PlomeCoreKit-checkManifestLockResult.txt",
			);
			runOnlyForDeploymentPostprocessing = 0;
			shellPath = /bin/sh;
			shellScript = "diff \"${PODS_PODFILE_DIR_PATH}/Podfile.lock\" \"${PODS_ROOT}/Manifest.lock\" > /dev/null\nif [ $? != 0 ] ; then\n    # print error to STDERR\n    echo \"error: The sandbox is not in sync with the Podfile.lock. Run 'pod install' or update your CocoaPods installation.\" >&2\n    exit 1\nfi\n# This output is used by Xcode 'outputs' to avoid re-running this script phase.\necho \"SUCCESS\" > \"${SCRIPT_OUTPUT_FILE_0}\"\n";
			showEnvVarsInLog = 0;
		};
/* End PBXShellScriptBuildPhase section */

/* Begin PBXSourcesBuildPhase section */
		CF45FA4D2924335C00047B7D /* Sources */ = {
			isa = PBXSourcesBuildPhase;
			buildActionMask = 2147483647;
			files = (
				CF45FA562924335C00047B7D /* ContentView.swift in Sources */,
				CF45FA542924335C00047B7D /* PlomeCoreKitAppApp.swift in Sources */,
			);
			runOnlyForDeploymentPostprocessing = 0;
		};
		CF59EAC528ECD6B30041B33B /* Sources */ = {
			isa = PBXSourcesBuildPhase;
			buildActionMask = 2147483647;
			files = (
				CF33531F293A35DE00C40C99 /* CDExam.swift in Sources */,
				CF52B49E2939F6EE00AB6C9E /* DefaultSimulationModelStorageService.swift in Sources */,
				CFC030F7296782D300C7F1B0 /* ConfettiView.swift in Sources */,
				CFC030E8296782BD00C7F1B0 /* ALProgressRing.swift in Sources */,
				CF3B9A9628F1E5E700457A44 /* UIView+extension.swift in Sources */,
				CF208F5C28F96EB9001F83B1 /* Exam.swift in Sources */,
				CFC030F0296782C700C7F1B0 /* TertiaryCTA.swift in Sources */,
				CFC030E4296782A000C7F1B0 /* AppViewController.swift in Sources */,
				CF18517529342C1C003CB46F /* UIViewController.swift in Sources */,
				CF8A3D87290C0C9700694C3D /* ModuleProtocol.swift in Sources */,
				CF8F96E4291EAB88000815F8 /* Calculator.swift in Sources */,
				CF3870542942B61C00593400 /* L10n.swift in Sources */,
				CF3B9A8528F1DCBA00457A44 /* Transition.swift in Sources */,
				CFC030E9296782BD00C7F1B0 /* ALProgressBar.swift in Sources */,
				CF2CCBCA29027F3600FA14C4 /* Simulation.swift in Sources */,
				CF2CCBC829027C9E00FA14C4 /* TechnologicalBACExamsProvider.swift in Sources */,
				CFC03104296782E100C7F1B0 /* AppStyles.swift in Sources */,
				CFA7CAAE29185EE400F941F4 /* String+extension.swift in Sources */,
				CF1C16FC295483A500E9EF03 /* UIPageViewController+extension.swift in Sources */,
				CF3B9A8428F1DCBA00457A44 /* ModalTransition.swift in Sources */,
				CF208F2228F94810001F83B1 /* CDSimulation.swift in Sources */,
				CF45FA4C292423E900047B7D /* Numeric+extension.swift in Sources */,
				CF3B9A8828F1DCBA00457A44 /* Router.swift in Sources */,
				CF3B9A9428F1E04400457A44 /* UIColor+extension.swift in Sources */,
				CF77E106296B36090028E4C9 /* NSMutableData+extensions.swift in Sources */,
				CFEDAD7F2930104E00D56717 /* CalculatorShaper.swift in Sources */,
				CF0A26BB2905E7760099186E /* CoreDataRepository.swift in Sources */,
				CF3B9A9228F1E01A00457A44 /* UIFont+extension.swift in Sources */,
				CFC030F8296782D300C7F1B0 /* AppContextualAction.swift in Sources */,
				CF3B9A8628F1DCBA00457A44 /* EmptyTransition.swift in Sources */,
				CF52B4A52939FB4400AB6C9E /* PlomeCoreKitModule.swift in Sources */,
				CFC030FA296782D300C7F1B0 /* ExamTypeHeaderView.swift in Sources */,
				CFC030EF296782C700C7F1B0 /* SecondaryCTA.swift in Sources */,
				CFC03100296782E100C7F1B0 /* PlomeFont.swift in Sources */,
				CF3B9A8928F1DCBA00457A44 /* DefaultRouter.swift in Sources */,
				CF52B4A02939F72E00AB6C9E /* UserDefault.swift in Sources */,
				CFF846FA290AE25800D31F5F /* Plome.xcdatamodeld in Sources */,
				CFC030F9296782D300C7F1B0 /* PlaceholderView.swift in Sources */,
				CF59EACE28ECD6B30041B33B /* PlomeCoreKit.docc in Sources */,
				CFD067AD292FBD980034EE02 /* UIImage+extension.swift in Sources */,
				CFC03103296782E100C7F1B0 /* PlomeColor.swift in Sources */,
				CF208F5A28F96E9F001F83B1 /* BrevetExamsProvider.swift in Sources */,
				CF208F2528F94C3C001F83B1 /* StorageProvider.swift in Sources */,
				CF0A26BF2905EC1A0099186E /* NSManagedObjectContext+extension.swift in Sources */,
				CFC030EE296782C700C7F1B0 /* PrimaryCTA.swift in Sources */,
				CF0A26BD2905E9780099186E /* CoreDataManagerError.swift in Sources */,
				CF4B5AEF292946B2005F8D18 /* Date+extension.swift in Sources */,
				CF3B9A8728F1DCBA00457A44 /* PushTransition.swift in Sources */,
				CFC030EA296782BD00C7F1B0 /* ALTimingFunction.swift in Sources */,
				CF3B9A9828F1E84100457A44 /* Configurable.swift in Sources */,
				CF236879290AB13000D04AAD /* Collection+extension.swift in Sources */,
				CF208F5728F963A7001F83B1 /* DefaultSimulationModelsProvider.swift in Sources */,
				CF208F5E28F96F8B001F83B1 /* GeneralBACExamsProvider.swift in Sources */,
				CFC030F6296782D300C7F1B0 /* AppLabel.swift in Sources */,
				CFC03102296782E100C7F1B0 /* Icons.swift in Sources */,
				CF2CCBD22902945500FA14C4 /* UIStackView+extension.swift in Sources */,
				CFC03101296782E100C7F1B0 /* AppAppearance.swift in Sources */,
			);
			runOnlyForDeploymentPostprocessing = 0;
		};
		CFBFA08B292E69B700F36790 /* Sources */ = {
			isa = PBXSourcesBuildPhase;
			buildActionMask = 2147483647;
			files = (
				CFE77756293A0DB500D0A90D /* MockCoreData.swift in Sources */,
				CF744C152978936700275447 /* Decodable+extension.swift in Sources */,
				CFBFA09B292E69D400F36790 /* TestSimulationsProvider.swift in Sources */,
			);
			runOnlyForDeploymentPostprocessing = 0;
		};
		CFD0559E2941FC7B000D43BB /* Sources */ = {
			isa = PBXSourcesBuildPhase;
			buildActionMask = 2147483647;
			files = (
				CF7DED0829420CA7009DC817 /* UserDefaultsTests.swift in Sources */,
				CF7DED0429420CA7009DC817 /* DefaultSimulationModelStorageServiceTests.swift in Sources */,
				CF7DED0729420CA7009DC817 /* SimulationTests.swift in Sources */,
				CF7DED0529420CA7009DC817 /* CalculatorTests.swift in Sources */,
				CF7DED0629420CA7009DC817 /* CalculatorShaperTests.swift in Sources */,
				CF7DED0329420CA7009DC817 /* ExamTests.swift in Sources */,
			);
			runOnlyForDeploymentPostprocessing = 0;
		};
/* End PBXSourcesBuildPhase section */

/* Begin PBXTargetDependency section */
		CFD055A82941FC7B000D43BB /* PBXTargetDependency */ = {
			isa = PBXTargetDependency;
			target = CF59EAC828ECD6B30041B33B /* PlomeCoreKit */;
			targetProxy = CFD055A72941FC7B000D43BB /* PBXContainerItemProxy */;
		};
/* End PBXTargetDependency section */

/* Begin PBXVariantGroup section */
		CF3870512942AB4900593400 /* PlomeCoreKit.strings */ = {
			isa = PBXVariantGroup;
			children = (
				CF3870502942AB4900593400 /* en */,
				CF3870522942AB4E00593400 /* fr */,
			);
			name = PlomeCoreKit.strings;
			sourceTree = "<group>";
		};
/* End PBXVariantGroup section */

/* Begin XCBuildConfiguration section */
		CF45FA5D2924335D00047B7D /* Debug */ = {
			isa = XCBuildConfiguration;
			buildSettings = {
				ASSETCATALOG_COMPILER_APPICON_NAME = AppIcon;
				ASSETCATALOG_COMPILER_GLOBAL_ACCENT_COLOR_NAME = AccentColor;
				CODE_SIGN_STYLE = Automatic;
				CURRENT_PROJECT_VERSION = 1;
				DEVELOPMENT_ASSET_PATHS = "\"PlomeCoreKitApp/Preview Content\"";
				DEVELOPMENT_TEAM = 6L49G5QS6U;
				ENABLE_PREVIEWS = YES;
				GENERATE_INFOPLIST_FILE = YES;
				INFOPLIST_KEY_UIApplicationSceneManifest_Generation = YES;
				INFOPLIST_KEY_UIApplicationSupportsIndirectInputEvents = YES;
				INFOPLIST_KEY_UILaunchScreen_Generation = YES;
				INFOPLIST_KEY_UISupportedInterfaceOrientations_iPad = "UIInterfaceOrientationPortrait UIInterfaceOrientationPortraitUpsideDown UIInterfaceOrientationLandscapeLeft UIInterfaceOrientationLandscapeRight";
				INFOPLIST_KEY_UISupportedInterfaceOrientations_iPhone = "UIInterfaceOrientationPortrait UIInterfaceOrientationLandscapeLeft UIInterfaceOrientationLandscapeRight";
				IPHONEOS_DEPLOYMENT_TARGET = 15.0;
				LD_RUNPATH_SEARCH_PATHS = (
					"$(inherited)",
					"@executable_path/Frameworks",
				);
				MARKETING_VERSION = 1.0;
				PRODUCT_BUNDLE_IDENTIFIER = com.Boublo.PlomeCoreKitApp;
				PRODUCT_NAME = "$(TARGET_NAME)";
				SWIFT_EMIT_LOC_STRINGS = YES;
				SWIFT_VERSION = 5.0;
				TARGETED_DEVICE_FAMILY = "1,2";
			};
			name = Debug;
		};
		CF45FA5E2924335D00047B7D /* Release */ = {
			isa = XCBuildConfiguration;
			buildSettings = {
				ASSETCATALOG_COMPILER_APPICON_NAME = AppIcon;
				ASSETCATALOG_COMPILER_GLOBAL_ACCENT_COLOR_NAME = AccentColor;
				CODE_SIGN_STYLE = Automatic;
				CURRENT_PROJECT_VERSION = 1;
				DEVELOPMENT_ASSET_PATHS = "\"PlomeCoreKitApp/Preview Content\"";
				DEVELOPMENT_TEAM = 6L49G5QS6U;
				ENABLE_PREVIEWS = YES;
				GENERATE_INFOPLIST_FILE = YES;
				INFOPLIST_KEY_UIApplicationSceneManifest_Generation = YES;
				INFOPLIST_KEY_UIApplicationSupportsIndirectInputEvents = YES;
				INFOPLIST_KEY_UILaunchScreen_Generation = YES;
				INFOPLIST_KEY_UISupportedInterfaceOrientations_iPad = "UIInterfaceOrientationPortrait UIInterfaceOrientationPortraitUpsideDown UIInterfaceOrientationLandscapeLeft UIInterfaceOrientationLandscapeRight";
				INFOPLIST_KEY_UISupportedInterfaceOrientations_iPhone = "UIInterfaceOrientationPortrait UIInterfaceOrientationLandscapeLeft UIInterfaceOrientationLandscapeRight";
				IPHONEOS_DEPLOYMENT_TARGET = 15.0;
				LD_RUNPATH_SEARCH_PATHS = (
					"$(inherited)",
					"@executable_path/Frameworks",
				);
				MARKETING_VERSION = 1.0;
				PRODUCT_BUNDLE_IDENTIFIER = com.Boublo.PlomeCoreKitApp;
				PRODUCT_NAME = "$(TARGET_NAME)";
				SWIFT_EMIT_LOC_STRINGS = YES;
				SWIFT_VERSION = 5.0;
				TARGETED_DEVICE_FAMILY = "1,2";
			};
			name = Release;
		};
		CF59EADB28ECD6B30041B33B /* Debug */ = {
			isa = XCBuildConfiguration;
			buildSettings = {
				ALWAYS_SEARCH_USER_PATHS = NO;
				CLANG_ANALYZER_NONNULL = YES;
				CLANG_ANALYZER_NUMBER_OBJECT_CONVERSION = YES_AGGRESSIVE;
				CLANG_CXX_LANGUAGE_STANDARD = "gnu++20";
				CLANG_ENABLE_MODULES = YES;
				CLANG_ENABLE_OBJC_ARC = YES;
				CLANG_ENABLE_OBJC_WEAK = YES;
				CLANG_WARN_BLOCK_CAPTURE_AUTORELEASING = YES;
				CLANG_WARN_BOOL_CONVERSION = YES;
				CLANG_WARN_COMMA = YES;
				CLANG_WARN_CONSTANT_CONVERSION = YES;
				CLANG_WARN_DEPRECATED_OBJC_IMPLEMENTATIONS = YES;
				CLANG_WARN_DIRECT_OBJC_ISA_USAGE = YES_ERROR;
				CLANG_WARN_DOCUMENTATION_COMMENTS = YES;
				CLANG_WARN_EMPTY_BODY = YES;
				CLANG_WARN_ENUM_CONVERSION = YES;
				CLANG_WARN_INFINITE_RECURSION = YES;
				CLANG_WARN_INT_CONVERSION = YES;
				CLANG_WARN_NON_LITERAL_NULL_CONVERSION = YES;
				CLANG_WARN_OBJC_IMPLICIT_RETAIN_SELF = YES;
				CLANG_WARN_OBJC_LITERAL_CONVERSION = YES;
				CLANG_WARN_OBJC_ROOT_CLASS = YES_ERROR;
				CLANG_WARN_QUOTED_INCLUDE_IN_FRAMEWORK_HEADER = YES;
				CLANG_WARN_RANGE_LOOP_ANALYSIS = YES;
				CLANG_WARN_STRICT_PROTOTYPES = YES;
				CLANG_WARN_SUSPICIOUS_MOVE = YES;
				CLANG_WARN_UNGUARDED_AVAILABILITY = YES_AGGRESSIVE;
				CLANG_WARN_UNREACHABLE_CODE = YES;
				CLANG_WARN__DUPLICATE_METHOD_MATCH = YES;
				COPY_PHASE_STRIP = NO;
				CURRENT_PROJECT_VERSION = 1;
				DEBUG_INFORMATION_FORMAT = dwarf;
				ENABLE_STRICT_OBJC_MSGSEND = YES;
				ENABLE_TESTABILITY = YES;
				GCC_C_LANGUAGE_STANDARD = gnu11;
				GCC_DYNAMIC_NO_PIC = NO;
				GCC_NO_COMMON_BLOCKS = YES;
				GCC_OPTIMIZATION_LEVEL = 0;
				GCC_PREPROCESSOR_DEFINITIONS = (
					"DEBUG=1",
					"$(inherited)",
				);
				GCC_WARN_64_TO_32_BIT_CONVERSION = YES;
				GCC_WARN_ABOUT_RETURN_TYPE = YES_ERROR;
				GCC_WARN_UNDECLARED_SELECTOR = YES;
				GCC_WARN_UNINITIALIZED_AUTOS = YES_AGGRESSIVE;
				GCC_WARN_UNUSED_FUNCTION = YES;
				GCC_WARN_UNUSED_VARIABLE = YES;
				IPHONEOS_DEPLOYMENT_TARGET = 15.0;
				MTL_ENABLE_DEBUG_INFO = INCLUDE_SOURCE;
				MTL_FAST_MATH = YES;
				ONLY_ACTIVE_ARCH = YES;
				SDKROOT = iphoneos;
				SWIFT_ACTIVE_COMPILATION_CONDITIONS = DEBUG;
				SWIFT_OPTIMIZATION_LEVEL = "-Onone";
				VERSIONING_SYSTEM = "apple-generic";
				VERSION_INFO_PREFIX = "";
			};
			name = Debug;
		};
		CF59EADC28ECD6B30041B33B /* Release */ = {
			isa = XCBuildConfiguration;
			buildSettings = {
				ALWAYS_SEARCH_USER_PATHS = NO;
				CLANG_ANALYZER_NONNULL = YES;
				CLANG_ANALYZER_NUMBER_OBJECT_CONVERSION = YES_AGGRESSIVE;
				CLANG_CXX_LANGUAGE_STANDARD = "gnu++20";
				CLANG_ENABLE_MODULES = YES;
				CLANG_ENABLE_OBJC_ARC = YES;
				CLANG_ENABLE_OBJC_WEAK = YES;
				CLANG_WARN_BLOCK_CAPTURE_AUTORELEASING = YES;
				CLANG_WARN_BOOL_CONVERSION = YES;
				CLANG_WARN_COMMA = YES;
				CLANG_WARN_CONSTANT_CONVERSION = YES;
				CLANG_WARN_DEPRECATED_OBJC_IMPLEMENTATIONS = YES;
				CLANG_WARN_DIRECT_OBJC_ISA_USAGE = YES_ERROR;
				CLANG_WARN_DOCUMENTATION_COMMENTS = YES;
				CLANG_WARN_EMPTY_BODY = YES;
				CLANG_WARN_ENUM_CONVERSION = YES;
				CLANG_WARN_INFINITE_RECURSION = YES;
				CLANG_WARN_INT_CONVERSION = YES;
				CLANG_WARN_NON_LITERAL_NULL_CONVERSION = YES;
				CLANG_WARN_OBJC_IMPLICIT_RETAIN_SELF = YES;
				CLANG_WARN_OBJC_LITERAL_CONVERSION = YES;
				CLANG_WARN_OBJC_ROOT_CLASS = YES_ERROR;
				CLANG_WARN_QUOTED_INCLUDE_IN_FRAMEWORK_HEADER = YES;
				CLANG_WARN_RANGE_LOOP_ANALYSIS = YES;
				CLANG_WARN_STRICT_PROTOTYPES = YES;
				CLANG_WARN_SUSPICIOUS_MOVE = YES;
				CLANG_WARN_UNGUARDED_AVAILABILITY = YES_AGGRESSIVE;
				CLANG_WARN_UNREACHABLE_CODE = YES;
				CLANG_WARN__DUPLICATE_METHOD_MATCH = YES;
				COPY_PHASE_STRIP = NO;
				CURRENT_PROJECT_VERSION = 1;
				DEBUG_INFORMATION_FORMAT = "dwarf-with-dsym";
				ENABLE_NS_ASSERTIONS = NO;
				ENABLE_STRICT_OBJC_MSGSEND = YES;
				GCC_C_LANGUAGE_STANDARD = gnu11;
				GCC_NO_COMMON_BLOCKS = YES;
				GCC_WARN_64_TO_32_BIT_CONVERSION = YES;
				GCC_WARN_ABOUT_RETURN_TYPE = YES_ERROR;
				GCC_WARN_UNDECLARED_SELECTOR = YES;
				GCC_WARN_UNINITIALIZED_AUTOS = YES_AGGRESSIVE;
				GCC_WARN_UNUSED_FUNCTION = YES;
				GCC_WARN_UNUSED_VARIABLE = YES;
				IPHONEOS_DEPLOYMENT_TARGET = 15.0;
				MTL_ENABLE_DEBUG_INFO = NO;
				MTL_FAST_MATH = YES;
				SDKROOT = iphoneos;
				SWIFT_COMPILATION_MODE = wholemodule;
				SWIFT_OPTIMIZATION_LEVEL = "-O";
				VALIDATE_PRODUCT = YES;
				VERSIONING_SYSTEM = "apple-generic";
				VERSION_INFO_PREFIX = "";
			};
			name = Release;
		};
		CF59EADE28ECD6B30041B33B /* Debug */ = {
			isa = XCBuildConfiguration;
			baseConfigurationReference = FE3D2C5F7369A41DDD3105C1 /* Pods-PlomeCoreKit.debug.xcconfig */;
			buildSettings = {
				CODE_SIGN_STYLE = Automatic;
				CURRENT_PROJECT_VERSION = 1;
				DEFINES_MODULE = YES;
				DEVELOPMENT_TEAM = 6L49G5QS6U;
				DYLIB_COMPATIBILITY_VERSION = 1;
				DYLIB_CURRENT_VERSION = 1;
				DYLIB_INSTALL_NAME_BASE = "@rpath";
				GENERATE_INFOPLIST_FILE = YES;
				INFOPLIST_FILE = PlomeCoreKit/Info.plist;
				INFOPLIST_KEY_NSHumanReadableCopyright = "";
				INSTALL_PATH = "$(LOCAL_LIBRARY_DIR)/Frameworks";
				IPHONEOS_DEPLOYMENT_TARGET = 15.0;
				LD_RUNPATH_SEARCH_PATHS = (
					"$(inherited)",
					"@executable_path/Frameworks",
					"@loader_path/Frameworks",
				);
				MARKETING_VERSION = 1.0;
				OTHER_LDFLAGS = (
					"$(inherited)",
					"-ObjC",
				);
				PRODUCT_BUNDLE_IDENTIFIER = com.Boublo.PlomeCoreKit;
				PRODUCT_NAME = "$(TARGET_NAME:c99extidentifier)";
				SKIP_INSTALL = YES;
				SWIFT_EMIT_LOC_STRINGS = YES;
				SWIFT_VERSION = 5.0;
				TARGETED_DEVICE_FAMILY = "1,2";
			};
			name = Debug;
		};
		CF59EADF28ECD6B30041B33B /* Release */ = {
			isa = XCBuildConfiguration;
			baseConfigurationReference = D35ACA5817005CB0401A334A /* Pods-PlomeCoreKit.release.xcconfig */;
			buildSettings = {
				CODE_SIGN_STYLE = Automatic;
				CURRENT_PROJECT_VERSION = 1;
				DEFINES_MODULE = YES;
				DEVELOPMENT_TEAM = 6L49G5QS6U;
				DYLIB_COMPATIBILITY_VERSION = 1;
				DYLIB_CURRENT_VERSION = 1;
				DYLIB_INSTALL_NAME_BASE = "@rpath";
				GENERATE_INFOPLIST_FILE = YES;
				INFOPLIST_FILE = PlomeCoreKit/Info.plist;
				INFOPLIST_KEY_NSHumanReadableCopyright = "";
				INSTALL_PATH = "$(LOCAL_LIBRARY_DIR)/Frameworks";
				IPHONEOS_DEPLOYMENT_TARGET = 15.0;
				LD_RUNPATH_SEARCH_PATHS = (
					"$(inherited)",
					"@executable_path/Frameworks",
					"@loader_path/Frameworks",
				);
				MARKETING_VERSION = 1.0;
				PRODUCT_BUNDLE_IDENTIFIER = com.Boublo.PlomeCoreKit;
				PRODUCT_NAME = "$(TARGET_NAME:c99extidentifier)";
				SKIP_INSTALL = YES;
				SWIFT_EMIT_LOC_STRINGS = YES;
				SWIFT_VERSION = 5.0;
				TARGETED_DEVICE_FAMILY = "1,2";
			};
			name = Release;
		};
		CFBFA098292E69B700F36790 /* Debug */ = {
			isa = XCBuildConfiguration;
			buildSettings = {
				CODE_SIGN_STYLE = Automatic;
				CURRENT_PROJECT_VERSION = 1;
				DEFINES_MODULE = YES;
				DEVELOPMENT_TEAM = 6L49G5QS6U;
				DYLIB_COMPATIBILITY_VERSION = 1;
				DYLIB_CURRENT_VERSION = 1;
				DYLIB_INSTALL_NAME_BASE = "@rpath";
				GENERATE_INFOPLIST_FILE = YES;
				INFOPLIST_KEY_NSHumanReadableCopyright = "";
				INSTALL_PATH = "$(LOCAL_LIBRARY_DIR)/Frameworks";
				IPHONEOS_DEPLOYMENT_TARGET = 15.0;
				LD_RUNPATH_SEARCH_PATHS = (
					"$(inherited)",
					"@executable_path/Frameworks",
					"@loader_path/Frameworks",
				);
				MARKETING_VERSION = 1.0;
				PRODUCT_BUNDLE_IDENTIFIER = com.Boublo.PlomeCoreKitTestsHelpers;
				PRODUCT_NAME = "$(TARGET_NAME:c99extidentifier)";
				SKIP_INSTALL = YES;
				SWIFT_EMIT_LOC_STRINGS = YES;
				SWIFT_VERSION = 5.0;
				TARGETED_DEVICE_FAMILY = "1,2";
			};
			name = Debug;
		};
		CFBFA099292E69B700F36790 /* Release */ = {
			isa = XCBuildConfiguration;
			buildSettings = {
				CODE_SIGN_STYLE = Automatic;
				CURRENT_PROJECT_VERSION = 1;
				DEFINES_MODULE = YES;
				DEVELOPMENT_TEAM = 6L49G5QS6U;
				DYLIB_COMPATIBILITY_VERSION = 1;
				DYLIB_CURRENT_VERSION = 1;
				DYLIB_INSTALL_NAME_BASE = "@rpath";
				GENERATE_INFOPLIST_FILE = YES;
				INFOPLIST_KEY_NSHumanReadableCopyright = "";
				INSTALL_PATH = "$(LOCAL_LIBRARY_DIR)/Frameworks";
				IPHONEOS_DEPLOYMENT_TARGET = 15.0;
				LD_RUNPATH_SEARCH_PATHS = (
					"$(inherited)",
					"@executable_path/Frameworks",
					"@loader_path/Frameworks",
				);
				MARKETING_VERSION = 1.0;
				PRODUCT_BUNDLE_IDENTIFIER = com.Boublo.PlomeCoreKitTestsHelpers;
				PRODUCT_NAME = "$(TARGET_NAME:c99extidentifier)";
				SKIP_INSTALL = YES;
				SWIFT_EMIT_LOC_STRINGS = YES;
				SWIFT_VERSION = 5.0;
				TARGETED_DEVICE_FAMILY = "1,2";
			};
			name = Release;
		};
		CFD055AA2941FC7B000D43BB /* Debug */ = {
			isa = XCBuildConfiguration;
			buildSettings = {
				CLANG_ENABLE_MODULES = YES;
				CODE_SIGN_STYLE = Automatic;
				CURRENT_PROJECT_VERSION = 1;
				DEVELOPMENT_TEAM = 6L49G5QS6U;
				GENERATE_INFOPLIST_FILE = YES;
				IPHONEOS_DEPLOYMENT_TARGET = 15.0;
				LD_RUNPATH_SEARCH_PATHS = (
					"$(inherited)",
					"@executable_path/Frameworks",
					"@loader_path/Frameworks",
				);
				MARKETING_VERSION = 1.0;
				PRODUCT_BUNDLE_IDENTIFIER = com.Boublo.PlomeCoreKitTests;
				PRODUCT_NAME = "$(TARGET_NAME)";
				SWIFT_EMIT_LOC_STRINGS = NO;
				SWIFT_OBJC_BRIDGING_HEADER = "PlomeCoreKitTests/PlomeCoreKitTests-Bridging-Header.h";
				SWIFT_OPTIMIZATION_LEVEL = "-Onone";
				SWIFT_VERSION = 5.0;
				TARGETED_DEVICE_FAMILY = "1,2";
			};
			name = Debug;
		};
		CFD055AB2941FC7B000D43BB /* Release */ = {
			isa = XCBuildConfiguration;
			buildSettings = {
				CLANG_ENABLE_MODULES = YES;
				CODE_SIGN_STYLE = Automatic;
				CURRENT_PROJECT_VERSION = 1;
				DEVELOPMENT_TEAM = 6L49G5QS6U;
				GENERATE_INFOPLIST_FILE = YES;
				IPHONEOS_DEPLOYMENT_TARGET = 15.0;
				LD_RUNPATH_SEARCH_PATHS = (
					"$(inherited)",
					"@executable_path/Frameworks",
					"@loader_path/Frameworks",
				);
				MARKETING_VERSION = 1.0;
				PRODUCT_BUNDLE_IDENTIFIER = com.Boublo.PlomeCoreKitTests;
				PRODUCT_NAME = "$(TARGET_NAME)";
				SWIFT_EMIT_LOC_STRINGS = NO;
				SWIFT_OBJC_BRIDGING_HEADER = "PlomeCoreKitTests/PlomeCoreKitTests-Bridging-Header.h";
				SWIFT_VERSION = 5.0;
				TARGETED_DEVICE_FAMILY = "1,2";
			};
			name = Release;
		};
/* End XCBuildConfiguration section */

/* Begin XCConfigurationList section */
		CF45FA5C2924335D00047B7D /* Build configuration list for PBXNativeTarget "PlomeCoreKitApp" */ = {
			isa = XCConfigurationList;
			buildConfigurations = (
				CF45FA5D2924335D00047B7D /* Debug */,
				CF45FA5E2924335D00047B7D /* Release */,
			);
			defaultConfigurationIsVisible = 0;
			defaultConfigurationName = Release;
		};
		CF59EAC328ECD6B30041B33B /* Build configuration list for PBXProject "PlomeCoreKit" */ = {
			isa = XCConfigurationList;
			buildConfigurations = (
				CF59EADB28ECD6B30041B33B /* Debug */,
				CF59EADC28ECD6B30041B33B /* Release */,
			);
			defaultConfigurationIsVisible = 0;
			defaultConfigurationName = Release;
		};
		CF59EADD28ECD6B30041B33B /* Build configuration list for PBXNativeTarget "PlomeCoreKit" */ = {
			isa = XCConfigurationList;
			buildConfigurations = (
				CF59EADE28ECD6B30041B33B /* Debug */,
				CF59EADF28ECD6B30041B33B /* Release */,
			);
			defaultConfigurationIsVisible = 0;
			defaultConfigurationName = Release;
		};
		CFBFA09A292E69B700F36790 /* Build configuration list for PBXNativeTarget "PlomeCoreKitTestsHelpers" */ = {
			isa = XCConfigurationList;
			buildConfigurations = (
				CFBFA098292E69B700F36790 /* Debug */,
				CFBFA099292E69B700F36790 /* Release */,
			);
			defaultConfigurationIsVisible = 0;
			defaultConfigurationName = Release;
		};
		CFD055A92941FC7B000D43BB /* Build configuration list for PBXNativeTarget "PlomeCoreKitTests" */ = {
			isa = XCConfigurationList;
			buildConfigurations = (
				CFD055AA2941FC7B000D43BB /* Debug */,
				CFD055AB2941FC7B000D43BB /* Release */,
			);
			defaultConfigurationIsVisible = 0;
			defaultConfigurationName = Release;
		};
/* End XCConfigurationList section */

/* Begin XCRemoteSwiftPackageReference section */
		CF135E1F293D56E100ACFC6A /* XCRemoteSwiftPackageReference "firebase-ios-sdk" */ = {
			isa = XCRemoteSwiftPackageReference;
			repositoryURL = "https://github.com/firebase/firebase-ios-sdk.git";
			requirement = {
				kind = upToNextMajorVersion;
				minimumVersion = 9.0.0;
			};
		};
		CF4F1841291CFC0D003F005B /* XCRemoteSwiftPackageReference "IQKeyboardManager" */ = {
			isa = XCRemoteSwiftPackageReference;
			repositoryURL = "https://github.com/hackiftekhar/IQKeyboardManager.git";
			requirement = {
				kind = exactVersion;
				version = 6.5.0;
			};
		};
		CFC133B52954FC31001A84B1 /* XCRemoteSwiftPackageReference "lottie-ios" */ = {
			isa = XCRemoteSwiftPackageReference;
			repositoryURL = "https://github.com/airbnb/lottie-ios.git";
			requirement = {
				kind = upToNextMajorVersion;
				minimumVersion = 4.0.0;
			};
		};
/* End XCRemoteSwiftPackageReference section */

/* Begin XCSwiftPackageProductDependency section */
		CF135E20293D56E100ACFC6A /* FirebaseAnalytics */ = {
			isa = XCSwiftPackageProductDependency;
			package = CF135E1F293D56E100ACFC6A /* XCRemoteSwiftPackageReference "firebase-ios-sdk" */;
			productName = FirebaseAnalytics;
		};
		CF135E22293D56E100ACFC6A /* FirebaseCrashlytics */ = {
			isa = XCSwiftPackageProductDependency;
			package = CF135E1F293D56E100ACFC6A /* XCRemoteSwiftPackageReference "firebase-ios-sdk" */;
			productName = FirebaseCrashlytics;
		};
		CF135E24293D581900ACFC6A /* FirebaseCrashlytics */ = {
			isa = XCSwiftPackageProductDependency;
			package = CF135E1F293D56E100ACFC6A /* XCRemoteSwiftPackageReference "firebase-ios-sdk" */;
			productName = FirebaseCrashlytics;
		};
		CF4F1842291CFC0D003F005B /* IQKeyboardManagerSwift */ = {
			isa = XCSwiftPackageProductDependency;
			package = CF4F1841291CFC0D003F005B /* XCRemoteSwiftPackageReference "IQKeyboardManager" */;
			productName = IQKeyboardManagerSwift;
		};
		CFC133B62954FC31001A84B1 /* Lottie */ = {
			isa = XCSwiftPackageProductDependency;
			package = CFC133B52954FC31001A84B1 /* XCRemoteSwiftPackageReference "lottie-ios" */;
			productName = Lottie;
		};
/* End XCSwiftPackageProductDependency section */

/* Begin XCVersionGroup section */
		CFF846F8290AE25800D31F5F /* Plome.xcdatamodeld */ = {
			isa = XCVersionGroup;
			children = (
				CF744C0D29787C0600275447 /* Plome_ 3.xcdatamodel */,
				CF4893912915548500B97147 /* Plome_2.xcdatamodel */,
				CFF846F9290AE25800D31F5F /* Plome.xcdatamodel */,
			);
			currentVersion = CF744C0D29787C0600275447 /* Plome_ 3.xcdatamodel */;
			path = Plome.xcdatamodeld;
			sourceTree = "<group>";
			versionGroupType = wrapper.xcdatamodel;
		};
/* End XCVersionGroup section */
	};
	rootObject = CF59EAC028ECD6B30041B33B /* Project object */;
}
