// !$*UTF8*$!
{
	archiveVersion = 1;
	classes = {
	};
	objectVersion = 56;
	objects = {

/* Begin PBXBuildFile section */
		CF208F1A28F945BB001F83B1 /* Plome.xcdatamodeld in Sources */ = {isa = PBXBuildFile; fileRef = CF208F1828F945BB001F83B1 /* Plome.xcdatamodeld */; };
		CF208F2228F94810001F83B1 /* CDSimulation.swift in Sources */ = {isa = PBXBuildFile; fileRef = CF208F1E28F94810001F83B1 /* CDSimulation.swift */; };
		CF208F2328F94810001F83B1 /* CDExam.swift in Sources */ = {isa = PBXBuildFile; fileRef = CF208F1F28F94810001F83B1 /* CDExam.swift */; };
		CF208F2528F94C3C001F83B1 /* StorageProvider.swift in Sources */ = {isa = PBXBuildFile; fileRef = CF208F2428F94C3C001F83B1 /* StorageProvider.swift */; };
		CF208F2728F95318001F83B1 /* PrimaryCTA.swift in Sources */ = {isa = PBXBuildFile; fileRef = CF208F2628F95318001F83B1 /* PrimaryCTA.swift */; };
		CF3B9A8428F1DCBA00457A44 /* ModalTransition.swift in Sources */ = {isa = PBXBuildFile; fileRef = CF3B9A7E28F1DCBA00457A44 /* ModalTransition.swift */; };
		CF3B9A8528F1DCBA00457A44 /* Transition.swift in Sources */ = {isa = PBXBuildFile; fileRef = CF3B9A7F28F1DCBA00457A44 /* Transition.swift */; };
		CF3B9A8628F1DCBA00457A44 /* EmptyTransition.swift in Sources */ = {isa = PBXBuildFile; fileRef = CF3B9A8028F1DCBA00457A44 /* EmptyTransition.swift */; };
		CF3B9A8728F1DCBA00457A44 /* PushTransition.swift in Sources */ = {isa = PBXBuildFile; fileRef = CF3B9A8128F1DCBA00457A44 /* PushTransition.swift */; };
		CF3B9A8828F1DCBA00457A44 /* Router.swift in Sources */ = {isa = PBXBuildFile; fileRef = CF3B9A8228F1DCBA00457A44 /* Router.swift */; };
		CF3B9A8928F1DCBA00457A44 /* DefaultRouter.swift in Sources */ = {isa = PBXBuildFile; fileRef = CF3B9A8328F1DCBA00457A44 /* DefaultRouter.swift */; };
		CF3B9A8F28F1DFCB00457A44 /* PlomeColor.swift in Sources */ = {isa = PBXBuildFile; fileRef = CF3B9A8E28F1DFCB00457A44 /* PlomeColor.swift */; };
		CF3B9A9228F1E01A00457A44 /* UIFont+extension.swift in Sources */ = {isa = PBXBuildFile; fileRef = CF3B9A9128F1E01A00457A44 /* UIFont+extension.swift */; };
		CF3B9A9428F1E04400457A44 /* UIColor+extension.swift in Sources */ = {isa = PBXBuildFile; fileRef = CF3B9A9328F1E04400457A44 /* UIColor+extension.swift */; };
		CF3B9A9628F1E5E700457A44 /* UIView+extension.swift in Sources */ = {isa = PBXBuildFile; fileRef = CF3B9A9528F1E5E700457A44 /* UIView+extension.swift */; };
		CF3B9A9828F1E84100457A44 /* Configurable.swift in Sources */ = {isa = PBXBuildFile; fileRef = CF3B9A9728F1E84100457A44 /* Configurable.swift */; };
		CF3B9A9B28F3280900457A44 /* AppViewController.swift in Sources */ = {isa = PBXBuildFile; fileRef = CF3B9A9A28F3280900457A44 /* AppViewController.swift */; };
		CF59EACE28ECD6B30041B33B /* PlomeCoreKit.docc in Sources */ = {isa = PBXBuildFile; fileRef = CF59EACD28ECD6B30041B33B /* PlomeCoreKit.docc */; };
		CF59EAD428ECD6B30041B33B /* PlomeCoreKit.framework in Frameworks */ = {isa = PBXBuildFile; fileRef = CF59EAC928ECD6B30041B33B /* PlomeCoreKit.framework */; };
		CF59EAD928ECD6B30041B33B /* PlomeCoreKitTests.swift in Sources */ = {isa = PBXBuildFile; fileRef = CF59EAD828ECD6B30041B33B /* PlomeCoreKitTests.swift */; };
		CF59EADA28ECD6B30041B33B /* PlomeCoreKit.h in Headers */ = {isa = PBXBuildFile; fileRef = CF59EACC28ECD6B30041B33B /* PlomeCoreKit.h */; settings = {ATTRIBUTES = (Public, ); }; };
		CF59EAEC28ECD6F20041B33B /* AppStyles.swift in Sources */ = {isa = PBXBuildFile; fileRef = CF59EAE328ECD6F10041B33B /* AppStyles.swift */; };
		CF59EAF128ECD6F20041B33B /* Icons.swift in Sources */ = {isa = PBXBuildFile; fileRef = CF59EAE928ECD6F10041B33B /* Icons.swift */; };
		CF59EAF228ECD6F20041B33B /* PlomeFont.swift in Sources */ = {isa = PBXBuildFile; fileRef = CF59EAEA28ECD6F20041B33B /* PlomeFont.swift */; };
		CF59EAF328ECD6F20041B33B /* AppAppearance.swift in Sources */ = {isa = PBXBuildFile; fileRef = CF59EAEB28ECD6F20041B33B /* AppAppearance.swift */; };
/* End PBXBuildFile section */

/* Begin PBXContainerItemProxy section */
		CF59EAD528ECD6B30041B33B /* PBXContainerItemProxy */ = {
			isa = PBXContainerItemProxy;
			containerPortal = CF59EAC028ECD6B30041B33B /* Project object */;
			proxyType = 1;
			remoteGlobalIDString = CF59EAC828ECD6B30041B33B;
			remoteInfo = PlomeCoreKit;
		};
/* End PBXContainerItemProxy section */

/* Begin PBXFileReference section */
		CF208F1928F945BB001F83B1 /* Plome.xcdatamodel */ = {isa = PBXFileReference; lastKnownFileType = wrapper.xcdatamodel; path = Plome.xcdatamodel; sourceTree = "<group>"; };
		CF208F1E28F94810001F83B1 /* CDSimulation.swift */ = {isa = PBXFileReference; fileEncoding = 4; lastKnownFileType = sourcecode.swift; path = CDSimulation.swift; sourceTree = "<group>"; };
		CF208F1F28F94810001F83B1 /* CDExam.swift */ = {isa = PBXFileReference; fileEncoding = 4; lastKnownFileType = sourcecode.swift; path = CDExam.swift; sourceTree = "<group>"; };
		CF208F2428F94C3C001F83B1 /* StorageProvider.swift */ = {isa = PBXFileReference; fileEncoding = 4; lastKnownFileType = sourcecode.swift; path = StorageProvider.swift; sourceTree = "<group>"; };
		CF208F2628F95318001F83B1 /* PrimaryCTA.swift */ = {isa = PBXFileReference; lastKnownFileType = sourcecode.swift; path = PrimaryCTA.swift; sourceTree = "<group>"; };
		CF208F3E28F95BA2001F83B1 /* Info.plist */ = {isa = PBXFileReference; lastKnownFileType = text.plist; path = Info.plist; sourceTree = "<group>"; };
		CF3B9A7E28F1DCBA00457A44 /* ModalTransition.swift */ = {isa = PBXFileReference; fileEncoding = 4; lastKnownFileType = sourcecode.swift; path = ModalTransition.swift; sourceTree = "<group>"; };
		CF3B9A7F28F1DCBA00457A44 /* Transition.swift */ = {isa = PBXFileReference; fileEncoding = 4; lastKnownFileType = sourcecode.swift; path = Transition.swift; sourceTree = "<group>"; };
		CF3B9A8028F1DCBA00457A44 /* EmptyTransition.swift */ = {isa = PBXFileReference; fileEncoding = 4; lastKnownFileType = sourcecode.swift; path = EmptyTransition.swift; sourceTree = "<group>"; };
		CF3B9A8128F1DCBA00457A44 /* PushTransition.swift */ = {isa = PBXFileReference; fileEncoding = 4; lastKnownFileType = sourcecode.swift; path = PushTransition.swift; sourceTree = "<group>"; };
		CF3B9A8228F1DCBA00457A44 /* Router.swift */ = {isa = PBXFileReference; fileEncoding = 4; lastKnownFileType = sourcecode.swift; path = Router.swift; sourceTree = "<group>"; };
		CF3B9A8328F1DCBA00457A44 /* DefaultRouter.swift */ = {isa = PBXFileReference; fileEncoding = 4; lastKnownFileType = sourcecode.swift; path = DefaultRouter.swift; sourceTree = "<group>"; };
		CF3B9A8E28F1DFCB00457A44 /* PlomeColor.swift */ = {isa = PBXFileReference; lastKnownFileType = sourcecode.swift; path = PlomeColor.swift; sourceTree = "<group>"; };
		CF3B9A9128F1E01A00457A44 /* UIFont+extension.swift */ = {isa = PBXFileReference; lastKnownFileType = sourcecode.swift; path = "UIFont+extension.swift"; sourceTree = "<group>"; };
		CF3B9A9328F1E04400457A44 /* UIColor+extension.swift */ = {isa = PBXFileReference; lastKnownFileType = sourcecode.swift; path = "UIColor+extension.swift"; sourceTree = "<group>"; };
		CF3B9A9528F1E5E700457A44 /* UIView+extension.swift */ = {isa = PBXFileReference; fileEncoding = 4; lastKnownFileType = sourcecode.swift; path = "UIView+extension.swift"; sourceTree = "<group>"; };
		CF3B9A9728F1E84100457A44 /* Configurable.swift */ = {isa = PBXFileReference; fileEncoding = 4; lastKnownFileType = sourcecode.swift; path = Configurable.swift; sourceTree = "<group>"; };
		CF3B9A9A28F3280900457A44 /* AppViewController.swift */ = {isa = PBXFileReference; lastKnownFileType = sourcecode.swift; path = AppViewController.swift; sourceTree = "<group>"; };
		CF59EAC928ECD6B30041B33B /* PlomeCoreKit.framework */ = {isa = PBXFileReference; explicitFileType = wrapper.framework; includeInIndex = 0; path = PlomeCoreKit.framework; sourceTree = BUILT_PRODUCTS_DIR; };
		CF59EACC28ECD6B30041B33B /* PlomeCoreKit.h */ = {isa = PBXFileReference; lastKnownFileType = sourcecode.c.h; path = PlomeCoreKit.h; sourceTree = "<group>"; };
		CF59EACD28ECD6B30041B33B /* PlomeCoreKit.docc */ = {isa = PBXFileReference; lastKnownFileType = folder.documentationcatalog; path = PlomeCoreKit.docc; sourceTree = "<group>"; };
		CF59EAD328ECD6B30041B33B /* PlomeCoreKitTests.xctest */ = {isa = PBXFileReference; explicitFileType = wrapper.cfbundle; includeInIndex = 0; path = PlomeCoreKitTests.xctest; sourceTree = BUILT_PRODUCTS_DIR; };
		CF59EAD828ECD6B30041B33B /* PlomeCoreKitTests.swift */ = {isa = PBXFileReference; lastKnownFileType = sourcecode.swift; path = PlomeCoreKitTests.swift; sourceTree = "<group>"; };
		CF59EAE328ECD6F10041B33B /* AppStyles.swift */ = {isa = PBXFileReference; fileEncoding = 4; lastKnownFileType = sourcecode.swift; path = AppStyles.swift; sourceTree = "<group>"; };
		CF59EAE928ECD6F10041B33B /* Icons.swift */ = {isa = PBXFileReference; fileEncoding = 4; lastKnownFileType = sourcecode.swift; path = Icons.swift; sourceTree = "<group>"; };
		CF59EAEA28ECD6F20041B33B /* PlomeFont.swift */ = {isa = PBXFileReference; fileEncoding = 4; lastKnownFileType = sourcecode.swift; path = PlomeFont.swift; sourceTree = "<group>"; };
		CF59EAEB28ECD6F20041B33B /* AppAppearance.swift */ = {isa = PBXFileReference; fileEncoding = 4; lastKnownFileType = sourcecode.swift; path = AppAppearance.swift; sourceTree = "<group>"; };
/* End PBXFileReference section */

/* Begin PBXFrameworksBuildPhase section */
		CF59EAC628ECD6B30041B33B /* Frameworks */ = {
			isa = PBXFrameworksBuildPhase;
			buildActionMask = 2147483647;
			files = (
			);
			runOnlyForDeploymentPostprocessing = 0;
		};
		CF59EAD028ECD6B30041B33B /* Frameworks */ = {
			isa = PBXFrameworksBuildPhase;
			buildActionMask = 2147483647;
			files = (
				CF59EAD428ECD6B30041B33B /* PlomeCoreKit.framework in Frameworks */,
			);
			runOnlyForDeploymentPostprocessing = 0;
		};
/* End PBXFrameworksBuildPhase section */

/* Begin PBXGroup section */
		CF208F1728F9459A001F83B1 /* CoreData */ = {
			isa = PBXGroup;
			children = (
				CF208F1828F945BB001F83B1 /* Plome.xcdatamodeld */,
				CF208F2428F94C3C001F83B1 /* StorageProvider.swift */,
				CF208F1B28F946CD001F83B1 /* Model */,
			);
			path = CoreData;
			sourceTree = "<group>";
		};
		CF208F1B28F946CD001F83B1 /* Model */ = {
			isa = PBXGroup;
			children = (
				CF208F1F28F94810001F83B1 /* CDExam.swift */,
				CF208F1E28F94810001F83B1 /* CDSimulation.swift */,
			);
			path = Model;
			sourceTree = "<group>";
		};
		CF3B9A7C28F1DCBA00457A44 /* Router */ = {
			isa = PBXGroup;
			children = (
				CF3B9A7D28F1DCBA00457A44 /* Transition */,
				CF3B9A8228F1DCBA00457A44 /* Router.swift */,
				CF3B9A8328F1DCBA00457A44 /* DefaultRouter.swift */,
			);
			path = Router;
			sourceTree = "<group>";
		};
		CF3B9A7D28F1DCBA00457A44 /* Transition */ = {
			isa = PBXGroup;
			children = (
				CF3B9A7E28F1DCBA00457A44 /* ModalTransition.swift */,
				CF3B9A7F28F1DCBA00457A44 /* Transition.swift */,
				CF3B9A8028F1DCBA00457A44 /* EmptyTransition.swift */,
				CF3B9A8128F1DCBA00457A44 /* PushTransition.swift */,
			);
			path = Transition;
			sourceTree = "<group>";
		};
		CF3B9A9028F1E00B00457A44 /* Extensions */ = {
			isa = PBXGroup;
			children = (
				CF3B9A9128F1E01A00457A44 /* UIFont+extension.swift */,
				CF3B9A9528F1E5E700457A44 /* UIView+extension.swift */,
				CF3B9A9328F1E04400457A44 /* UIColor+extension.swift */,
			);
			path = Extensions;
			sourceTree = "<group>";
		};
		CF3B9A9928F1EB0B00457A44 /* Style */ = {
			isa = PBXGroup;
			children = (
				CF3B9A9A28F3280900457A44 /* AppViewController.swift */,
				CF59EAEB28ECD6F20041B33B /* AppAppearance.swift */,
				CF59EAE328ECD6F10041B33B /* AppStyles.swift */,
				CF59EAE928ECD6F10041B33B /* Icons.swift */,
				CF59EAEA28ECD6F20041B33B /* PlomeFont.swift */,
				CF3B9A8E28F1DFCB00457A44 /* PlomeColor.swift */,
				CF208F2628F95318001F83B1 /* PrimaryCTA.swift */,
			);
			path = Style;
			sourceTree = "<group>";
		};
		CF59EABF28ECD6B30041B33B = {
			isa = PBXGroup;
			children = (
				CF59EACB28ECD6B30041B33B /* PlomeCoreKit */,
				CF59EAD728ECD6B30041B33B /* PlomeCoreKitTests */,
				CF59EACA28ECD6B30041B33B /* Products */,
			);
			sourceTree = "<group>";
		};
		CF59EACA28ECD6B30041B33B /* Products */ = {
			isa = PBXGroup;
			children = (
				CF59EAC928ECD6B30041B33B /* PlomeCoreKit.framework */,
				CF59EAD328ECD6B30041B33B /* PlomeCoreKitTests.xctest */,
			);
			name = Products;
			sourceTree = "<group>";
		};
		CF59EACB28ECD6B30041B33B /* PlomeCoreKit */ = {
			isa = PBXGroup;
			children = (
				CF208F3E28F95BA2001F83B1 /* Info.plist */,
				CF59EACC28ECD6B30041B33B /* PlomeCoreKit.h */,
				CF59EACD28ECD6B30041B33B /* PlomeCoreKit.docc */,
				CF3B9A9728F1E84100457A44 /* Configurable.swift */,
				CF208F1728F9459A001F83B1 /* CoreData */,
				CF3B9A9928F1EB0B00457A44 /* Style */,
				CF3B9A9028F1E00B00457A44 /* Extensions */,
				CF3B9A7C28F1DCBA00457A44 /* Router */,
			);
			path = PlomeCoreKit;
			sourceTree = "<group>";
		};
		CF59EAD728ECD6B30041B33B /* PlomeCoreKitTests */ = {
			isa = PBXGroup;
			children = (
				CF59EAD828ECD6B30041B33B /* PlomeCoreKitTests.swift */,
			);
			path = PlomeCoreKitTests;
			sourceTree = "<group>";
		};
/* End PBXGroup section */

/* Begin PBXHeadersBuildPhase section */
		CF59EAC428ECD6B30041B33B /* Headers */ = {
			isa = PBXHeadersBuildPhase;
			buildActionMask = 2147483647;
			files = (
				CF59EADA28ECD6B30041B33B /* PlomeCoreKit.h in Headers */,
			);
			runOnlyForDeploymentPostprocessing = 0;
		};
/* End PBXHeadersBuildPhase section */

/* Begin PBXNativeTarget section */
		CF59EAC828ECD6B30041B33B /* PlomeCoreKit */ = {
			isa = PBXNativeTarget;
			buildConfigurationList = CF59EADD28ECD6B30041B33B /* Build configuration list for PBXNativeTarget "PlomeCoreKit" */;
			buildPhases = (
				CF59EAC428ECD6B30041B33B /* Headers */,
				CF59EAC528ECD6B30041B33B /* Sources */,
				CF59EAC628ECD6B30041B33B /* Frameworks */,
				CF59EAC728ECD6B30041B33B /* Resources */,
			);
			buildRules = (
			);
			dependencies = (
			);
			name = PlomeCoreKit;
			productName = PlomeCoreKit;
			productReference = CF59EAC928ECD6B30041B33B /* PlomeCoreKit.framework */;
			productType = "com.apple.product-type.framework";
		};
		CF59EAD228ECD6B30041B33B /* PlomeCoreKitTests */ = {
			isa = PBXNativeTarget;
			buildConfigurationList = CF59EAE028ECD6B30041B33B /* Build configuration list for PBXNativeTarget "PlomeCoreKitTests" */;
			buildPhases = (
				CF59EACF28ECD6B30041B33B /* Sources */,
				CF59EAD028ECD6B30041B33B /* Frameworks */,
				CF59EAD128ECD6B30041B33B /* Resources */,
			);
			buildRules = (
			);
			dependencies = (
				CF59EAD628ECD6B30041B33B /* PBXTargetDependency */,
			);
			name = PlomeCoreKitTests;
			productName = PlomeCoreKitTests;
			productReference = CF59EAD328ECD6B30041B33B /* PlomeCoreKitTests.xctest */;
			productType = "com.apple.product-type.bundle.unit-test";
		};
/* End PBXNativeTarget section */

/* Begin PBXProject section */
		CF59EAC028ECD6B30041B33B /* Project object */ = {
			isa = PBXProject;
			attributes = {
				BuildIndependentTargetsInParallel = 1;
				LastSwiftUpdateCheck = 1400;
				LastUpgradeCheck = 1400;
				TargetAttributes = {
					CF59EAC828ECD6B30041B33B = {
						CreatedOnToolsVersion = 14.0.1;
					};
					CF59EAD228ECD6B30041B33B = {
						CreatedOnToolsVersion = 14.0.1;
					};
				};
			};
			buildConfigurationList = CF59EAC328ECD6B30041B33B /* Build configuration list for PBXProject "PlomeCoreKit" */;
			compatibilityVersion = "Xcode 14.0";
			developmentRegion = en;
			hasScannedForEncodings = 0;
			knownRegions = (
				en,
				Base,
			);
			mainGroup = CF59EABF28ECD6B30041B33B;
			productRefGroup = CF59EACA28ECD6B30041B33B /* Products */;
			projectDirPath = "";
			projectRoot = "";
			targets = (
				CF59EAC828ECD6B30041B33B /* PlomeCoreKit */,
				CF59EAD228ECD6B30041B33B /* PlomeCoreKitTests */,
			);
		};
/* End PBXProject section */

/* Begin PBXResourcesBuildPhase section */
		CF59EAC728ECD6B30041B33B /* Resources */ = {
			isa = PBXResourcesBuildPhase;
			buildActionMask = 2147483647;
			files = (
			);
			runOnlyForDeploymentPostprocessing = 0;
		};
		CF59EAD128ECD6B30041B33B /* Resources */ = {
			isa = PBXResourcesBuildPhase;
			buildActionMask = 2147483647;
			files = (
			);
			runOnlyForDeploymentPostprocessing = 0;
		};
/* End PBXResourcesBuildPhase section */

/* Begin PBXSourcesBuildPhase section */
		CF59EAC528ECD6B30041B33B /* Sources */ = {
			isa = PBXSourcesBuildPhase;
			buildActionMask = 2147483647;
			files = (
				CF3B9A9628F1E5E700457A44 /* UIView+extension.swift in Sources */,
				CF208F2328F94810001F83B1 /* CDExam.swift in Sources */,
				CF3B9A8528F1DCBA00457A44 /* Transition.swift in Sources */,
				CF3B9A8428F1DCBA00457A44 /* ModalTransition.swift in Sources */,
				CF208F2228F94810001F83B1 /* CDSimulation.swift in Sources */,
				CF3B9A8828F1DCBA00457A44 /* Router.swift in Sources */,
				CF3B9A9428F1E04400457A44 /* UIColor+extension.swift in Sources */,
				CF3B9A9228F1E01A00457A44 /* UIFont+extension.swift in Sources */,
				CF3B9A8F28F1DFCB00457A44 /* PlomeColor.swift in Sources */,
				CF3B9A8628F1DCBA00457A44 /* EmptyTransition.swift in Sources */,
				CF3B9A8928F1DCBA00457A44 /* DefaultRouter.swift in Sources */,
				CF208F1A28F945BB001F83B1 /* Plome.xcdatamodeld in Sources */,
				CF59EACE28ECD6B30041B33B /* PlomeCoreKit.docc in Sources */,
				CF208F2528F94C3C001F83B1 /* StorageProvider.swift in Sources */,
				CF3B9A9B28F3280900457A44 /* AppViewController.swift in Sources */,
				CF59EAEC28ECD6F20041B33B /* AppStyles.swift in Sources */,
				CF59EAF228ECD6F20041B33B /* PlomeFont.swift in Sources */,
				CF59EAF128ECD6F20041B33B /* Icons.swift in Sources */,
				CF3B9A8728F1DCBA00457A44 /* PushTransition.swift in Sources */,
				CF3B9A9828F1E84100457A44 /* Configurable.swift in Sources */,
				CF59EAF328ECD6F20041B33B /* AppAppearance.swift in Sources */,
				CF208F2728F95318001F83B1 /* PrimaryCTA.swift in Sources */,
			);
			runOnlyForDeploymentPostprocessing = 0;
		};
		CF59EACF28ECD6B30041B33B /* Sources */ = {
			isa = PBXSourcesBuildPhase;
			buildActionMask = 2147483647;
			files = (
				CF59EAD928ECD6B30041B33B /* PlomeCoreKitTests.swift in Sources */,
			);
			runOnlyForDeploymentPostprocessing = 0;
		};
/* End PBXSourcesBuildPhase section */

/* Begin PBXTargetDependency section */
		CF59EAD628ECD6B30041B33B /* PBXTargetDependency */ = {
			isa = PBXTargetDependency;
			target = CF59EAC828ECD6B30041B33B /* PlomeCoreKit */;
			targetProxy = CF59EAD528ECD6B30041B33B /* PBXContainerItemProxy */;
		};
/* End PBXTargetDependency section */

/* Begin XCBuildConfiguration section */
		CF59EADB28ECD6B30041B33B /* Debug */ = {
			isa = XCBuildConfiguration;
			buildSettings = {
				ALWAYS_SEARCH_USER_PATHS = NO;
				CLANG_ANALYZER_NONNULL = YES;
				CLANG_ANALYZER_NUMBER_OBJECT_CONVERSION = YES_AGGRESSIVE;
				CLANG_CXX_LANGUAGE_STANDARD = "gnu++20";
				CLANG_ENABLE_MODULES = YES;
				CLANG_ENABLE_OBJC_ARC = YES;
				CLANG_ENABLE_OBJC_WEAK = YES;
				CLANG_WARN_BLOCK_CAPTURE_AUTORELEASING = YES;
				CLANG_WARN_BOOL_CONVERSION = YES;
				CLANG_WARN_COMMA = YES;
				CLANG_WARN_CONSTANT_CONVERSION = YES;
				CLANG_WARN_DEPRECATED_OBJC_IMPLEMENTATIONS = YES;
				CLANG_WARN_DIRECT_OBJC_ISA_USAGE = YES_ERROR;
				CLANG_WARN_DOCUMENTATION_COMMENTS = YES;
				CLANG_WARN_EMPTY_BODY = YES;
				CLANG_WARN_ENUM_CONVERSION = YES;
				CLANG_WARN_INFINITE_RECURSION = YES;
				CLANG_WARN_INT_CONVERSION = YES;
				CLANG_WARN_NON_LITERAL_NULL_CONVERSION = YES;
				CLANG_WARN_OBJC_IMPLICIT_RETAIN_SELF = YES;
				CLANG_WARN_OBJC_LITERAL_CONVERSION = YES;
				CLANG_WARN_OBJC_ROOT_CLASS = YES_ERROR;
				CLANG_WARN_QUOTED_INCLUDE_IN_FRAMEWORK_HEADER = YES;
				CLANG_WARN_RANGE_LOOP_ANALYSIS = YES;
				CLANG_WARN_STRICT_PROTOTYPES = YES;
				CLANG_WARN_SUSPICIOUS_MOVE = YES;
				CLANG_WARN_UNGUARDED_AVAILABILITY = YES_AGGRESSIVE;
				CLANG_WARN_UNREACHABLE_CODE = YES;
				CLANG_WARN__DUPLICATE_METHOD_MATCH = YES;
				COPY_PHASE_STRIP = NO;
				CURRENT_PROJECT_VERSION = 1;
				DEBUG_INFORMATION_FORMAT = dwarf;
				ENABLE_STRICT_OBJC_MSGSEND = YES;
				ENABLE_TESTABILITY = YES;
				GCC_C_LANGUAGE_STANDARD = gnu11;
				GCC_DYNAMIC_NO_PIC = NO;
				GCC_NO_COMMON_BLOCKS = YES;
				GCC_OPTIMIZATION_LEVEL = 0;
				GCC_PREPROCESSOR_DEFINITIONS = (
					"DEBUG=1",
					"$(inherited)",
				);
				GCC_WARN_64_TO_32_BIT_CONVERSION = YES;
				GCC_WARN_ABOUT_RETURN_TYPE = YES_ERROR;
				GCC_WARN_UNDECLARED_SELECTOR = YES;
				GCC_WARN_UNINITIALIZED_AUTOS = YES_AGGRESSIVE;
				GCC_WARN_UNUSED_FUNCTION = YES;
				GCC_WARN_UNUSED_VARIABLE = YES;
				IPHONEOS_DEPLOYMENT_TARGET = 15.0;
				MTL_ENABLE_DEBUG_INFO = INCLUDE_SOURCE;
				MTL_FAST_MATH = YES;
				ONLY_ACTIVE_ARCH = YES;
				SDKROOT = iphoneos;
				SWIFT_ACTIVE_COMPILATION_CONDITIONS = DEBUG;
				SWIFT_OPTIMIZATION_LEVEL = "-Onone";
				VERSIONING_SYSTEM = "apple-generic";
				VERSION_INFO_PREFIX = "";
			};
			name = Debug;
		};
		CF59EADC28ECD6B30041B33B /* Release */ = {
			isa = XCBuildConfiguration;
			buildSettings = {
				ALWAYS_SEARCH_USER_PATHS = NO;
				CLANG_ANALYZER_NONNULL = YES;
				CLANG_ANALYZER_NUMBER_OBJECT_CONVERSION = YES_AGGRESSIVE;
				CLANG_CXX_LANGUAGE_STANDARD = "gnu++20";
				CLANG_ENABLE_MODULES = YES;
				CLANG_ENABLE_OBJC_ARC = YES;
				CLANG_ENABLE_OBJC_WEAK = YES;
				CLANG_WARN_BLOCK_CAPTURE_AUTORELEASING = YES;
				CLANG_WARN_BOOL_CONVERSION = YES;
				CLANG_WARN_COMMA = YES;
				CLANG_WARN_CONSTANT_CONVERSION = YES;
				CLANG_WARN_DEPRECATED_OBJC_IMPLEMENTATIONS = YES;
				CLANG_WARN_DIRECT_OBJC_ISA_USAGE = YES_ERROR;
				CLANG_WARN_DOCUMENTATION_COMMENTS = YES;
				CLANG_WARN_EMPTY_BODY = YES;
				CLANG_WARN_ENUM_CONVERSION = YES;
				CLANG_WARN_INFINITE_RECURSION = YES;
				CLANG_WARN_INT_CONVERSION = YES;
				CLANG_WARN_NON_LITERAL_NULL_CONVERSION = YES;
				CLANG_WARN_OBJC_IMPLICIT_RETAIN_SELF = YES;
				CLANG_WARN_OBJC_LITERAL_CONVERSION = YES;
				CLANG_WARN_OBJC_ROOT_CLASS = YES_ERROR;
				CLANG_WARN_QUOTED_INCLUDE_IN_FRAMEWORK_HEADER = YES;
				CLANG_WARN_RANGE_LOOP_ANALYSIS = YES;
				CLANG_WARN_STRICT_PROTOTYPES = YES;
				CLANG_WARN_SUSPICIOUS_MOVE = YES;
				CLANG_WARN_UNGUARDED_AVAILABILITY = YES_AGGRESSIVE;
				CLANG_WARN_UNREACHABLE_CODE = YES;
				CLANG_WARN__DUPLICATE_METHOD_MATCH = YES;
				COPY_PHASE_STRIP = NO;
				CURRENT_PROJECT_VERSION = 1;
				DEBUG_INFORMATION_FORMAT = "dwarf-with-dsym";
				ENABLE_NS_ASSERTIONS = NO;
				ENABLE_STRICT_OBJC_MSGSEND = YES;
				GCC_C_LANGUAGE_STANDARD = gnu11;
				GCC_NO_COMMON_BLOCKS = YES;
				GCC_WARN_64_TO_32_BIT_CONVERSION = YES;
				GCC_WARN_ABOUT_RETURN_TYPE = YES_ERROR;
				GCC_WARN_UNDECLARED_SELECTOR = YES;
				GCC_WARN_UNINITIALIZED_AUTOS = YES_AGGRESSIVE;
				GCC_WARN_UNUSED_FUNCTION = YES;
				GCC_WARN_UNUSED_VARIABLE = YES;
				IPHONEOS_DEPLOYMENT_TARGET = 15.0;
				MTL_ENABLE_DEBUG_INFO = NO;
				MTL_FAST_MATH = YES;
				SDKROOT = iphoneos;
				SWIFT_COMPILATION_MODE = wholemodule;
				SWIFT_OPTIMIZATION_LEVEL = "-O";
				VALIDATE_PRODUCT = YES;
				VERSIONING_SYSTEM = "apple-generic";
				VERSION_INFO_PREFIX = "";
			};
			name = Release;
		};
		CF59EADE28ECD6B30041B33B /* Debug */ = {
			isa = XCBuildConfiguration;
			buildSettings = {
				CODE_SIGN_STYLE = Automatic;
				CURRENT_PROJECT_VERSION = 1;
				DEFINES_MODULE = YES;
				DEVELOPMENT_TEAM = 6L49G5QS6U;
				DYLIB_COMPATIBILITY_VERSION = 1;
				DYLIB_CURRENT_VERSION = 1;
				DYLIB_INSTALL_NAME_BASE = "@rpath";
				GENERATE_INFOPLIST_FILE = YES;
				INFOPLIST_FILE = PlomeCoreKit/Info.plist;
				INFOPLIST_KEY_NSHumanReadableCopyright = "";
				INSTALL_PATH = "$(LOCAL_LIBRARY_DIR)/Frameworks";
				IPHONEOS_DEPLOYMENT_TARGET = 15.0;
				LD_RUNPATH_SEARCH_PATHS = (
					"$(inherited)",
					"@executable_path/Frameworks",
					"@loader_path/Frameworks",
				);
				MARKETING_VERSION = 1.0;
				PRODUCT_BUNDLE_IDENTIFIER = com.Boublo.PlomeCoreKit;
				PRODUCT_NAME = "$(TARGET_NAME:c99extidentifier)";
				SKIP_INSTALL = YES;
				SWIFT_EMIT_LOC_STRINGS = YES;
				SWIFT_VERSION = 5.0;
				TARGETED_DEVICE_FAMILY = "1,2";
			};
			name = Debug;
		};
		CF59EADF28ECD6B30041B33B /* Release */ = {
			isa = XCBuildConfiguration;
			buildSettings = {
				CODE_SIGN_STYLE = Automatic;
				CURRENT_PROJECT_VERSION = 1;
				DEFINES_MODULE = YES;
				DEVELOPMENT_TEAM = 6L49G5QS6U;
				DYLIB_COMPATIBILITY_VERSION = 1;
				DYLIB_CURRENT_VERSION = 1;
				DYLIB_INSTALL_NAME_BASE = "@rpath";
				GENERATE_INFOPLIST_FILE = YES;
				INFOPLIST_FILE = PlomeCoreKit/Info.plist;
				INFOPLIST_KEY_NSHumanReadableCopyright = "";
				INSTALL_PATH = "$(LOCAL_LIBRARY_DIR)/Frameworks";
				IPHONEOS_DEPLOYMENT_TARGET = 15.0;
				LD_RUNPATH_SEARCH_PATHS = (
					"$(inherited)",
					"@executable_path/Frameworks",
					"@loader_path/Frameworks",
				);
				MARKETING_VERSION = 1.0;
				PRODUCT_BUNDLE_IDENTIFIER = com.Boublo.PlomeCoreKit;
				PRODUCT_NAME = "$(TARGET_NAME:c99extidentifier)";
				SKIP_INSTALL = YES;
				SWIFT_EMIT_LOC_STRINGS = YES;
				SWIFT_VERSION = 5.0;
				TARGETED_DEVICE_FAMILY = "1,2";
			};
			name = Release;
		};
		CF59EAE128ECD6B30041B33B /* Debug */ = {
			isa = XCBuildConfiguration;
			buildSettings = {
				ALWAYS_EMBED_SWIFT_STANDARD_LIBRARIES = YES;
				CODE_SIGN_STYLE = Automatic;
				CURRENT_PROJECT_VERSION = 1;
				DEVELOPMENT_TEAM = 6L49G5QS6U;
				GENERATE_INFOPLIST_FILE = YES;
				MARKETING_VERSION = 1.0;
				PRODUCT_BUNDLE_IDENTIFIER = com.Boublo.PlomeCoreKitTests;
				PRODUCT_NAME = "$(TARGET_NAME)";
				SWIFT_EMIT_LOC_STRINGS = NO;
				SWIFT_VERSION = 5.0;
				TARGETED_DEVICE_FAMILY = "1,2";
			};
			name = Debug;
		};
		CF59EAE228ECD6B30041B33B /* Release */ = {
			isa = XCBuildConfiguration;
			buildSettings = {
				ALWAYS_EMBED_SWIFT_STANDARD_LIBRARIES = YES;
				CODE_SIGN_STYLE = Automatic;
				CURRENT_PROJECT_VERSION = 1;
				DEVELOPMENT_TEAM = 6L49G5QS6U;
				GENERATE_INFOPLIST_FILE = YES;
				MARKETING_VERSION = 1.0;
				PRODUCT_BUNDLE_IDENTIFIER = com.Boublo.PlomeCoreKitTests;
				PRODUCT_NAME = "$(TARGET_NAME)";
				SWIFT_EMIT_LOC_STRINGS = NO;
				SWIFT_VERSION = 5.0;
				TARGETED_DEVICE_FAMILY = "1,2";
			};
			name = Release;
		};
/* End XCBuildConfiguration section */

/* Begin XCConfigurationList section */
		CF59EAC328ECD6B30041B33B /* Build configuration list for PBXProject "PlomeCoreKit" */ = {
			isa = XCConfigurationList;
			buildConfigurations = (
				CF59EADB28ECD6B30041B33B /* Debug */,
				CF59EADC28ECD6B30041B33B /* Release */,
			);
			defaultConfigurationIsVisible = 0;
			defaultConfigurationName = Release;
		};
		CF59EADD28ECD6B30041B33B /* Build configuration list for PBXNativeTarget "PlomeCoreKit" */ = {
			isa = XCConfigurationList;
			buildConfigurations = (
				CF59EADE28ECD6B30041B33B /* Debug */,
				CF59EADF28ECD6B30041B33B /* Release */,
			);
			defaultConfigurationIsVisible = 0;
			defaultConfigurationName = Release;
		};
		CF59EAE028ECD6B30041B33B /* Build configuration list for PBXNativeTarget "PlomeCoreKitTests" */ = {
			isa = XCConfigurationList;
			buildConfigurations = (
				CF59EAE128ECD6B30041B33B /* Debug */,
				CF59EAE228ECD6B30041B33B /* Release */,
			);
			defaultConfigurationIsVisible = 0;
			defaultConfigurationName = Release;
		};
/* End XCConfigurationList section */

/* Begin XCVersionGroup section */
		CF208F1828F945BB001F83B1 /* Plome.xcdatamodeld */ = {
			isa = XCVersionGroup;
			children = (
				CF208F1928F945BB001F83B1 /* Plome.xcdatamodel */,
			);
			currentVersion = CF208F1928F945BB001F83B1 /* Plome.xcdatamodel */;
			path = Plome.xcdatamodeld;
			sourceTree = "<group>";
			versionGroupType = wrapper.xcdatamodel;
		};
/* End XCVersionGroup section */
	};
	rootObject = CF59EAC028ECD6B30041B33B /* Project object */;
}
